PODS:
  - AFNetworking (2.6.1):
    - AFNetworking/NSURLConnection (= 2.6.1)
    - AFNetworking/NSURLSession (= 2.6.1)
    - AFNetworking/Reachability (= 2.6.1)
    - AFNetworking/Security (= 2.6.1)
    - AFNetworking/Serialization (= 2.6.1)
    - AFNetworking/UIKit (= 2.6.1)
  - AFNetworking/NSURLConnection (2.6.1):
    - AFNetworking/Reachability
    - AFNetworking/Security
    - AFNetworking/Serialization
  - AFNetworking/NSURLSession (2.6.1):
    - AFNetworking/Reachability
    - AFNetworking/Security
    - AFNetworking/Serialization
  - AFNetworking/Reachability (2.6.1)
  - AFNetworking/Security (2.6.1)
  - AFNetworking/Serialization (2.6.1)
  - AFNetworking/UIKit (2.6.1):
    - AFNetworking/NSURLConnection
    - AFNetworking/NSURLSession
  - Alamofire (3.1.0)
  - DPMeterView (1.0.1)
  - JVFloatLabeledTextField (1.1.0)
  - MBProgressHUD (0.9.1)
  - NMSSH (2.2.4)
  - PocketSVG (0.5)
  - pop (1.0.8)
  - RQShineLabel (0.1.3)
  - Shimmer (1.0.2)
  - SwiftyJSON (2.3.1)
  - Tweaks (2.0.0)

DEPENDENCIES:
  - AFNetworking
  - Alamofire (from `https://github.com/Alamofire/Alamofire.git`)
  - DPMeterView
  - JVFloatLabeledTextField
  - MBProgressHUD
  - NMSSH
  - PocketSVG (from `https://github.com/arielelkin/PocketSVG`)
  - pop (from `https://github.com/facebook/pop.git`)
  - RQShineLabel
  - Shimmer
  - SwiftyJSON (from `https://github.com/SwiftyJSON/SwiftyJSON.git`)
  - Tweaks

EXTERNAL SOURCES:
  Alamofire:
    :git: https://github.com/Alamofire/Alamofire.git
  PocketSVG:
    :git: https://github.com/arielelkin/PocketSVG
  pop:
    :git: https://github.com/facebook/pop.git
  SwiftyJSON:
    :git: https://github.com/SwiftyJSON/SwiftyJSON.git

CHECKOUT OPTIONS:
  Alamofire:
    :commit: a8f27df4b1a6524142d459401919face6d1d4fb4
    :git: https://github.com/Alamofire/Alamofire.git
  PocketSVG:
    :commit: 4d2a1e891f53136866acbd82832bea9f1b266f68
    :git: https://github.com/arielelkin/PocketSVG
  pop:
    :commit: 26a268505fd68e0fb537e22628be49ed898acd41
    :git: https://github.com/facebook/pop.git
  SwiftyJSON:
    :commit: 646f7e8813e6627bd9b09c77d5e775b67988de72
    :git: https://github.com/SwiftyJSON/SwiftyJSON.git

SPEC CHECKSUMS:
  AFNetworking: 8e4e60500beb8bec644cf575beee72990a76d399
  Alamofire: 415bd7f56197722978759078486689f7ef913dce
  DPMeterView: f6a917eaec2b2ef7844cb43f2ce2c6ac4b4abc85
  JVFloatLabeledTextField: ea4a3d8387ddd43724c472bb2b8ab39b79af05d4
  MBProgressHUD: c47f2c166c126cf2ce36498d80f33e754d4e93ad
  NMSSH: f0ac02333179d07cf99439801e56cf300342abd8
  PocketSVG: d988f058b02289a58777ea2a4f10a32c9396c9e8
  pop: ce367ec8f3b48b47ea8958e31ed2f9c6c7df7f92
  RQShineLabel: ae66343d6c779a8efdf61241734ddcec5d79d351
  Shimmer: c5374be1c2b0c9e292fb05b339a513cf291cac86
  SwiftyJSON: 592b53bee5ef3dd9b3bebc6b9cb7ee35426ae8c3
  Tweaks: 524fa47636cce3bf3a4d9156e980f10ae9480e81

COCOAPODS: 0.39.0
