PODS:
  - AFNetworking (2.2.4):
    - AFNetworking/NSURLConnection
    - AFNetworking/NSURLSession
    - AFNetworking/Reachability
    - AFNetworking/Security
    - AFNetworking/Serialization
    - AFNetworking/UIKit
  - AFNetworking/NSURLConnection (2.2.4):
    - AFNetworking/Reachability
    - AFNetworking/Security
    - AFNetworking/Serialization
  - AFNetworking/NSURLSession (2.2.4):
    - AFNetworking/NSURLConnection
  - AFNetworking/Reachability (2.2.4)
  - AFNetworking/Security (2.2.4)
  - AFNetworking/Serialization (2.2.4)
  - AFNetworking/UIKit (2.2.4):
    - AFNetworking/NSURLConnection
    - AFNetworking/NSURLSession
  - DPMeterView (0.0.1)
  - JVFloatLabeledTextField (0.0.8)
  - MBProgressHUD (0.8)
  - NMSSH (2.1.0)
  - PocketSVG (0.5)
  - pop (1.0.4)
  - RQShineLabel (0.1.0)
  - Shimmer (1.0.1)
  - Tweaks (1.1.0)

DEPENDENCIES:
  - AFNetworking
  - DPMeterView
  - JVFloatLabeledTextField (from `https://github.com/jverdi/JVFloatLabeledTextField`)
  - MBProgressHUD
  - NMSSH
  - PocketSVG (from `https://github.com/arielelkin/PocketSVG`)
  - pop
  - RQShineLabel
  - Shimmer
  - Tweaks

EXTERNAL SOURCES:
  JVFloatLabeledTextField:
    :git: https://github.com/jverdi/JVFloatLabeledTextField
  PocketSVG:
    :git: https://github.com/arielelkin/PocketSVG

SPEC CHECKSUMS:
  AFNetworking: 01aa7c3aa9a200b94943e54072a4373f14b3d219
  DPMeterView: 0cfa41936a00d60938cdfd8a298ce399bc1bbd53
  JVFloatLabeledTextField: 53177a74ff6f3f0dddd165cf6cab01d1e4433a9b
  MBProgressHUD: 2bbc6f470111daf7f3eaa4eb12b8cbf01c4c0622
  NMSSH: ff9b46292e94df1bca588eadb164c917bff8c7d5
  PocketSVG: d9e6b6951adf25d3c1011e87296a89b5f5c99a29
  pop: 63a4f5e8942077fed2efe195036ecc572c71c48c
  RQShineLabel: e9420786d0ab107fd74aafc257037d6da06b5ab3
  Shimmer: a1b92685f04ae7363e655f636a41a276dbb1507e
  Tweaks: 9337b5c9466d828bd6d69af3ccc124097472efad

COCOAPODS: 0.32.1
