// !$*UTF8*$!
{
	archiveVersion = 1;
	classes = {
	};
	objectVersion = 46;
	objects = {

/* Begin PBXBuildFile section */
		0B9A26371891D5E30032DA03 /* Foundation.framework in Frameworks */ = {isa = PBXBuildFile; fileRef = 0B9A26361891D5E30032DA03 /* Foundation.framework */; };
		0B9A26391891D5E30032DA03 /* CoreGraphics.framework in Frameworks */ = {isa = PBXBuildFile; fileRef = 0B9A26381891D5E30032DA03 /* CoreGraphics.framework */; };
		0B9A263B1891D5E30032DA03 /* UIKit.framework in Frameworks */ = {isa = PBXBuildFile; fileRef = 0B9A263A1891D5E30032DA03 /* UIKit.framework */; };
		0B9A26411891D5E30032DA03 /* InfoPlist.strings in Resources */ = {isa = PBXBuildFile; fileRef = 0B9A263F1891D5E30032DA03 /* InfoPlist.strings */; };
		883B80EE1CACB2F400810C52 /* Settings.storyboard in Resources */ = {isa = PBXBuildFile; fileRef = 883B80ED1CACB2F400810C52 /* Settings.storyboard */; };
		883B80F01CACC2FB00810C52 /* Social.swift in Sources */ = {isa = PBXBuildFile; fileRef = 883B80EF1CACC2FB00810C52 /* Social.swift */; };
		883B80F21CACC73900810C52 /* AutomaticDimensionTableViewController.swift in Sources */ = {isa = PBXBuildFile; fileRef = 883B80F11CACC73900810C52 /* AutomaticDimensionTableViewController.swift */; };
		883B80F81CACCEBB00810C52 /* UIApplication+Version.swift in Sources */ = {isa = PBXBuildFile; fileRef = 883B80F71CACCEBB00810C52 /* UIApplication+Version.swift */; };
		886209D01CACD183009180AD /* PhotoBackgroundTableViewController.swift in Sources */ = {isa = PBXBuildFile; fileRef = 886209CF1CACD183009180AD /* PhotoBackgroundTableViewController.swift */; };
		886209D21CAD6DBC009180AD /* Preferences.swift in Sources */ = {isa = PBXBuildFile; fileRef = 886209D11CAD6DBC009180AD /* Preferences.swift */; };
		886209D41CAD8669009180AD /* UIImageView+Tinting.swift in Sources */ = {isa = PBXBuildFile; fileRef = 886209D31CAD8669009180AD /* UIImageView+Tinting.swift */; };
		886C2D461C215D580026E0CE /* Backgrounds.xcassets in Resources */ = {isa = PBXBuildFile; fileRef = 886C2D451C215D580026E0CE /* Backgrounds.xcassets */; };
		888E7FB01CB7632D00EC75A6 /* HTMLSanitization.swift in Sources */ = {isa = PBXBuildFile; fileRef = 888E7FAF1CB7632D00EC75A6 /* HTMLSanitization.swift */; };
		88F088651CA607B2008BFB65 /* NSAttributedString+Trim.swift in Sources */ = {isa = PBXBuildFile; fileRef = 88F088641CA607B2008BFB65 /* NSAttributedString+Trim.swift */; };
		C29ED2FBA03A831C89081BF5 /* Pods_UTCSTests.framework in Frameworks */ = {isa = PBXBuildFile; fileRef = 166C85C1C08FC0DC7595964E /* Pods_UTCSTests.framework */; };
		C9ADAF011CB6CB160099D68B /* UITableViewCell+Helpers.swift in Sources */ = {isa = PBXBuildFile; fileRef = C9ADAF001CB6CB160099D68B /* UITableViewCell+Helpers.swift */; };
		D40654691CAF1681002D98A3 /* AuthenticationTests.swift in Sources */ = {isa = PBXBuildFile; fileRef = D40654681CAF1681002D98A3 /* AuthenticationTests.swift */; };
		D406546B1CAF16AC002D98A3 /* ParseTests.swift in Sources */ = {isa = PBXBuildFile; fileRef = D406546A1CAF16AC002D98A3 /* ParseTests.swift */; };
		D406546D1CAF1ACA002D98A3 /* directory.json in Resources */ = {isa = PBXBuildFile; fileRef = D406546C1CAF1ACA002D98A3 /* directory.json */; };
		D406546E1CAF1B4E002D98A3 /* labs-layout.json in Resources */ = {isa = PBXBuildFile; fileRef = D40654601CAF15E8002D98A3 /* labs-layout.json */; };
		D406546F1CAF1B4E002D98A3 /* labs.json in Resources */ = {isa = PBXBuildFile; fileRef = D40654611CAF15E8002D98A3 /* labs.json */; };
		D40654701CAF1B4E002D98A3 /* news.json in Resources */ = {isa = PBXBuildFile; fileRef = D40654621CAF15E8002D98A3 /* news.json */; };
		D40654711CAF1B4E002D98A3 /* quota.json in Resources */ = {isa = PBXBuildFile; fileRef = D40654631CAF15E8002D98A3 /* quota.json */; };
		D40654721CAF1B4E002D98A3 /* events.json in Resources */ = {isa = PBXBuildFile; fileRef = D406545E1CAF1598002D98A3 /* events.json */; };
		D40654731CB03C4C002D98A3 /* LabMachine.swift in Sources */ = {isa = PBXBuildFile; fileRef = DD83B58D18F3631A00EBDE06 /* LabMachine.swift */; };
		D40654761CB04C5A002D98A3 /* CoderTests.swift in Sources */ = {isa = PBXBuildFile; fileRef = D40654741CB04C55002D98A3 /* CoderTests.swift */; };
		D406547A1CB06CDE002D98A3 /* Service.swift in Sources */ = {isa = PBXBuildFile; fileRef = D40654791CB06CDE002D98A3 /* Service.swift */; };
		D40654F71CB07840002D98A3 /* directory.json in Resources */ = {isa = PBXBuildFile; fileRef = D406546C1CAF1ACA002D98A3 /* directory.json */; };
		D40654F81CB07840002D98A3 /* labs-layout.json in Resources */ = {isa = PBXBuildFile; fileRef = D40654601CAF15E8002D98A3 /* labs-layout.json */; };
		D40654F91CB07840002D98A3 /* labs.json in Resources */ = {isa = PBXBuildFile; fileRef = D40654611CAF15E8002D98A3 /* labs.json */; };
		D40654FA1CB07840002D98A3 /* news.json in Resources */ = {isa = PBXBuildFile; fileRef = D40654621CAF15E8002D98A3 /* news.json */; };
		D40654FB1CB07840002D98A3 /* quota.json in Resources */ = {isa = PBXBuildFile; fileRef = D40654631CAF15E8002D98A3 /* quota.json */; };
		D40654FC1CB07840002D98A3 /* events.json in Resources */ = {isa = PBXBuildFile; fileRef = D406545E1CAF1598002D98A3 /* events.json */; };
		D409244A1C3CD0EB00A81EBA /* RequestAuthentication.swift in Sources */ = {isa = PBXBuildFile; fileRef = D40924491C3CD0EB00A81EBA /* RequestAuthentication.swift */; };
		D409244D1C3CD93E00A81EBA /* Constants.swift in Sources */ = {isa = PBXBuildFile; fileRef = D409244C1C3CD93E00A81EBA /* Constants.swift */; };
		D40C697A1B7D3572005E3719 /* DiskQuotaDataSource.swift in Sources */ = {isa = PBXBuildFile; fileRef = D40C69791B7D3572005E3719 /* DiskQuotaDataSource.swift */; };
		D40C697C1B7D363B005E3719 /* QuotaData.swift in Sources */ = {isa = PBXBuildFile; fileRef = D40C697B1B7D363B005E3719 /* QuotaData.swift */; };
		D40F95441C477A75003232A0 /* DirectoryTableViewCell.swift in Sources */ = {isa = PBXBuildFile; fileRef = D40F95431C477A75003232A0 /* DirectoryTableViewCell.swift */; };
		D41A79211B5B38190049C683 /* NewsTableViewCell.xib in Resources */ = {isa = PBXBuildFile; fileRef = D41A79201B5B38190049C683 /* NewsTableViewCell.xib */; };
		D42485891C40988E0031734D /* ArticleView.xib in Resources */ = {isa = PBXBuildFile; fileRef = D42485881C40988E0031734D /* ArticleView.xib */; };
		D4280C171B2E0E780090F8C6 /* ActiveHeaderView.swift in Sources */ = {isa = PBXBuildFile; fileRef = D4280C161B2E0E780090F8C6 /* ActiveHeaderView.swift */; };
		D4280C191B2E11130090F8C6 /* ActiveHeaderView.xib in Resources */ = {isa = PBXBuildFile; fileRef = D4280C181B2E11130090F8C6 /* ActiveHeaderView.xib */; };
		D4280C1E1B2E29530090F8C6 /* ClearTableViewCell.swift in Sources */ = {isa = PBXBuildFile; fileRef = D4280C1D1B2E29530090F8C6 /* ClearTableViewCell.swift */; };
		D4280C211B2E38D50090F8C6 /* AppDelegate.swift in Sources */ = {isa = PBXBuildFile; fileRef = D4280C1A1B2E1CC80090F8C6 /* AppDelegate.swift */; };
		D42D4DC81B704C9B00D4FD6D /* DataRequest.swift in Sources */ = {isa = PBXBuildFile; fileRef = D42D4DC71B704C9B00D4FD6D /* DataRequest.swift */; };
		D43377FA1B4CBB1D00942581 /* TableViewController.swift in Sources */ = {isa = PBXBuildFile; fileRef = D43377F91B4CBB1D00942581 /* TableViewController.swift */; };
		D43950281C45942D007AA192 /* UIColor+UTCSColors.swift in Sources */ = {isa = PBXBuildFile; fileRef = D43950271C45942D007AA192 /* UIColor+UTCSColors.swift */; };
		D43950291C45947E007AA192 /* LabsViewController.swift in Sources */ = {isa = PBXBuildFile; fileRef = D46C7C4C1B4F4F2E009F1EA1 /* LabsViewController.swift */; };
		D43C8B0C1B7919680049C4D6 /* LabsDataSource.swift in Sources */ = {isa = PBXBuildFile; fileRef = D43C8B0B1B7919680049C4D6 /* LabsDataSource.swift */; };
		D43C8B0E1B79197C0049C4D6 /* EventsDataSource.swift in Sources */ = {isa = PBXBuildFile; fileRef = D43C8B0D1B79197C0049C4D6 /* EventsDataSource.swift */; };
		D43E864A1B36874800F6EA70 /* DiskQuotaDataSourceParser.swift in Sources */ = {isa = PBXBuildFile; fileRef = D43E86481B36869900F6EA70 /* DiskQuotaDataSourceParser.swift */; };
		D43E864C1B37142700F6EA70 /* NavigationController.swift in Sources */ = {isa = PBXBuildFile; fileRef = D43E864B1B37142700F6EA70 /* NavigationController.swift */; };
		D44F34881B57DC9800D84D0B /* AboutViewController.swift in Sources */ = {isa = PBXBuildFile; fileRef = D44F34871B57DC9800D84D0B /* AboutViewController.swift */; };
		D45FE5351B508F47000F2D59 /* EventsViewController.swift in Sources */ = {isa = PBXBuildFile; fileRef = D45FE5341B508F47000F2D59 /* EventsViewController.swift */; };
		D463C86C1B338E1C00E6A767 /* ServiceErrorView.swift in Sources */ = {isa = PBXBuildFile; fileRef = D463C86B1B338E1C00E6A767 /* ServiceErrorView.swift */; };
		D463C86E1B338E5E00E6A767 /* ServiceErrorView.xib in Resources */ = {isa = PBXBuildFile; fileRef = D463C86D1B338E5E00E6A767 /* ServiceErrorView.xib */; };
		D46439041B7C5CEA007BA5D0 /* DataSourceParser.swift in Sources */ = {isa = PBXBuildFile; fileRef = D46439031B7C5CEA007BA5D0 /* DataSourceParser.swift */; };
		D46439061B7C627D007BA5D0 /* EventsDataSourceParser.swift in Sources */ = {isa = PBXBuildFile; fileRef = D46439051B7C627D007BA5D0 /* EventsDataSourceParser.swift */; };
		D46439081B7C63EC007BA5D0 /* NewsDataSourceParser.swift in Sources */ = {isa = PBXBuildFile; fileRef = D46439071B7C63EC007BA5D0 /* NewsDataSourceParser.swift */; };
		D464390A1B7C6451007BA5D0 /* LabsDataSourceParser.swift in Sources */ = {isa = PBXBuildFile; fileRef = D46439091B7C6451007BA5D0 /* LabsDataSourceParser.swift */; };
		D46B22BC1B2F9F8600C90116 /* Launch Screen.storyboard in Resources */ = {isa = PBXBuildFile; fileRef = D46B22BB1B2F9F8600C90116 /* Launch Screen.storyboard */; };
		D46C7C491B4DFD14009F1EA1 /* HeaderTableViewController.swift in Sources */ = {isa = PBXBuildFile; fileRef = D46C7C481B4DFD14009F1EA1 /* HeaderTableViewController.swift */; };
		D46C7C4B1B4F454F009F1EA1 /* NewsViewController.swift in Sources */ = {isa = PBXBuildFile; fileRef = D46C7C4A1B4F454F009F1EA1 /* NewsViewController.swift */; };
		D482C1AB1B3CDE8E00645C23 /* NewsArticleViewController.swift in Sources */ = {isa = PBXBuildFile; fileRef = D482C1AA1B3CDE8E00645C23 /* NewsArticleViewController.swift */; };
		D4A89CF71B812AFA00B9D7A5 /* UIBarButton+UTCSButton.swift in Sources */ = {isa = PBXBuildFile; fileRef = D4A89CF51B811F9900B9D7A5 /* UIBarButton+UTCSButton.swift */; };
		D4A89CF91B818B3600B9D7A5 /* NewsArticle.swift in Sources */ = {isa = PBXBuildFile; fileRef = D4A89CF81B818B3600B9D7A5 /* NewsArticle.swift */; };
		D4A89CFD1B82F76900B9D7A5 /* ServiceDataSource.swift in Sources */ = {isa = PBXBuildFile; fileRef = D4A89CFC1B82F76900B9D7A5 /* ServiceDataSource.swift */; };
		D4BA71CB1B42107A007C09F6 /* MenuViewController.swift in Sources */ = {isa = PBXBuildFile; fileRef = D4BA71CA1B42107A007C09F6 /* MenuViewController.swift */; };
		D4BA71CE1B421819007C09F6 /* ContentViewController.swift in Sources */ = {isa = PBXBuildFile; fileRef = D4BA71CD1B421819007C09F6 /* ContentViewController.swift */; };
		D4C39C341B364A320009AA25 /* DirectoryDetailViewController.swift in Sources */ = {isa = PBXBuildFile; fileRef = D4678A4A1B34CD2A00CC82E4 /* DirectoryDetailViewController.swift */; };
		D4CDC84A1B30EFD500D6E4CE /* DiskQuotaViewController.swift in Sources */ = {isa = PBXBuildFile; fileRef = D4CDC8491B30EFD500D6E4CE /* DiskQuotaViewController.swift */; };
		D4CDC84C1B30F3B400D6E4CE /* DiskQuotaView.xib in Resources */ = {isa = PBXBuildFile; fileRef = D4CDC84B1B30F3B400D6E4CE /* DiskQuotaView.xib */; };
		D4D5F5031B53076E005974A7 /* DirectoryViewController.swift in Sources */ = {isa = PBXBuildFile; fileRef = D4D5F5021B53076E005974A7 /* DirectoryViewController.swift */; };
		D4D5F5081B530B7A005974A7 /* SettingsViewController.swift in Sources */ = {isa = PBXBuildFile; fileRef = D4D5F5071B530B7A005974A7 /* SettingsViewController.swift */; };
		D4D8C1F01B5F10F5006E03CD /* Binnable.swift in Sources */ = {isa = PBXBuildFile; fileRef = D4D8C1EF1B5F10F5006E03CD /* Binnable.swift */; };
		D4D8C1F21B5F1179006E03CD /* DirectoryPerson.swift in Sources */ = {isa = PBXBuildFile; fileRef = D4D8C1F11B5F1179006E03CD /* DirectoryPerson.swift */; };
		D4D8C1F41B5F28CC006E03CD /* DirectoryDataSourceParser.swift in Sources */ = {isa = PBXBuildFile; fileRef = D4D8C1F31B5F28CC006E03CD /* DirectoryDataSourceParser.swift */; };
		D4D8C1F61B5F2BD4006E03CD /* DirectoryDataSource.swift in Sources */ = {isa = PBXBuildFile; fileRef = D4D8C1F51B5F2BD4006E03CD /* DirectoryDataSource.swift */; };
		D4E77F521C405DC7007E2A42 /* MenuTableViewCell.swift in Sources */ = {isa = PBXBuildFile; fileRef = D4E77F511C405DC7007E2A42 /* MenuTableViewCell.swift */; };
		D4E78C661C98E3F000E0FB8C /* SlideNavigationAnimator.swift in Sources */ = {isa = PBXBuildFile; fileRef = D4E78C651C98E3F000E0FB8C /* SlideNavigationAnimator.swift */; };
		D4E78C681C98E91500E0FB8C /* NavigationControllerDelegate.swift in Sources */ = {isa = PBXBuildFile; fileRef = D4E78C671C98E91500E0FB8C /* NavigationControllerDelegate.swift */; };
		D4E78C6A1C98F71900E0FB8C /* NewsTableViewCell.swift in Sources */ = {isa = PBXBuildFile; fileRef = D4E78C691C98F71900E0FB8C /* NewsTableViewCell.swift */; };
		D4EA6B811C473EF400D12294 /* Settings.bundle in Resources */ = {isa = PBXBuildFile; fileRef = D4EA6B801C473EF400D12294 /* Settings.bundle */; };
		D4EB63411C442F3A00C34774 /* NavigationBar.swift in Sources */ = {isa = PBXBuildFile; fileRef = D4EB63401C442F3A00C34774 /* NavigationBar.swift */; };
		D4EB63431C443FDF00C34774 /* ArticleViewController.swift in Sources */ = {isa = PBXBuildFile; fileRef = D4EB63421C443FDF00C34774 /* ArticleViewController.swift */; };
		D4EB63451C447E4E00C34774 /* EventView.xib in Resources */ = {isa = PBXBuildFile; fileRef = D4EB63441C447E4E00C34774 /* EventView.xib */; };
		D4F2B9C51B5AED5500D28C1D /* UTCSLabMachineViewController.m in Sources */ = {isa = PBXBuildFile; fileRef = DDA758E31906661D007CD0DB /* UTCSLabMachineViewController.m */; };
		D4F2B9C71B5AFB6400D28C1D /* NewsDataSource.swift in Sources */ = {isa = PBXBuildFile; fileRef = D4F2B9C61B5AFB6400D28C1D /* NewsDataSource.swift */; };
		D68437038A8333327A802B81 /* Pods_UTCS.framework in Frameworks */ = {isa = PBXBuildFile; fileRef = 2F23FCE8E4742D1E5FE26E0E /* Pods_UTCS.framework */; };
		DD44656018E4A04E00ED1153 /* CoreText.framework in Frameworks */ = {isa = PBXBuildFile; fileRef = DD44655F18E4A04E00ED1153 /* CoreText.framework */; };
		DD44659918E8254C00ED1153 /* EventViewController.swift in Sources */ = {isa = PBXBuildFile; fileRef = DD44659818E8254C00ED1153 /* EventViewController.swift */; };
		DD5B585418D239F900EEB474 /* Event.swift in Sources */ = {isa = PBXBuildFile; fileRef = DD5B583B18D239F900EEB474 /* Event.swift */; };
		DD7CADD4192E65BD00566D6A /* Default Headers.xcassets in Resources */ = {isa = PBXBuildFile; fileRef = DD7CADD3192E65BD00566D6A /* Default Headers.xcassets */; };
		DD8989A61903141C000F1041 /* ServiceMetadata.swift in Sources */ = {isa = PBXBuildFile; fileRef = DD8989A51903141C000F1041 /* ServiceMetadata.swift */; };
		DD9475BF190B1EDD0049FB8B /* UTCSLabViewLayout.m in Sources */ = {isa = PBXBuildFile; fileRef = DD9475BE190B1EDD0049FB8B /* UTCSLabViewLayout.m */; };
		DD9475C2190B26530049FB8B /* ThirdFloorLabLayout.plist in Resources */ = {isa = PBXBuildFile; fileRef = DD9475C1190B26530049FB8B /* ThirdFloorLabLayout.plist */; };
		DD9475C7190B38AC0049FB8B /* UTCSLabView.m in Sources */ = {isa = PBXBuildFile; fileRef = DD9475C6190B38AC0049FB8B /* UTCSLabView.m */; };
		DD9475CA190B38FC0049FB8B /* UTCSLabViewLayoutAttributes.m in Sources */ = {isa = PBXBuildFile; fileRef = DD9475C9190B38FC0049FB8B /* UTCSLabViewLayoutAttributes.m */; };
		DD9475CD190B3B250049FB8B /* UTCSLabMachineView.m in Sources */ = {isa = PBXBuildFile; fileRef = DD9475CC190B3B250049FB8B /* UTCSLabMachineView.m */; };
		DD9475CF190B8F830049FB8B /* BasementLabLayout.plist in Resources */ = {isa = PBXBuildFile; fileRef = DD9475CE190B8F830049FB8B /* BasementLabLayout.plist */; };
		DD9475E8190CE5DF0049FB8B /* cloud.svg in Resources */ = {isa = PBXBuildFile; fileRef = DD9475E7190CE5DF0049FB8B /* cloud.svg */; };
		DD95E7621922955E0062F4E9 /* AuthenticationManager.swift in Sources */ = {isa = PBXBuildFile; fileRef = DD95E7611922955E0062F4E9 /* AuthenticationManager.swift */; };
		DD95E7841926305C0062F4E9 /* DPMeterView-license.txt in Resources */ = {isa = PBXBuildFile; fileRef = DD95E77B1926305C0062F4E9 /* DPMeterView-license.txt */; };
		DD95E7851926305C0062F4E9 /* FBShimmering-license.txt in Resources */ = {isa = PBXBuildFile; fileRef = DD95E77C1926305C0062F4E9 /* FBShimmering-license.txt */; };
		DD95E7861926305C0062F4E9 /* FBTweaks-license.txt in Resources */ = {isa = PBXBuildFile; fileRef = DD95E77D1926305C0062F4E9 /* FBTweaks-license.txt */; };
		DD95E7871926305C0062F4E9 /* JVFloatLabeledTextField-license.txt in Resources */ = {isa = PBXBuildFile; fileRef = DD95E77E1926305C0062F4E9 /* JVFloatLabeledTextField-license.txt */; };
		DD95E7881926305C0062F4E9 /* MBProgressHUD-license.txt in Resources */ = {isa = PBXBuildFile; fileRef = DD95E77F1926305C0062F4E9 /* MBProgressHUD-license.txt */; };
		DD95E7891926305C0062F4E9 /* NMSSH-license.txt in Resources */ = {isa = PBXBuildFile; fileRef = DD95E7801926305C0062F4E9 /* NMSSH-license.txt */; };
		DD95E78A1926305C0062F4E9 /* PocketSVG-license.txt in Resources */ = {isa = PBXBuildFile; fileRef = DD95E7811926305C0062F4E9 /* PocketSVG-license.txt */; };
		DD95E78B1926305C0062F4E9 /* pop-license.txt in Resources */ = {isa = PBXBuildFile; fileRef = DD95E7821926305C0062F4E9 /* pop-license.txt */; };
		DD95E78C1926305C0062F4E9 /* RQShineLabel-license.txt in Resources */ = {isa = PBXBuildFile; fileRef = DD95E7831926305C0062F4E9 /* RQShineLabel-license.txt */; };
		DD9DF74318B4B09600DDC1DB /* QuartzCore.framework in Frameworks */ = {isa = PBXBuildFile; fileRef = DD9DF74218B4B09600DDC1DB /* QuartzCore.framework */; };
		DDA758901904D313007CD0DB /* App.xcassets in Resources */ = {isa = PBXBuildFile; fileRef = DDA7588F1904D313007CD0DB /* App.xcassets */; };
		DDA758951904D7C4007CD0DB /* ServiceCache.swift in Sources */ = {isa = PBXBuildFile; fileRef = DDA758941904D7C4007CD0DB /* ServiceCache.swift */; };
		DDC4046C1917CC8C00D17CBF /* Event Headers.xcassets in Resources */ = {isa = PBXBuildFile; fileRef = DDC4046B1917CC8C00D17CBF /* Event Headers.xcassets */; };
		DDC404721917D42400D17CBF /* Icons.xcassets in Resources */ = {isa = PBXBuildFile; fileRef = DDC404711917D42400D17CBF /* Icons.xcassets */; };
		DDC4047D1918875200D17CBF /* AFNetworking-license.txt in Resources */ = {isa = PBXBuildFile; fileRef = DDC4047C1918875200D17CBF /* AFNetworking-license.txt */; };
		DDE561E218DC0C0E00C46480 /* VerticalMenuViewController.swift in Sources */ = {isa = PBXBuildFile; fileRef = DDE561E118DC0C0E00C46480 /* VerticalMenuViewController.swift */; };
/* End PBXBuildFile section */

/* Begin PBXContainerItemProxy section */
		D43C8B041B7851F90049C4D6 /* PBXContainerItemProxy */ = {
			isa = PBXContainerItemProxy;
			containerPortal = 0B9A262B1891D5E30032DA03 /* Project object */;
			proxyType = 1;
			remoteGlobalIDString = 0B9A26321891D5E30032DA03;
			remoteInfo = UTCS;
		};
/* End PBXContainerItemProxy section */

/* Begin PBXFileReference section */
		0A98BBCB98334D9109245C99 /* Pods-UTCS.release.xcconfig */ = {isa = PBXFileReference; includeInIndex = 1; lastKnownFileType = text.xcconfig; name = "Pods-UTCS.release.xcconfig"; path = "Pods/Target Support Files/Pods-UTCS/Pods-UTCS.release.xcconfig"; sourceTree = "<group>"; };
		0B9A26331891D5E30032DA03 /* UTCS.app */ = {isa = PBXFileReference; explicitFileType = wrapper.application; includeInIndex = 0; path = UTCS.app; sourceTree = BUILT_PRODUCTS_DIR; };
		0B9A26361891D5E30032DA03 /* Foundation.framework */ = {isa = PBXFileReference; lastKnownFileType = wrapper.framework; name = Foundation.framework; path = System/Library/Frameworks/Foundation.framework; sourceTree = SDKROOT; };
		0B9A26381891D5E30032DA03 /* CoreGraphics.framework */ = {isa = PBXFileReference; lastKnownFileType = wrapper.framework; name = CoreGraphics.framework; path = System/Library/Frameworks/CoreGraphics.framework; sourceTree = SDKROOT; };
		0B9A263A1891D5E30032DA03 /* UIKit.framework */ = {isa = PBXFileReference; lastKnownFileType = wrapper.framework; name = UIKit.framework; path = System/Library/Frameworks/UIKit.framework; sourceTree = SDKROOT; };
		0B9A263E1891D5E30032DA03 /* UTCS-Info.plist */ = {isa = PBXFileReference; lastKnownFileType = text.plist.xml; path = "UTCS-Info.plist"; sourceTree = "<group>"; };
		0B9A26401891D5E30032DA03 /* en */ = {isa = PBXFileReference; lastKnownFileType = text.plist.strings; name = en; path = en.lproj/InfoPlist.strings; sourceTree = "<group>"; };
		166C85C1C08FC0DC7595964E /* Pods_UTCSTests.framework */ = {isa = PBXFileReference; explicitFileType = wrapper.framework; includeInIndex = 0; path = Pods_UTCSTests.framework; sourceTree = BUILT_PRODUCTS_DIR; };
		2F23FCE8E4742D1E5FE26E0E /* Pods_UTCS.framework */ = {isa = PBXFileReference; explicitFileType = wrapper.framework; includeInIndex = 0; path = Pods_UTCS.framework; sourceTree = BUILT_PRODUCTS_DIR; };
		5F8461BAC659D6CB8CF74CF6 /* Pods-UTCSTests.offline debug.xcconfig */ = {isa = PBXFileReference; includeInIndex = 1; lastKnownFileType = text.xcconfig; name = "Pods-UTCSTests.offline debug.xcconfig"; path = "Pods/Target Support Files/Pods-UTCSTests/Pods-UTCSTests.offline debug.xcconfig"; sourceTree = "<group>"; };
		7DB5C56FA610E1ED4C72FE70 /* Pods-UTCS.debug.xcconfig */ = {isa = PBXFileReference; includeInIndex = 1; lastKnownFileType = text.xcconfig; name = "Pods-UTCS.debug.xcconfig"; path = "Pods/Target Support Files/Pods-UTCS/Pods-UTCS.debug.xcconfig"; sourceTree = "<group>"; };
		883B80ED1CACB2F400810C52 /* Settings.storyboard */ = {isa = PBXFileReference; fileEncoding = 4; lastKnownFileType = file.storyboard; path = Settings.storyboard; sourceTree = "<group>"; };
		883B80EF1CACC2FB00810C52 /* Social.swift */ = {isa = PBXFileReference; fileEncoding = 4; lastKnownFileType = sourcecode.swift; name = Social.swift; path = Classes/Social.swift; sourceTree = "<group>"; };
		883B80F11CACC73900810C52 /* AutomaticDimensionTableViewController.swift */ = {isa = PBXFileReference; fileEncoding = 4; lastKnownFileType = sourcecode.swift; path = AutomaticDimensionTableViewController.swift; sourceTree = "<group>"; };
		883B80F71CACCEBB00810C52 /* UIApplication+Version.swift */ = {isa = PBXFileReference; fileEncoding = 4; lastKnownFileType = sourcecode.swift; path = "UIApplication+Version.swift"; sourceTree = SOURCE_ROOT; };
		886209CF1CACD183009180AD /* PhotoBackgroundTableViewController.swift */ = {isa = PBXFileReference; fileEncoding = 4; lastKnownFileType = sourcecode.swift; name = PhotoBackgroundTableViewController.swift; path = ViewControllers/PhotoBackgroundTableViewController.swift; sourceTree = "<group>"; };
		886209D11CAD6DBC009180AD /* Preferences.swift */ = {isa = PBXFileReference; fileEncoding = 4; lastKnownFileType = sourcecode.swift; path = Preferences.swift; sourceTree = "<group>"; };
		886209D31CAD8669009180AD /* UIImageView+Tinting.swift */ = {isa = PBXFileReference; fileEncoding = 4; lastKnownFileType = sourcecode.swift; path = "UIImageView+Tinting.swift"; sourceTree = "<group>"; };
		886C2D451C215D580026E0CE /* Backgrounds.xcassets */ = {isa = PBXFileReference; lastKnownFileType = folder.assetcatalog; name = Backgrounds.xcassets; path = Resources/Backgrounds.xcassets; sourceTree = "<group>"; };
		888E7FAF1CB7632D00EC75A6 /* HTMLSanitization.swift */ = {isa = PBXFileReference; fileEncoding = 4; lastKnownFileType = sourcecode.swift; path = HTMLSanitization.swift; sourceTree = "<group>"; };
		88F088641CA607B2008BFB65 /* NSAttributedString+Trim.swift */ = {isa = PBXFileReference; fileEncoding = 4; lastKnownFileType = sourcecode.swift; name = "NSAttributedString+Trim.swift"; path = "Categories/NSAttributedString+Trim.swift"; sourceTree = "<group>"; };
		B6844A8C349A16E0F07976EE /* Pods-UTCSTests.debug.xcconfig */ = {isa = PBXFileReference; includeInIndex = 1; lastKnownFileType = text.xcconfig; name = "Pods-UTCSTests.debug.xcconfig"; path = "Pods/Target Support Files/Pods-UTCSTests/Pods-UTCSTests.debug.xcconfig"; sourceTree = "<group>"; };
		BE5B70B9546C98012DD986FE /* Pods-UTCS.offline debug.xcconfig */ = {isa = PBXFileReference; includeInIndex = 1; lastKnownFileType = text.xcconfig; name = "Pods-UTCS.offline debug.xcconfig"; path = "Pods/Target Support Files/Pods-UTCS/Pods-UTCS.offline debug.xcconfig"; sourceTree = "<group>"; };
		BF56D3113DB4D6BFD297D2FA /* Pods-UTCSTests.release.xcconfig */ = {isa = PBXFileReference; includeInIndex = 1; lastKnownFileType = text.xcconfig; name = "Pods-UTCSTests.release.xcconfig"; path = "Pods/Target Support Files/Pods-UTCSTests/Pods-UTCSTests.release.xcconfig"; sourceTree = "<group>"; };
		C9ADAF001CB6CB160099D68B /* UITableViewCell+Helpers.swift */ = {isa = PBXFileReference; fileEncoding = 4; lastKnownFileType = sourcecode.swift; path = "UITableViewCell+Helpers.swift"; sourceTree = "<group>"; };
		D406545E1CAF1598002D98A3 /* events.json */ = {isa = PBXFileReference; fileEncoding = 4; lastKnownFileType = text.json; name = events.json; path = "Sample Responses/events.json"; sourceTree = "<group>"; };
		D40654601CAF15E8002D98A3 /* labs-layout.json */ = {isa = PBXFileReference; fileEncoding = 4; lastKnownFileType = text.json; name = "labs-layout.json"; path = "Sample Responses/labs-layout.json"; sourceTree = "<group>"; };
		D40654611CAF15E8002D98A3 /* labs.json */ = {isa = PBXFileReference; fileEncoding = 4; lastKnownFileType = text.json; name = labs.json; path = "Sample Responses/labs.json"; sourceTree = "<group>"; };
		D40654621CAF15E8002D98A3 /* news.json */ = {isa = PBXFileReference; fileEncoding = 4; lastKnownFileType = text.json; name = news.json; path = "Sample Responses/news.json"; sourceTree = "<group>"; };
		D40654631CAF15E8002D98A3 /* quota.json */ = {isa = PBXFileReference; fileEncoding = 4; lastKnownFileType = text.json; name = quota.json; path = "Sample Responses/quota.json"; sourceTree = "<group>"; };
		D40654681CAF1681002D98A3 /* AuthenticationTests.swift */ = {isa = PBXFileReference; fileEncoding = 4; lastKnownFileType = sourcecode.swift; path = AuthenticationTests.swift; sourceTree = "<group>"; };
		D406546A1CAF16AC002D98A3 /* ParseTests.swift */ = {isa = PBXFileReference; fileEncoding = 4; lastKnownFileType = sourcecode.swift; path = ParseTests.swift; sourceTree = "<group>"; };
		D406546C1CAF1ACA002D98A3 /* directory.json */ = {isa = PBXFileReference; fileEncoding = 4; lastKnownFileType = text.json; name = directory.json; path = "Sample Responses/directory.json"; sourceTree = "<group>"; };
		D40654741CB04C55002D98A3 /* CoderTests.swift */ = {isa = PBXFileReference; fileEncoding = 4; lastKnownFileType = sourcecode.swift; path = CoderTests.swift; sourceTree = "<group>"; };
		D40654791CB06CDE002D98A3 /* Service.swift */ = {isa = PBXFileReference; fileEncoding = 4; lastKnownFileType = sourcecode.swift; name = Service.swift; path = Model/Service.swift; sourceTree = "<group>"; };
		D40654F31CB0741A002D98A3 /* UTCS-Prefix.pch */ = {isa = PBXFileReference; fileEncoding = 4; lastKnownFileType = sourcecode.c.h; path = "UTCS-Prefix.pch"; sourceTree = "<group>"; };
		D40924491C3CD0EB00A81EBA /* RequestAuthentication.swift */ = {isa = PBXFileReference; fileEncoding = 4; lastKnownFileType = sourcecode.swift; path = RequestAuthentication.swift; sourceTree = "<group>"; };
		D409244C1C3CD93E00A81EBA /* Constants.swift */ = {isa = PBXFileReference; fileEncoding = 4; lastKnownFileType = sourcecode.swift; path = Constants.swift; sourceTree = "<group>"; };
		D40C69791B7D3572005E3719 /* DiskQuotaDataSource.swift */ = {isa = PBXFileReference; fileEncoding = 4; lastKnownFileType = sourcecode.swift; name = DiskQuotaDataSource.swift; path = Model/DiskQuotaDataSource.swift; sourceTree = "<group>"; };
		D40C697B1B7D363B005E3719 /* QuotaData.swift */ = {isa = PBXFileReference; fileEncoding = 4; lastKnownFileType = sourcecode.swift; name = QuotaData.swift; path = Model/QuotaData.swift; sourceTree = "<group>"; };
		D40F95431C477A75003232A0 /* DirectoryTableViewCell.swift */ = {isa = PBXFileReference; fileEncoding = 4; lastKnownFileType = sourcecode.swift; name = DirectoryTableViewCell.swift; path = Views/DirectoryTableViewCell.swift; sourceTree = "<group>"; };
		D41A79201B5B38190049C683 /* NewsTableViewCell.xib */ = {isa = PBXFileReference; fileEncoding = 4; lastKnownFileType = file.xib; name = NewsTableViewCell.xib; path = Views/NewsTableViewCell.xib; sourceTree = "<group>"; };
		D42485881C40988E0031734D /* ArticleView.xib */ = {isa = PBXFileReference; fileEncoding = 4; lastKnownFileType = file.xib; name = ArticleView.xib; path = Views/ArticleView.xib; sourceTree = "<group>"; };
		D4280C151B2E0E770090F8C6 /* UTCS-Bridging-Header.h */ = {isa = PBXFileReference; lastKnownFileType = sourcecode.c.h; name = "UTCS-Bridging-Header.h"; path = "Classes/UTCS-Bridging-Header.h"; sourceTree = "<group>"; };
		D4280C161B2E0E780090F8C6 /* ActiveHeaderView.swift */ = {isa = PBXFileReference; fileEncoding = 4; lastKnownFileType = sourcecode.swift; name = ActiveHeaderView.swift; path = Views/ActiveHeaderView.swift; sourceTree = "<group>"; };
		D4280C181B2E11130090F8C6 /* ActiveHeaderView.xib */ = {isa = PBXFileReference; fileEncoding = 4; lastKnownFileType = file.xib; name = ActiveHeaderView.xib; path = Views/ActiveHeaderView.xib; sourceTree = "<group>"; };
		D4280C1A1B2E1CC80090F8C6 /* AppDelegate.swift */ = {isa = PBXFileReference; fileEncoding = 4; lastKnownFileType = sourcecode.swift; path = AppDelegate.swift; sourceTree = "<group>"; };
		D4280C1D1B2E29530090F8C6 /* ClearTableViewCell.swift */ = {isa = PBXFileReference; fileEncoding = 4; lastKnownFileType = sourcecode.swift; name = ClearTableViewCell.swift; path = Views/ClearTableViewCell.swift; sourceTree = "<group>"; };
		D42D4DC71B704C9B00D4FD6D /* DataRequest.swift */ = {isa = PBXFileReference; fileEncoding = 4; lastKnownFileType = sourcecode.swift; name = DataRequest.swift; path = Model/DataRequest.swift; sourceTree = "<group>"; };
		D43377F91B4CBB1D00942581 /* TableViewController.swift */ = {isa = PBXFileReference; fileEncoding = 4; lastKnownFileType = sourcecode.swift; name = TableViewController.swift; path = ViewControllers/TableViewController.swift; sourceTree = "<group>"; };
		D43950271C45942D007AA192 /* UIColor+UTCSColors.swift */ = {isa = PBXFileReference; fileEncoding = 4; lastKnownFileType = sourcecode.swift; name = "UIColor+UTCSColors.swift"; path = "Categories/UIColor+UTCSColors.swift"; sourceTree = "<group>"; };
		D43C8AFF1B7851F80049C4D6 /* UTCSTests.xctest */ = {isa = PBXFileReference; explicitFileType = wrapper.cfbundle; includeInIndex = 0; path = UTCSTests.xctest; sourceTree = BUILT_PRODUCTS_DIR; };
		D43C8B031B7851F90049C4D6 /* Info.plist */ = {isa = PBXFileReference; lastKnownFileType = text.plist.xml; path = Info.plist; sourceTree = "<group>"; };
		D43C8B0B1B7919680049C4D6 /* LabsDataSource.swift */ = {isa = PBXFileReference; fileEncoding = 4; lastKnownFileType = sourcecode.swift; name = LabsDataSource.swift; path = Model/LabsDataSource.swift; sourceTree = "<group>"; };
		D43C8B0D1B79197C0049C4D6 /* EventsDataSource.swift */ = {isa = PBXFileReference; fileEncoding = 4; lastKnownFileType = sourcecode.swift; name = EventsDataSource.swift; path = Model/EventsDataSource.swift; sourceTree = "<group>"; };
		D43E86481B36869900F6EA70 /* DiskQuotaDataSourceParser.swift */ = {isa = PBXFileReference; fileEncoding = 4; lastKnownFileType = sourcecode.swift; name = DiskQuotaDataSourceParser.swift; path = Model/DiskQuotaDataSourceParser.swift; sourceTree = "<group>"; };
		D43E864B1B37142700F6EA70 /* NavigationController.swift */ = {isa = PBXFileReference; fileEncoding = 4; lastKnownFileType = sourcecode.swift; path = NavigationController.swift; sourceTree = "<group>"; };
		D44F34871B57DC9800D84D0B /* AboutViewController.swift */ = {isa = PBXFileReference; fileEncoding = 4; lastKnownFileType = sourcecode.swift; name = AboutViewController.swift; path = ViewControllers/AboutViewController.swift; sourceTree = "<group>"; };
		D45FE5341B508F47000F2D59 /* EventsViewController.swift */ = {isa = PBXFileReference; fileEncoding = 4; lastKnownFileType = sourcecode.swift; name = EventsViewController.swift; path = ViewControllers/EventsViewController.swift; sourceTree = "<group>"; };
		D463C86B1B338E1C00E6A767 /* ServiceErrorView.swift */ = {isa = PBXFileReference; fileEncoding = 4; lastKnownFileType = sourcecode.swift; name = ServiceErrorView.swift; path = Views/ServiceErrorView.swift; sourceTree = "<group>"; };
		D463C86D1B338E5E00E6A767 /* ServiceErrorView.xib */ = {isa = PBXFileReference; fileEncoding = 4; lastKnownFileType = file.xib; name = ServiceErrorView.xib; path = Views/ServiceErrorView.xib; sourceTree = "<group>"; };
		D46439031B7C5CEA007BA5D0 /* DataSourceParser.swift */ = {isa = PBXFileReference; fileEncoding = 4; lastKnownFileType = sourcecode.swift; name = DataSourceParser.swift; path = Model/DataSourceParser.swift; sourceTree = "<group>"; };
		D46439051B7C627D007BA5D0 /* EventsDataSourceParser.swift */ = {isa = PBXFileReference; fileEncoding = 4; lastKnownFileType = sourcecode.swift; name = EventsDataSourceParser.swift; path = Model/EventsDataSourceParser.swift; sourceTree = "<group>"; };
		D46439071B7C63EC007BA5D0 /* NewsDataSourceParser.swift */ = {isa = PBXFileReference; fileEncoding = 4; lastKnownFileType = sourcecode.swift; name = NewsDataSourceParser.swift; path = Model/NewsDataSourceParser.swift; sourceTree = "<group>"; };
		D46439091B7C6451007BA5D0 /* LabsDataSourceParser.swift */ = {isa = PBXFileReference; fileEncoding = 4; lastKnownFileType = sourcecode.swift; name = LabsDataSourceParser.swift; path = Model/LabsDataSourceParser.swift; sourceTree = "<group>"; };
		D4678A4A1B34CD2A00CC82E4 /* DirectoryDetailViewController.swift */ = {isa = PBXFileReference; fileEncoding = 4; lastKnownFileType = sourcecode.swift; name = DirectoryDetailViewController.swift; path = ViewControllers/DirectoryDetailViewController.swift; sourceTree = "<group>"; };
		D46B22BB1B2F9F8600C90116 /* Launch Screen.storyboard */ = {isa = PBXFileReference; fileEncoding = 4; lastKnownFileType = file.storyboard; path = "Launch Screen.storyboard"; sourceTree = "<group>"; };
		D46C7C481B4DFD14009F1EA1 /* HeaderTableViewController.swift */ = {isa = PBXFileReference; fileEncoding = 4; lastKnownFileType = sourcecode.swift; name = HeaderTableViewController.swift; path = ViewControllers/HeaderTableViewController.swift; sourceTree = "<group>"; };
		D46C7C4A1B4F454F009F1EA1 /* NewsViewController.swift */ = {isa = PBXFileReference; fileEncoding = 4; lastKnownFileType = sourcecode.swift; name = NewsViewController.swift; path = ViewControllers/NewsViewController.swift; sourceTree = "<group>"; };
		D46C7C4C1B4F4F2E009F1EA1 /* LabsViewController.swift */ = {isa = PBXFileReference; fileEncoding = 4; lastKnownFileType = sourcecode.swift; name = LabsViewController.swift; path = ViewControllers/LabsViewController.swift; sourceTree = "<group>"; };
		D482C1AA1B3CDE8E00645C23 /* NewsArticleViewController.swift */ = {isa = PBXFileReference; fileEncoding = 4; lastKnownFileType = sourcecode.swift; name = NewsArticleViewController.swift; path = ViewControllers/NewsArticleViewController.swift; sourceTree = "<group>"; };
		D4A89CF51B811F9900B9D7A5 /* UIBarButton+UTCSButton.swift */ = {isa = PBXFileReference; fileEncoding = 4; lastKnownFileType = sourcecode.swift; name = "UIBarButton+UTCSButton.swift"; path = "UTCS/Classes/Model/UIBarButton+UTCSButton.swift"; sourceTree = SOURCE_ROOT; };
		D4A89CF81B818B3600B9D7A5 /* NewsArticle.swift */ = {isa = PBXFileReference; fileEncoding = 4; lastKnownFileType = sourcecode.swift; name = NewsArticle.swift; path = Model/NewsArticle.swift; sourceTree = "<group>"; };
		D4A89CFC1B82F76900B9D7A5 /* ServiceDataSource.swift */ = {isa = PBXFileReference; fileEncoding = 4; lastKnownFileType = sourcecode.swift; name = ServiceDataSource.swift; path = Model/ServiceDataSource.swift; sourceTree = "<group>"; };
		D4BA71CA1B42107A007C09F6 /* MenuViewController.swift */ = {isa = PBXFileReference; fileEncoding = 4; lastKnownFileType = sourcecode.swift; path = MenuViewController.swift; sourceTree = "<group>"; };
		D4BA71CD1B421819007C09F6 /* ContentViewController.swift */ = {isa = PBXFileReference; fileEncoding = 4; lastKnownFileType = sourcecode.swift; name = ContentViewController.swift; path = ViewControllers/ContentViewController.swift; sourceTree = "<group>"; };
		D4CDC8491B30EFD500D6E4CE /* DiskQuotaViewController.swift */ = {isa = PBXFileReference; fileEncoding = 4; lastKnownFileType = sourcecode.swift; name = DiskQuotaViewController.swift; path = ViewControllers/DiskQuotaViewController.swift; sourceTree = "<group>"; };
		D4CDC84B1B30F3B400D6E4CE /* DiskQuotaView.xib */ = {isa = PBXFileReference; fileEncoding = 4; lastKnownFileType = file.xib; name = DiskQuotaView.xib; path = Views/DiskQuotaView.xib; sourceTree = "<group>"; };
		D4D5F5021B53076E005974A7 /* DirectoryViewController.swift */ = {isa = PBXFileReference; fileEncoding = 4; lastKnownFileType = sourcecode.swift; name = DirectoryViewController.swift; path = ViewControllers/DirectoryViewController.swift; sourceTree = "<group>"; };
		D4D5F5041B530A23005974A7 /* LabMachineViewController.swift */ = {isa = PBXFileReference; fileEncoding = 4; lastKnownFileType = sourcecode.swift; name = LabMachineViewController.swift; path = ViewControllers/LabMachineViewController.swift; sourceTree = "<group>"; };
		D4D5F5071B530B7A005974A7 /* SettingsViewController.swift */ = {isa = PBXFileReference; fileEncoding = 4; lastKnownFileType = sourcecode.swift; name = SettingsViewController.swift; path = ViewControllers/SettingsViewController.swift; sourceTree = "<group>"; };
		D4D8C1EF1B5F10F5006E03CD /* Binnable.swift */ = {isa = PBXFileReference; fileEncoding = 4; lastKnownFileType = sourcecode.swift; path = Binnable.swift; sourceTree = "<group>"; };
		D4D8C1F11B5F1179006E03CD /* DirectoryPerson.swift */ = {isa = PBXFileReference; fileEncoding = 4; lastKnownFileType = sourcecode.swift; name = DirectoryPerson.swift; path = Model/DirectoryPerson.swift; sourceTree = "<group>"; };
		D4D8C1F31B5F28CC006E03CD /* DirectoryDataSourceParser.swift */ = {isa = PBXFileReference; fileEncoding = 4; lastKnownFileType = sourcecode.swift; name = DirectoryDataSourceParser.swift; path = Model/DirectoryDataSourceParser.swift; sourceTree = "<group>"; };
		D4D8C1F51B5F2BD4006E03CD /* DirectoryDataSource.swift */ = {isa = PBXFileReference; fileEncoding = 4; lastKnownFileType = sourcecode.swift; name = DirectoryDataSource.swift; path = Model/DirectoryDataSource.swift; sourceTree = "<group>"; };
		D4E77F511C405DC7007E2A42 /* MenuTableViewCell.swift */ = {isa = PBXFileReference; fileEncoding = 4; lastKnownFileType = sourcecode.swift; path = MenuTableViewCell.swift; sourceTree = "<group>"; };
		D4E78C651C98E3F000E0FB8C /* SlideNavigationAnimator.swift */ = {isa = PBXFileReference; fileEncoding = 4; lastKnownFileType = sourcecode.swift; path = SlideNavigationAnimator.swift; sourceTree = "<group>"; };
		D4E78C671C98E91500E0FB8C /* NavigationControllerDelegate.swift */ = {isa = PBXFileReference; fileEncoding = 4; lastKnownFileType = sourcecode.swift; path = NavigationControllerDelegate.swift; sourceTree = "<group>"; };
		D4E78C691C98F71900E0FB8C /* NewsTableViewCell.swift */ = {isa = PBXFileReference; fileEncoding = 4; lastKnownFileType = sourcecode.swift; name = NewsTableViewCell.swift; path = Views/NewsTableViewCell.swift; sourceTree = "<group>"; };
		D4EA6B801C473EF400D12294 /* Settings.bundle */ = {isa = PBXFileReference; lastKnownFileType = "wrapper.plug-in"; path = Settings.bundle; sourceTree = "<group>"; };
		D4EB63401C442F3A00C34774 /* NavigationBar.swift */ = {isa = PBXFileReference; fileEncoding = 4; lastKnownFileType = sourcecode.swift; path = NavigationBar.swift; sourceTree = "<group>"; };
		D4EB63421C443FDF00C34774 /* ArticleViewController.swift */ = {isa = PBXFileReference; fileEncoding = 4; lastKnownFileType = sourcecode.swift; name = ArticleViewController.swift; path = ViewControllers/ArticleViewController.swift; sourceTree = "<group>"; };
		D4EB63441C447E4E00C34774 /* EventView.xib */ = {isa = PBXFileReference; fileEncoding = 4; lastKnownFileType = file.xib; name = EventView.xib; path = Views/EventView.xib; sourceTree = "<group>"; };
		D4F2B9C61B5AFB6400D28C1D /* NewsDataSource.swift */ = {isa = PBXFileReference; fileEncoding = 4; lastKnownFileType = sourcecode.swift; name = NewsDataSource.swift; path = Model/NewsDataSource.swift; sourceTree = "<group>"; };
		DD44655F18E4A04E00ED1153 /* CoreText.framework */ = {isa = PBXFileReference; lastKnownFileType = wrapper.framework; name = CoreText.framework; path = System/Library/Frameworks/CoreText.framework; sourceTree = SDKROOT; };
		DD44659818E8254C00ED1153 /* EventViewController.swift */ = {isa = PBXFileReference; fileEncoding = 4; lastKnownFileType = sourcecode.swift; name = EventViewController.swift; path = ViewControllers/EventViewController.swift; sourceTree = "<group>"; };
		DD5B583B18D239F900EEB474 /* Event.swift */ = {isa = PBXFileReference; fileEncoding = 4; lastKnownFileType = sourcecode.swift; name = Event.swift; path = Model/Event.swift; sourceTree = "<group>"; };
		DD7CADD3192E65BD00566D6A /* Default Headers.xcassets */ = {isa = PBXFileReference; lastKnownFileType = folder.assetcatalog; name = "Default Headers.xcassets"; path = "Resources/Default Headers.xcassets"; sourceTree = "<group>"; };
		DD83B58D18F3631A00EBDE06 /* LabMachine.swift */ = {isa = PBXFileReference; fileEncoding = 4; lastKnownFileType = sourcecode.swift; name = LabMachine.swift; path = Model/LabMachine.swift; sourceTree = "<group>"; };
		DD8989A51903141C000F1041 /* ServiceMetadata.swift */ = {isa = PBXFileReference; fileEncoding = 4; lastKnownFileType = sourcecode.swift; name = ServiceMetadata.swift; path = Model/ServiceMetadata.swift; sourceTree = "<group>"; };
		DD9475BD190B1EDD0049FB8B /* UTCSLabViewLayout.h */ = {isa = PBXFileReference; fileEncoding = 4; lastKnownFileType = sourcecode.c.h; name = UTCSLabViewLayout.h; path = Model/UTCSLabViewLayout.h; sourceTree = "<group>"; };
		DD9475BE190B1EDD0049FB8B /* UTCSLabViewLayout.m */ = {isa = PBXFileReference; fileEncoding = 4; lastKnownFileType = sourcecode.c.objc; name = UTCSLabViewLayout.m; path = Model/UTCSLabViewLayout.m; sourceTree = "<group>"; };
		DD9475C1190B26530049FB8B /* ThirdFloorLabLayout.plist */ = {isa = PBXFileReference; fileEncoding = 4; lastKnownFileType = text.plist.xml; name = ThirdFloorLabLayout.plist; path = UTCS/ThirdFloorLabLayout.plist; sourceTree = SOURCE_ROOT; };
		DD9475C5190B38AC0049FB8B /* UTCSLabView.h */ = {isa = PBXFileReference; fileEncoding = 4; lastKnownFileType = sourcecode.c.h; name = UTCSLabView.h; path = Views/UTCSLabView.h; sourceTree = "<group>"; };
		DD9475C6190B38AC0049FB8B /* UTCSLabView.m */ = {isa = PBXFileReference; fileEncoding = 4; lastKnownFileType = sourcecode.c.objc; name = UTCSLabView.m; path = Views/UTCSLabView.m; sourceTree = "<group>"; };
		DD9475C8190B38FC0049FB8B /* UTCSLabViewLayoutAttributes.h */ = {isa = PBXFileReference; fileEncoding = 4; lastKnownFileType = sourcecode.c.h; name = UTCSLabViewLayoutAttributes.h; path = Model/UTCSLabViewLayoutAttributes.h; sourceTree = "<group>"; };
		DD9475C9190B38FC0049FB8B /* UTCSLabViewLayoutAttributes.m */ = {isa = PBXFileReference; fileEncoding = 4; lastKnownFileType = sourcecode.c.objc; name = UTCSLabViewLayoutAttributes.m; path = Model/UTCSLabViewLayoutAttributes.m; sourceTree = "<group>"; };
		DD9475CB190B3B250049FB8B /* UTCSLabMachineView.h */ = {isa = PBXFileReference; fileEncoding = 4; lastKnownFileType = sourcecode.c.h; name = UTCSLabMachineView.h; path = Views/UTCSLabMachineView.h; sourceTree = "<group>"; };
		DD9475CC190B3B250049FB8B /* UTCSLabMachineView.m */ = {isa = PBXFileReference; fileEncoding = 4; lastKnownFileType = sourcecode.c.objc; name = UTCSLabMachineView.m; path = Views/UTCSLabMachineView.m; sourceTree = "<group>"; };
		DD9475CE190B8F830049FB8B /* BasementLabLayout.plist */ = {isa = PBXFileReference; fileEncoding = 4; lastKnownFileType = text.plist.xml; name = BasementLabLayout.plist; path = UTCS/BasementLabLayout.plist; sourceTree = SOURCE_ROOT; };
		DD9475E7190CE5DF0049FB8B /* cloud.svg */ = {isa = PBXFileReference; fileEncoding = 4; lastKnownFileType = text.xml; path = cloud.svg; sourceTree = "<group>"; };
		DD95E7611922955E0062F4E9 /* AuthenticationManager.swift */ = {isa = PBXFileReference; fileEncoding = 4; lastKnownFileType = sourcecode.swift; name = AuthenticationManager.swift; path = Model/AuthenticationManager.swift; sourceTree = "<group>"; };
		DD95E77B1926305C0062F4E9 /* DPMeterView-license.txt */ = {isa = PBXFileReference; fileEncoding = 4; lastKnownFileType = text; name = "DPMeterView-license.txt"; path = "Resources/Licenses/DPMeterView-license.txt"; sourceTree = "<group>"; };
		DD95E77C1926305C0062F4E9 /* FBShimmering-license.txt */ = {isa = PBXFileReference; fileEncoding = 4; lastKnownFileType = text; name = "FBShimmering-license.txt"; path = "Resources/Licenses/FBShimmering-license.txt"; sourceTree = "<group>"; };
		DD95E77D1926305C0062F4E9 /* FBTweaks-license.txt */ = {isa = PBXFileReference; fileEncoding = 4; lastKnownFileType = text; name = "FBTweaks-license.txt"; path = "Resources/Licenses/FBTweaks-license.txt"; sourceTree = "<group>"; };
		DD95E77E1926305C0062F4E9 /* JVFloatLabeledTextField-license.txt */ = {isa = PBXFileReference; fileEncoding = 4; lastKnownFileType = text; name = "JVFloatLabeledTextField-license.txt"; path = "Resources/Licenses/JVFloatLabeledTextField-license.txt"; sourceTree = "<group>"; };
		DD95E77F1926305C0062F4E9 /* MBProgressHUD-license.txt */ = {isa = PBXFileReference; fileEncoding = 4; lastKnownFileType = text; name = "MBProgressHUD-license.txt"; path = "Resources/Licenses/MBProgressHUD-license.txt"; sourceTree = "<group>"; };
		DD95E7801926305C0062F4E9 /* NMSSH-license.txt */ = {isa = PBXFileReference; fileEncoding = 4; lastKnownFileType = text; name = "NMSSH-license.txt"; path = "Resources/Licenses/NMSSH-license.txt"; sourceTree = "<group>"; };
		DD95E7811926305C0062F4E9 /* PocketSVG-license.txt */ = {isa = PBXFileReference; fileEncoding = 4; lastKnownFileType = text; name = "PocketSVG-license.txt"; path = "Resources/Licenses/PocketSVG-license.txt"; sourceTree = "<group>"; };
		DD95E7821926305C0062F4E9 /* pop-license.txt */ = {isa = PBXFileReference; fileEncoding = 4; lastKnownFileType = text; name = "pop-license.txt"; path = "Resources/Licenses/pop-license.txt"; sourceTree = "<group>"; };
		DD95E7831926305C0062F4E9 /* RQShineLabel-license.txt */ = {isa = PBXFileReference; fileEncoding = 4; lastKnownFileType = text; name = "RQShineLabel-license.txt"; path = "Resources/Licenses/RQShineLabel-license.txt"; sourceTree = "<group>"; };
		DD9DF74218B4B09600DDC1DB /* QuartzCore.framework */ = {isa = PBXFileReference; lastKnownFileType = wrapper.framework; name = QuartzCore.framework; path = System/Library/Frameworks/QuartzCore.framework; sourceTree = SDKROOT; };
		DDA7588F1904D313007CD0DB /* App.xcassets */ = {isa = PBXFileReference; lastKnownFileType = folder.assetcatalog; name = App.xcassets; path = Resources/App.xcassets; sourceTree = "<group>"; };
		DDA758941904D7C4007CD0DB /* ServiceCache.swift */ = {isa = PBXFileReference; fileEncoding = 4; lastKnownFileType = sourcecode.swift; name = ServiceCache.swift; path = Model/ServiceCache.swift; sourceTree = "<group>"; };
		DDA758E21906661D007CD0DB /* UTCSLabMachineViewController.h */ = {isa = PBXFileReference; fileEncoding = 4; lastKnownFileType = sourcecode.c.h; name = UTCSLabMachineViewController.h; path = ViewControllers/UTCSLabMachineViewController.h; sourceTree = "<group>"; };
		DDA758E31906661D007CD0DB /* UTCSLabMachineViewController.m */ = {isa = PBXFileReference; fileEncoding = 4; lastKnownFileType = sourcecode.c.objc; name = UTCSLabMachineViewController.m; path = ViewControllers/UTCSLabMachineViewController.m; sourceTree = "<group>"; };
		DDC4046B1917CC8C00D17CBF /* Event Headers.xcassets */ = {isa = PBXFileReference; lastKnownFileType = folder.assetcatalog; name = "Event Headers.xcassets"; path = "Resources/Event Headers.xcassets"; sourceTree = "<group>"; };
		DDC404711917D42400D17CBF /* Icons.xcassets */ = {isa = PBXFileReference; lastKnownFileType = folder.assetcatalog; name = Icons.xcassets; path = Resources/Icons.xcassets; sourceTree = "<group>"; };
		DDC4047C1918875200D17CBF /* AFNetworking-license.txt */ = {isa = PBXFileReference; fileEncoding = 4; lastKnownFileType = text; name = "AFNetworking-license.txt"; path = "Resources/Licenses/AFNetworking-license.txt"; sourceTree = "<group>"; };
		DDE561E118DC0C0E00C46480 /* VerticalMenuViewController.swift */ = {isa = PBXFileReference; fileEncoding = 4; lastKnownFileType = sourcecode.swift; path = VerticalMenuViewController.swift; sourceTree = "<group>"; };
/* End PBXFileReference section */

/* Begin PBXFrameworksBuildPhase section */
		0B9A26301891D5E30032DA03 /* Frameworks */ = {
			isa = PBXFrameworksBuildPhase;
			buildActionMask = 2147483647;
			files = (
				DD44656018E4A04E00ED1153 /* CoreText.framework in Frameworks */,
				DD9DF74318B4B09600DDC1DB /* QuartzCore.framework in Frameworks */,
				0B9A26391891D5E30032DA03 /* CoreGraphics.framework in Frameworks */,
				0B9A263B1891D5E30032DA03 /* UIKit.framework in Frameworks */,
				0B9A26371891D5E30032DA03 /* Foundation.framework in Frameworks */,
				D68437038A8333327A802B81 /* Pods_UTCS.framework in Frameworks */,
			);
			runOnlyForDeploymentPostprocessing = 0;
		};
		D43C8AFC1B7851F80049C4D6 /* Frameworks */ = {
			isa = PBXFrameworksBuildPhase;
			buildActionMask = 2147483647;
			files = (
				C29ED2FBA03A831C89081BF5 /* Pods_UTCSTests.framework in Frameworks */,
			);
			runOnlyForDeploymentPostprocessing = 0;
		};
/* End PBXFrameworksBuildPhase section */

/* Begin PBXGroup section */
		019061F4F94D09DABF339C08 /* Pods */ = {
			isa = PBXGroup;
			children = (
				7DB5C56FA610E1ED4C72FE70 /* Pods-UTCS.debug.xcconfig */,
				BE5B70B9546C98012DD986FE /* Pods-UTCS.offline debug.xcconfig */,
				0A98BBCB98334D9109245C99 /* Pods-UTCS.release.xcconfig */,
				B6844A8C349A16E0F07976EE /* Pods-UTCSTests.debug.xcconfig */,
				5F8461BAC659D6CB8CF74CF6 /* Pods-UTCSTests.offline debug.xcconfig */,
				BF56D3113DB4D6BFD297D2FA /* Pods-UTCSTests.release.xcconfig */,
			);
			name = Pods;
			sourceTree = "<group>";
		};
		0B9A262A1891D5E30032DA03 = {
			isa = PBXGroup;
			children = (
				DDA758891904D28D007CD0DB /* Resources */,
				0B9A263C1891D5E30032DA03 /* UTCS */,
				0B9A263D1891D5E30032DA03 /* Supporting Files */,
				D43C8B001B7851F90049C4D6 /* Tests */,
				0B9A26351891D5E30032DA03 /* Frameworks */,
				0B9A26341891D5E30032DA03 /* Products */,
				019061F4F94D09DABF339C08 /* Pods */,
			);
			sourceTree = "<group>";
		};
		0B9A26341891D5E30032DA03 /* Products */ = {
			isa = PBXGroup;
			children = (
				0B9A26331891D5E30032DA03 /* UTCS.app */,
				D43C8AFF1B7851F80049C4D6 /* UTCSTests.xctest */,
			);
			name = Products;
			sourceTree = "<group>";
		};
		0B9A26351891D5E30032DA03 /* Frameworks */ = {
			isa = PBXGroup;
			children = (
				DD44655F18E4A04E00ED1153 /* CoreText.framework */,
				DD9DF74218B4B09600DDC1DB /* QuartzCore.framework */,
				0B9A26361891D5E30032DA03 /* Foundation.framework */,
				0B9A26381891D5E30032DA03 /* CoreGraphics.framework */,
				0B9A263A1891D5E30032DA03 /* UIKit.framework */,
				2F23FCE8E4742D1E5FE26E0E /* Pods_UTCS.framework */,
				166C85C1C08FC0DC7595964E /* Pods_UTCSTests.framework */,
			);
			name = Frameworks;
			sourceTree = "<group>";
		};
		0B9A263C1891D5E30032DA03 /* UTCS */ = {
			isa = PBXGroup;
			children = (
				D4280C1A1B2E1CC80090F8C6 /* AppDelegate.swift */,
				D409244C1C3CD93E00A81EBA /* Constants.swift */,
				883B80EF1CACC2FB00810C52 /* Social.swift */,
				DDA94B6818C1D1C600DDF949 /* Categories */,
				DDA758EE19081DE4007CD0DB /* General */,
				DD5B586C18D23DD200EEB474 /* Navigation */,
				DDA7589C1904F60A007CD0DB /* Services */,
				DD87616A1900FCA4005FEE4E /* Settings */,
				D46B22BB1B2F9F8600C90116 /* Launch Screen.storyboard */,
			);
			path = UTCS;
			sourceTree = "<group>";
		};
		0B9A263D1891D5E30032DA03 /* Supporting Files */ = {
			isa = PBXGroup;
			children = (
				D4EA6B801C473EF400D12294 /* Settings.bundle */,
				D4280C151B2E0E770090F8C6 /* UTCS-Bridging-Header.h */,
				D40654F31CB0741A002D98A3 /* UTCS-Prefix.pch */,
				0B9A263E1891D5E30032DA03 /* UTCS-Info.plist */,
				0B9A263F1891D5E30032DA03 /* InfoPlist.strings */,
			);
			name = "Supporting Files";
			path = UTCS;
			sourceTree = "<group>";
		};
		D406545D1CAF14EC002D98A3 /* Sample Responses */ = {
			isa = PBXGroup;
			children = (
				D406546C1CAF1ACA002D98A3 /* directory.json */,
				D40654601CAF15E8002D98A3 /* labs-layout.json */,
				D40654611CAF15E8002D98A3 /* labs.json */,
				D40654621CAF15E8002D98A3 /* news.json */,
				D40654631CAF15E8002D98A3 /* quota.json */,
				D406545E1CAF1598002D98A3 /* events.json */,
			);
			name = "Sample Responses";
			sourceTree = "<group>";
		};
		D409244B1C3CD1B600A81EBA /* View Controllers */ = {
			isa = PBXGroup;
			children = (
				883B80F11CACC73900810C52 /* AutomaticDimensionTableViewController.swift */,
				D46C7C481B4DFD14009F1EA1 /* HeaderTableViewController.swift */,
				D43377F91B4CBB1D00942581 /* TableViewController.swift */,
				886209CF1CACD183009180AD /* PhotoBackgroundTableViewController.swift */,
				D4BA71CD1B421819007C09F6 /* ContentViewController.swift */,
				D4EB63421C443FDF00C34774 /* ArticleViewController.swift */,
			);
			name = "View Controllers";
			sourceTree = "<group>";
		};
		D43C8B001B7851F90049C4D6 /* Tests */ = {
			isa = PBXGroup;
			children = (
				D406546A1CAF16AC002D98A3 /* ParseTests.swift */,
				D40654741CB04C55002D98A3 /* CoderTests.swift */,
				D40654681CAF1681002D98A3 /* AuthenticationTests.swift */,
				D406545D1CAF14EC002D98A3 /* Sample Responses */,
				D43C8B031B7851F90049C4D6 /* Info.plist */,
			);
			name = Tests;
			path = UTCSTests;
			sourceTree = "<group>";
		};
		DD5B586C18D23DD200EEB474 /* Navigation */ = {
			isa = PBXGroup;
			children = (
				D4BA71CA1B42107A007C09F6 /* MenuViewController.swift */,
				DDE561E118DC0C0E00C46480 /* VerticalMenuViewController.swift */,
				D43E864B1B37142700F6EA70 /* NavigationController.swift */,
				D4E77F511C405DC7007E2A42 /* MenuTableViewCell.swift */,
				D4EB63401C442F3A00C34774 /* NavigationBar.swift */,
				D4E78C651C98E3F000E0FB8C /* SlideNavigationAnimator.swift */,
				D4E78C671C98E91500E0FB8C /* NavigationControllerDelegate.swift */,
			);
			name = Navigation;
			path = Classes/ViewControllers;
			sourceTree = "<group>";
		};
		DD87615E18FDFE45005FEE4E /* News */ = {
			isa = PBXGroup;
			children = (
				D41A79201B5B38190049C683 /* NewsTableViewCell.xib */,
				D4E78C691C98F71900E0FB8C /* NewsTableViewCell.swift */,
				D46C7C4A1B4F454F009F1EA1 /* NewsViewController.swift */,
				D482C1AA1B3CDE8E00645C23 /* NewsArticleViewController.swift */,
				DD87615F18FDFE4A005FEE4E /* Models */,
			);
			name = News;
			sourceTree = "<group>";
		};
		DD87615F18FDFE4A005FEE4E /* Models */ = {
			isa = PBXGroup;
			children = (
				D4F2B9C61B5AFB6400D28C1D /* NewsDataSource.swift */,
				D4A89CF81B818B3600B9D7A5 /* NewsArticle.swift */,
				D46439071B7C63EC007BA5D0 /* NewsDataSourceParser.swift */,
			);
			name = Models;
			sourceTree = "<group>";
		};
		DD87616218FDFE97005FEE4E /* Events */ = {
			isa = PBXGroup;
			children = (
				D45FE5341B508F47000F2D59 /* EventsViewController.swift */,
				DD44659818E8254C00ED1153 /* EventViewController.swift */,
				D4EB63441C447E4E00C34774 /* EventView.xib */,
				DD87616318FDFE9F005FEE4E /* Models */,
			);
			name = Events;
			sourceTree = "<group>";
		};
		DD87616318FDFE9F005FEE4E /* Models */ = {
			isa = PBXGroup;
			children = (
				D46439051B7C627D007BA5D0 /* EventsDataSourceParser.swift */,
				D43C8B0D1B79197C0049C4D6 /* EventsDataSource.swift */,
				DD5B583B18D239F900EEB474 /* Event.swift */,
			);
			name = Models;
			sourceTree = "<group>";
		};
		DD8761661900FC4F005FEE4E /* Labs */ = {
			isa = PBXGroup;
			children = (
				DD9475C0190B22D30049FB8B /* Layouts */,
				DD8761691900FC5D005FEE4E /* Controllers */,
				DD8761681900FC59005FEE4E /* Views */,
				DD8761671900FC56005FEE4E /* Models */,
			);
			name = Labs;
			sourceTree = "<group>";
		};
		DD8761671900FC56005FEE4E /* Models */ = {
			isa = PBXGroup;
			children = (
				D43C8B0B1B7919680049C4D6 /* LabsDataSource.swift */,
				D46439091B7C6451007BA5D0 /* LabsDataSourceParser.swift */,
				DD83B58D18F3631A00EBDE06 /* LabMachine.swift */,
				DD9475BD190B1EDD0049FB8B /* UTCSLabViewLayout.h */,
				DD9475BE190B1EDD0049FB8B /* UTCSLabViewLayout.m */,
				DD9475C8190B38FC0049FB8B /* UTCSLabViewLayoutAttributes.h */,
				DD9475C9190B38FC0049FB8B /* UTCSLabViewLayoutAttributes.m */,
			);
			name = Models;
			sourceTree = "<group>";
		};
		DD8761681900FC59005FEE4E /* Views */ = {
			isa = PBXGroup;
			children = (
				DD9475C5190B38AC0049FB8B /* UTCSLabView.h */,
				DD9475C6190B38AC0049FB8B /* UTCSLabView.m */,
				DD9475CB190B3B250049FB8B /* UTCSLabMachineView.h */,
				DD9475CC190B3B250049FB8B /* UTCSLabMachineView.m */,
			);
			name = Views;
			sourceTree = "<group>";
		};
		DD8761691900FC5D005FEE4E /* Controllers */ = {
			isa = PBXGroup;
			children = (
				D46C7C4C1B4F4F2E009F1EA1 /* LabsViewController.swift */,
				DDA758E21906661D007CD0DB /* UTCSLabMachineViewController.h */,
				D4D5F5041B530A23005974A7 /* LabMachineViewController.swift */,
				DDA758E31906661D007CD0DB /* UTCSLabMachineViewController.m */,
			);
			name = Controllers;
			sourceTree = "<group>";
		};
		DD87616A1900FCA4005FEE4E /* Settings */ = {
			isa = PBXGroup;
			children = (
				D4D5F5071B530B7A005974A7 /* SettingsViewController.swift */,
				D44F34871B57DC9800D84D0B /* AboutViewController.swift */,
				883B80ED1CACB2F400810C52 /* Settings.storyboard */,
				886209D11CAD6DBC009180AD /* Preferences.swift */,
			);
			name = Settings;
			path = Classes;
			sourceTree = "<group>";
		};
		DD87616D1900FCD5005FEE4E /* Disk Quota */ = {
			isa = PBXGroup;
			children = (
				D43E86481B36869900F6EA70 /* DiskQuotaDataSourceParser.swift */,
				D4CDC8491B30EFD500D6E4CE /* DiskQuotaViewController.swift */,
				D4CDC84B1B30F3B400D6E4CE /* DiskQuotaView.xib */,
				D40C69791B7D3572005E3719 /* DiskQuotaDataSource.swift */,
				D40C697B1B7D363B005E3719 /* QuotaData.swift */,
			);
			name = "Disk Quota";
			sourceTree = "<group>";
		};
		DD87616F1900FCEF005FEE4E /* Directory */ = {
			isa = PBXGroup;
			children = (
				D4678A4A1B34CD2A00CC82E4 /* DirectoryDetailViewController.swift */,
				D4D5F5021B53076E005974A7 /* DirectoryViewController.swift */,
				DD8761701900FD02005FEE4E /* Models */,
				D40F95431C477A75003232A0 /* DirectoryTableViewCell.swift */,
			);
			name = Directory;
			sourceTree = "<group>";
		};
		DD8761701900FD02005FEE4E /* Models */ = {
			isa = PBXGroup;
			children = (
				D4D8C1F51B5F2BD4006E03CD /* DirectoryDataSource.swift */,
				D4D8C1F11B5F1179006E03CD /* DirectoryPerson.swift */,
				D4D8C1F31B5F28CC006E03CD /* DirectoryDataSourceParser.swift */,
			);
			name = Models;
			sourceTree = "<group>";
		};
		DD9475C0190B22D30049FB8B /* Layouts */ = {
			isa = PBXGroup;
			children = (
				DD9475C1190B26530049FB8B /* ThirdFloorLabLayout.plist */,
				DD9475CE190B8F830049FB8B /* BasementLabLayout.plist */,
			);
			name = Layouts;
			sourceTree = "<group>";
		};
		DD9475E0190CDFBC0049FB8B /* svg */ = {
			isa = PBXGroup;
			children = (
				DD9475E7190CE5DF0049FB8B /* cloud.svg */,
			);
			name = svg;
			sourceTree = "<group>";
		};
		DDA758891904D28D007CD0DB /* Resources */ = {
			isa = PBXGroup;
			children = (
				DDC4047B191886F000D17CBF /* Licenses */,
				DD9475E0190CDFBC0049FB8B /* svg */,
				DDA7588F1904D313007CD0DB /* App.xcassets */,
				886C2D451C215D580026E0CE /* Backgrounds.xcassets */,
				DDC404711917D42400D17CBF /* Icons.xcassets */,
				DDC4046B1917CC8C00D17CBF /* Event Headers.xcassets */,
				DD7CADD3192E65BD00566D6A /* Default Headers.xcassets */,
			);
			name = Resources;
			sourceTree = "<group>";
		};
		DDA7589C1904F60A007CD0DB /* Services */ = {
			isa = PBXGroup;
			children = (
				DD87615E18FDFE45005FEE4E /* News */,
				DD87616218FDFE97005FEE4E /* Events */,
				DD87616D1900FCD5005FEE4E /* Disk Quota */,
				DD8761661900FC4F005FEE4E /* Labs */,
				DD87616F1900FCEF005FEE4E /* Directory */,
			);
			name = Services;
			path = Classes;
			sourceTree = "<group>";
		};
		DDA758A61905E78D007CD0DB /* Cache */ = {
			isa = PBXGroup;
			children = (
				DD8989A51903141C000F1041 /* ServiceMetadata.swift */,
				DDA758941904D7C4007CD0DB /* ServiceCache.swift */,
			);
			name = Cache;
			sourceTree = "<group>";
		};
		DDA758EE19081DE4007CD0DB /* General */ = {
			isa = PBXGroup;
			children = (
				DDC2F5D219047748006011F0 /* Abstract */,
				D409244B1C3CD1B600A81EBA /* View Controllers */,
				DDA758F019081DFE007CD0DB /* Views */,
				DDA758EF19081DF3007CD0DB /* Models */,
			);
			name = General;
			path = Classes;
			sourceTree = "<group>";
		};
		DDA758EF19081DF3007CD0DB /* Models */ = {
			isa = PBXGroup;
			children = (
				D46439031B7C5CEA007BA5D0 /* DataSourceParser.swift */,
				D4A89CFC1B82F76900B9D7A5 /* ServiceDataSource.swift */,
				DD95E7611922955E0062F4E9 /* AuthenticationManager.swift */,
				D42D4DC71B704C9B00D4FD6D /* DataRequest.swift */,
				DDA758A61905E78D007CD0DB /* Cache */,
				D40924491C3CD0EB00A81EBA /* RequestAuthentication.swift */,
				D40654791CB06CDE002D98A3 /* Service.swift */,
			);
			name = Models;
			sourceTree = "<group>";
		};
		DDA758F019081DFE007CD0DB /* Views */ = {
			isa = PBXGroup;
			children = (
				D463C86B1B338E1C00E6A767 /* ServiceErrorView.swift */,
				D4280C1D1B2E29530090F8C6 /* ClearTableViewCell.swift */,
				D4280C161B2E0E780090F8C6 /* ActiveHeaderView.swift */,
				D4280C181B2E11130090F8C6 /* ActiveHeaderView.xib */,
				D42485881C40988E0031734D /* ArticleView.xib */,
				D463C86D1B338E5E00E6A767 /* ServiceErrorView.xib */,
			);
			name = Views;
			sourceTree = "<group>";
		};
		DDA94B6818C1D1C600DDF949 /* Categories */ = {
			isa = PBXGroup;
			children = (
				883B80F71CACCEBB00810C52 /* UIApplication+Version.swift */,
				D43950271C45942D007AA192 /* UIColor+UTCSColors.swift */,
				D4A89CF51B811F9900B9D7A5 /* UIBarButton+UTCSButton.swift */,
				88F088641CA607B2008BFB65 /* NSAttributedString+Trim.swift */,
				886209D31CAD8669009180AD /* UIImageView+Tinting.swift */,
				C9ADAF001CB6CB160099D68B /* UITableViewCell+Helpers.swift */,
				888E7FAF1CB7632D00EC75A6 /* HTMLSanitization.swift */,
			);
			name = Categories;
			sourceTree = "<group>";
		};
		DDC2F5D219047748006011F0 /* Abstract */ = {
			isa = PBXGroup;
			children = (
				D4D8C1EF1B5F10F5006E03CD /* Binnable.swift */,
			);
			name = Abstract;
			sourceTree = "<group>";
		};
		DDC4047B191886F000D17CBF /* Licenses */ = {
			isa = PBXGroup;
			children = (
				DD95E77B1926305C0062F4E9 /* DPMeterView-license.txt */,
				DD95E77C1926305C0062F4E9 /* FBShimmering-license.txt */,
				DD95E77D1926305C0062F4E9 /* FBTweaks-license.txt */,
				DD95E77E1926305C0062F4E9 /* JVFloatLabeledTextField-license.txt */,
				DD95E77F1926305C0062F4E9 /* MBProgressHUD-license.txt */,
				DD95E7801926305C0062F4E9 /* NMSSH-license.txt */,
				DD95E7811926305C0062F4E9 /* PocketSVG-license.txt */,
				DD95E7821926305C0062F4E9 /* pop-license.txt */,
				DD95E7831926305C0062F4E9 /* RQShineLabel-license.txt */,
				DDC4047C1918875200D17CBF /* AFNetworking-license.txt */,
			);
			name = Licenses;
			sourceTree = "<group>";
		};
/* End PBXGroup section */

/* Begin PBXNativeTarget section */
		0B9A26321891D5E30032DA03 /* UTCS */ = {
			isa = PBXNativeTarget;
			buildConfigurationList = 0B9A265F1891D5E30032DA03 /* Build configuration list for PBXNativeTarget "UTCS" */;
			buildPhases = (
				85F884561CDFE656C8C0ABED /* 📦 Check Pods Manifest.lock */,
				0B9A262F1891D5E30032DA03 /* Sources */,
				0B9A26301891D5E30032DA03 /* Frameworks */,
				0B9A26311891D5E30032DA03 /* Resources */,
				D4F4CEDC1C2B222B00220E39 /* ShellScript */,
				A90D23A41C7D3C085558F7AC /* 📦 Embed Pods Frameworks */,
				67D44ABBB343F9896E11E806 /* 📦 Copy Pods Resources */,
			);
			buildRules = (
			);
			dependencies = (
			);
			name = UTCS;
			productName = UTCS;
			productReference = 0B9A26331891D5E30032DA03 /* UTCS.app */;
			productType = "com.apple.product-type.application";
		};
		D43C8AFE1B7851F80049C4D6 /* UTCSTests */ = {
			isa = PBXNativeTarget;
			buildConfigurationList = D43C8B061B7851F90049C4D6 /* Build configuration list for PBXNativeTarget "UTCSTests" */;
			buildPhases = (
				86914B58DF2D1C0ADA3A7184 /* 📦 Check Pods Manifest.lock */,
				D43C8AFB1B7851F80049C4D6 /* Sources */,
				D43C8AFC1B7851F80049C4D6 /* Frameworks */,
				D43C8AFD1B7851F80049C4D6 /* Resources */,
				4EFA714E1E6AA0ECF2E2D13D /* 📦 Embed Pods Frameworks */,
				48CABF856E3CF6F526D38C34 /* 📦 Copy Pods Resources */,
			);
			buildRules = (
			);
			dependencies = (
				D43C8B051B7851F90049C4D6 /* PBXTargetDependency */,
			);
			name = UTCSTests;
			productName = UTCSTests;
			productReference = D43C8AFF1B7851F80049C4D6 /* UTCSTests.xctest */;
			productType = "com.apple.product-type.bundle.unit-test";
		};
/* End PBXNativeTarget section */

/* Begin PBXProject section */
		0B9A262B1891D5E30032DA03 /* Project object */ = {
			isa = PBXProject;
			attributes = {
				CLASSPREFIX = UTCS;
				LastSwiftUpdateCheck = 0730;
				LastUpgradeCheck = 0700;
				ORGANIZATIONNAME = UTCS;
				TargetAttributes = {
					0B9A26321891D5E30032DA03 = {
						DevelopmentTeam = RB2R7U7P8Z;
						SystemCapabilities = {
							com.apple.DataProtection = {
								enabled = 1;
							};
							com.apple.InAppPurchase = {
								enabled = 0;
							};
						};
					};
					D43C8AFE1B7851F80049C4D6 = {
						CreatedOnToolsVersion = 7.0;
						TestTargetID = 0B9A26321891D5E30032DA03;
					};
				};
			};
			buildConfigurationList = 0B9A262E1891D5E30032DA03 /* Build configuration list for PBXProject "UTCS" */;
			compatibilityVersion = "Xcode 3.2";
			developmentRegion = English;
			hasScannedForEncodings = 0;
			knownRegions = (
				en,
			);
			mainGroup = 0B9A262A1891D5E30032DA03;
			productRefGroup = 0B9A26341891D5E30032DA03 /* Products */;
			projectDirPath = "";
			projectRoot = "";
			targets = (
				0B9A26321891D5E30032DA03 /* UTCS */,
				D43C8AFE1B7851F80049C4D6 /* UTCSTests */,
			);
		};
/* End PBXProject section */

/* Begin PBXResourcesBuildPhase section */
		0B9A26311891D5E30032DA03 /* Resources */ = {
			isa = PBXResourcesBuildPhase;
			buildActionMask = 2147483647;
			files = (
				D4CDC84C1B30F3B400D6E4CE /* DiskQuotaView.xib in Resources */,
				DD95E78C1926305C0062F4E9 /* RQShineLabel-license.txt in Resources */,
				DDC4046C1917CC8C00D17CBF /* Event Headers.xcassets in Resources */,
				DD95E7861926305C0062F4E9 /* FBTweaks-license.txt in Resources */,
				883B80EE1CACB2F400810C52 /* Settings.storyboard in Resources */,
				DD95E78B1926305C0062F4E9 /* pop-license.txt in Resources */,
				D41A79211B5B38190049C683 /* NewsTableViewCell.xib in Resources */,
				DD95E7841926305C0062F4E9 /* DPMeterView-license.txt in Resources */,
				DD95E7851926305C0062F4E9 /* FBShimmering-license.txt in Resources */,
				DDA758901904D313007CD0DB /* App.xcassets in Resources */,
				DD95E7891926305C0062F4E9 /* NMSSH-license.txt in Resources */,
				D42485891C40988E0031734D /* ArticleView.xib in Resources */,
				DD9475E8190CE5DF0049FB8B /* cloud.svg in Resources */,
				886C2D461C215D580026E0CE /* Backgrounds.xcassets in Resources */,
				D40654FC1CB07840002D98A3 /* events.json in Resources */,
				D40654FA1CB07840002D98A3 /* news.json in Resources */,
				DD95E7881926305C0062F4E9 /* MBProgressHUD-license.txt in Resources */,
				DD7CADD4192E65BD00566D6A /* Default Headers.xcassets in Resources */,
				DD9475CF190B8F830049FB8B /* BasementLabLayout.plist in Resources */,
				DD95E78A1926305C0062F4E9 /* PocketSVG-license.txt in Resources */,
				D4EB63451C447E4E00C34774 /* EventView.xib in Resources */,
				DDC4047D1918875200D17CBF /* AFNetworking-license.txt in Resources */,
				DD95E7871926305C0062F4E9 /* JVFloatLabeledTextField-license.txt in Resources */,
				0B9A26411891D5E30032DA03 /* InfoPlist.strings in Resources */,
				D40654F71CB07840002D98A3 /* directory.json in Resources */,
				D40654F81CB07840002D98A3 /* labs-layout.json in Resources */,
				D463C86E1B338E5E00E6A767 /* ServiceErrorView.xib in Resources */,
				D46B22BC1B2F9F8600C90116 /* Launch Screen.storyboard in Resources */,
				D4280C191B2E11130090F8C6 /* ActiveHeaderView.xib in Resources */,
				DDC404721917D42400D17CBF /* Icons.xcassets in Resources */,
				D40654FB1CB07840002D98A3 /* quota.json in Resources */,
				D4EA6B811C473EF400D12294 /* Settings.bundle in Resources */,
				D40654F91CB07840002D98A3 /* labs.json in Resources */,
				DD9475C2190B26530049FB8B /* ThirdFloorLabLayout.plist in Resources */,
			);
			runOnlyForDeploymentPostprocessing = 0;
		};
		D43C8AFD1B7851F80049C4D6 /* Resources */ = {
			isa = PBXResourcesBuildPhase;
			buildActionMask = 2147483647;
			files = (
				D406546D1CAF1ACA002D98A3 /* directory.json in Resources */,
				D406546E1CAF1B4E002D98A3 /* labs-layout.json in Resources */,
				D40654721CAF1B4E002D98A3 /* events.json in Resources */,
				D40654711CAF1B4E002D98A3 /* quota.json in Resources */,
				D40654701CAF1B4E002D98A3 /* news.json in Resources */,
				D406546F1CAF1B4E002D98A3 /* labs.json in Resources */,
			);
			runOnlyForDeploymentPostprocessing = 0;
		};
/* End PBXResourcesBuildPhase section */

/* Begin PBXShellScriptBuildPhase section */
		48CABF856E3CF6F526D38C34 /* 📦 Copy Pods Resources */ = {
			isa = PBXShellScriptBuildPhase;
			buildActionMask = 2147483647;
			files = (
			);
			inputPaths = (
			);
			name = "📦 Copy Pods Resources";
			outputPaths = (
			);
			runOnlyForDeploymentPostprocessing = 0;
			shellPath = /bin/sh;
			shellScript = "\"${SRCROOT}/Pods/Target Support Files/Pods-UTCSTests/Pods-UTCSTests-resources.sh\"\n";
			showEnvVarsInLog = 0;
		};
		4EFA714E1E6AA0ECF2E2D13D /* 📦 Embed Pods Frameworks */ = {
			isa = PBXShellScriptBuildPhase;
			buildActionMask = 2147483647;
			files = (
			);
			inputPaths = (
			);
			name = "📦 Embed Pods Frameworks";
			outputPaths = (
			);
			runOnlyForDeploymentPostprocessing = 0;
			shellPath = /bin/sh;
			shellScript = "\"${SRCROOT}/Pods/Target Support Files/Pods-UTCSTests/Pods-UTCSTests-frameworks.sh\"\n";
			showEnvVarsInLog = 0;
		};
		67D44ABBB343F9896E11E806 /* 📦 Copy Pods Resources */ = {
			isa = PBXShellScriptBuildPhase;
			buildActionMask = 2147483647;
			files = (
			);
			inputPaths = (
			);
			name = "📦 Copy Pods Resources";
			outputPaths = (
			);
			runOnlyForDeploymentPostprocessing = 0;
			shellPath = /bin/sh;
			shellScript = "\"${SRCROOT}/Pods/Target Support Files/Pods-UTCS/Pods-UTCS-resources.sh\"\n";
			showEnvVarsInLog = 0;
		};
		85F884561CDFE656C8C0ABED /* 📦 Check Pods Manifest.lock */ = {
			isa = PBXShellScriptBuildPhase;
			buildActionMask = 2147483647;
			files = (
			);
			inputPaths = (
			);
			name = "📦 Check Pods Manifest.lock";
			outputPaths = (
			);
			runOnlyForDeploymentPostprocessing = 0;
			shellPath = /bin/sh;
			shellScript = "diff \"${PODS_ROOT}/../Podfile.lock\" \"${PODS_ROOT}/Manifest.lock\" > /dev/null\nif [[ $? != 0 ]] ; then\n    cat << EOM\nerror: The sandbox is not in sync with the Podfile.lock. Run 'pod install' or update your CocoaPods installation.\nEOM\n    exit 1\nfi\n";
			showEnvVarsInLog = 0;
		};
		86914B58DF2D1C0ADA3A7184 /* 📦 Check Pods Manifest.lock */ = {
			isa = PBXShellScriptBuildPhase;
			buildActionMask = 2147483647;
			files = (
			);
			inputPaths = (
			);
			name = "📦 Check Pods Manifest.lock";
			outputPaths = (
			);
			runOnlyForDeploymentPostprocessing = 0;
			shellPath = /bin/sh;
			shellScript = "diff \"${PODS_ROOT}/../Podfile.lock\" \"${PODS_ROOT}/Manifest.lock\" > /dev/null\nif [[ $? != 0 ]] ; then\n    cat << EOM\nerror: The sandbox is not in sync with the Podfile.lock. Run 'pod install' or update your CocoaPods installation.\nEOM\n    exit 1\nfi\n";
			showEnvVarsInLog = 0;
		};
		A90D23A41C7D3C085558F7AC /* 📦 Embed Pods Frameworks */ = {
			isa = PBXShellScriptBuildPhase;
			buildActionMask = 2147483647;
			files = (
			);
			inputPaths = (
			);
			name = "📦 Embed Pods Frameworks";
			outputPaths = (
			);
			runOnlyForDeploymentPostprocessing = 0;
			shellPath = /bin/sh;
			shellScript = "\"${SRCROOT}/Pods/Target Support Files/Pods-UTCS/Pods-UTCS-frameworks.sh\"\n";
			showEnvVarsInLog = 0;
		};
		D4F4CEDC1C2B222B00220E39 /* ShellScript */ = {
			isa = PBXShellScriptBuildPhase;
			buildActionMask = 2147483647;
			files = (
			);
			inputPaths = (
			);
			outputPaths = (
			);
			runOnlyForDeploymentPostprocessing = 0;
			shellPath = /bin/sh;
			shellScript = "if which swiftlint >/dev/null; then\nswiftlint\nelse\necho \"SwiftLint does not exist, download from https://github.com/realm/SwiftLint\"\nfi";
		};
/* End PBXShellScriptBuildPhase section */

/* Begin PBXSourcesBuildPhase section */
		0B9A262F1891D5E30032DA03 /* Sources */ = {
			isa = PBXSourcesBuildPhase;
			buildActionMask = 2147483647;
			files = (
				D4D8C1F41B5F28CC006E03CD /* DirectoryDataSourceParser.swift in Sources */,
				DD44659918E8254C00ED1153 /* EventViewController.swift in Sources */,
				D463C86C1B338E1C00E6A767 /* ServiceErrorView.swift in Sources */,
				D40C697A1B7D3572005E3719 /* DiskQuotaDataSource.swift in Sources */,
				D40654731CB03C4C002D98A3 /* LabMachine.swift in Sources */,
				DD9475CA190B38FC0049FB8B /* UTCSLabViewLayoutAttributes.m in Sources */,
				D45FE5351B508F47000F2D59 /* EventsViewController.swift in Sources */,
				886209D41CAD8669009180AD /* UIImageView+Tinting.swift in Sources */,
				D482C1AB1B3CDE8E00645C23 /* NewsArticleViewController.swift in Sources */,
				D43C8B0E1B79197C0049C4D6 /* EventsDataSource.swift in Sources */,
				D40F95441C477A75003232A0 /* DirectoryTableViewCell.swift in Sources */,
				D4C39C341B364A320009AA25 /* DirectoryDetailViewController.swift in Sources */,
				DD95E7621922955E0062F4E9 /* AuthenticationManager.swift in Sources */,
				D4D5F5031B53076E005974A7 /* DirectoryViewController.swift in Sources */,
				D4E78C6A1C98F71900E0FB8C /* NewsTableViewCell.swift in Sources */,
				D46439041B7C5CEA007BA5D0 /* DataSourceParser.swift in Sources */,
				D42D4DC81B704C9B00D4FD6D /* DataRequest.swift in Sources */,
				D46C7C491B4DFD14009F1EA1 /* HeaderTableViewController.swift in Sources */,
				D4D5F5081B530B7A005974A7 /* SettingsViewController.swift in Sources */,
				DDE561E218DC0C0E00C46480 /* VerticalMenuViewController.swift in Sources */,
				D43C8B0C1B7919680049C4D6 /* LabsDataSource.swift in Sources */,
				D43950281C45942D007AA192 /* UIColor+UTCSColors.swift in Sources */,
				D409244D1C3CD93E00A81EBA /* Constants.swift in Sources */,
				D46C7C4B1B4F454F009F1EA1 /* NewsViewController.swift in Sources */,
				D4F2B9C71B5AFB6400D28C1D /* NewsDataSource.swift in Sources */,
				883B80F01CACC2FB00810C52 /* Social.swift in Sources */,
				883B80F81CACCEBB00810C52 /* UIApplication+Version.swift in Sources */,
				DD5B585418D239F900EEB474 /* Event.swift in Sources */,
				D40C697C1B7D363B005E3719 /* QuotaData.swift in Sources */,
				D4280C211B2E38D50090F8C6 /* AppDelegate.swift in Sources */,
				D43377FA1B4CBB1D00942581 /* TableViewController.swift in Sources */,
				DD9475BF190B1EDD0049FB8B /* UTCSLabViewLayout.m in Sources */,
				DD9475C7190B38AC0049FB8B /* UTCSLabView.m in Sources */,
				D4BA71CB1B42107A007C09F6 /* MenuViewController.swift in Sources */,
				DD8989A61903141C000F1041 /* ServiceMetadata.swift in Sources */,
				D4BA71CE1B421819007C09F6 /* ContentViewController.swift in Sources */,
				D4E77F521C405DC7007E2A42 /* MenuTableViewCell.swift in Sources */,
				D406547A1CB06CDE002D98A3 /* Service.swift in Sources */,
				D4A89CF71B812AFA00B9D7A5 /* UIBarButton+UTCSButton.swift in Sources */,
				D43E864C1B37142700F6EA70 /* NavigationController.swift in Sources */,
				DD9475CD190B3B250049FB8B /* UTCSLabMachineView.m in Sources */,
				D46439061B7C627D007BA5D0 /* EventsDataSourceParser.swift in Sources */,
				D4EB63431C443FDF00C34774 /* ArticleViewController.swift in Sources */,
				88F088651CA607B2008BFB65 /* NSAttributedString+Trim.swift in Sources */,
				D4EB63411C442F3A00C34774 /* NavigationBar.swift in Sources */,
				D4D8C1F21B5F1179006E03CD /* DirectoryPerson.swift in Sources */,
				D4D8C1F61B5F2BD4006E03CD /* DirectoryDataSource.swift in Sources */,
				D4E78C681C98E91500E0FB8C /* NavigationControllerDelegate.swift in Sources */,
				D4D8C1F01B5F10F5006E03CD /* Binnable.swift in Sources */,
				D4E78C661C98E3F000E0FB8C /* SlideNavigationAnimator.swift in Sources */,
				888E7FB01CB7632D00EC75A6 /* HTMLSanitization.swift in Sources */,
				DDA758951904D7C4007CD0DB /* ServiceCache.swift in Sources */,
				D46439081B7C63EC007BA5D0 /* NewsDataSourceParser.swift in Sources */,
				883B80F21CACC73900810C52 /* AutomaticDimensionTableViewController.swift in Sources */,
				D43E864A1B36874800F6EA70 /* DiskQuotaDataSourceParser.swift in Sources */,
				886209D01CACD183009180AD /* PhotoBackgroundTableViewController.swift in Sources */,
				D4A89CF91B818B3600B9D7A5 /* NewsArticle.swift in Sources */,
				886209D21CAD6DBC009180AD /* Preferences.swift in Sources */,
				D464390A1B7C6451007BA5D0 /* LabsDataSourceParser.swift in Sources */,
				D4CDC84A1B30EFD500D6E4CE /* DiskQuotaViewController.swift in Sources */,
				D4280C171B2E0E780090F8C6 /* ActiveHeaderView.swift in Sources */,
				D4A89CFD1B82F76900B9D7A5 /* ServiceDataSource.swift in Sources */,
				D409244A1C3CD0EB00A81EBA /* RequestAuthentication.swift in Sources */,
				D44F34881B57DC9800D84D0B /* AboutViewController.swift in Sources */,
				D4280C1E1B2E29530090F8C6 /* ClearTableViewCell.swift in Sources */,
				D43950291C45947E007AA192 /* LabsViewController.swift in Sources */,
				D4F2B9C51B5AED5500D28C1D /* UTCSLabMachineViewController.m in Sources */,
				C9ADAF011CB6CB160099D68B /* UITableViewCell+Helpers.swift in Sources */,
			);
			runOnlyForDeploymentPostprocessing = 0;
		};
		D43C8AFB1B7851F80049C4D6 /* Sources */ = {
			isa = PBXSourcesBuildPhase;
			buildActionMask = 2147483647;
			files = (
				D40654691CAF1681002D98A3 /* AuthenticationTests.swift in Sources */,
				D40654761CB04C5A002D98A3 /* CoderTests.swift in Sources */,
				D406546B1CAF16AC002D98A3 /* ParseTests.swift in Sources */,
			);
			runOnlyForDeploymentPostprocessing = 0;
		};
/* End PBXSourcesBuildPhase section */

/* Begin PBXTargetDependency section */
		D43C8B051B7851F90049C4D6 /* PBXTargetDependency */ = {
			isa = PBXTargetDependency;
			target = 0B9A26321891D5E30032DA03 /* UTCS */;
			targetProxy = D43C8B041B7851F90049C4D6 /* PBXContainerItemProxy */;
		};
/* End PBXTargetDependency section */

/* Begin PBXVariantGroup section */
		0B9A263F1891D5E30032DA03 /* InfoPlist.strings */ = {
			isa = PBXVariantGroup;
			children = (
				0B9A26401891D5E30032DA03 /* en */,
			);
			name = InfoPlist.strings;
			sourceTree = "<group>";
		};
/* End PBXVariantGroup section */

/* Begin XCBuildConfiguration section */
		0B9A265D1891D5E30032DA03 /* Debug */ = {
			isa = XCBuildConfiguration;
			buildSettings = {
				ALWAYS_SEARCH_USER_PATHS = NO;
				CLANG_CXX_LANGUAGE_STANDARD = "gnu++0x";
				CLANG_CXX_LIBRARY = "libc++";
				CLANG_ENABLE_MODULES = YES;
				CLANG_ENABLE_OBJC_ARC = YES;
				CLANG_WARN_BOOL_CONVERSION = YES;
				CLANG_WARN_CONSTANT_CONVERSION = YES;
				CLANG_WARN_DIRECT_OBJC_ISA_USAGE = YES_ERROR;
				CLANG_WARN_EMPTY_BODY = YES;
				CLANG_WARN_ENUM_CONVERSION = YES;
				CLANG_WARN_INT_CONVERSION = YES;
				CLANG_WARN_OBJC_ROOT_CLASS = YES_ERROR;
				CLANG_WARN__DUPLICATE_METHOD_MATCH = YES;
				CODE_SIGN_IDENTITY = "iPhone Developer";
				"CODE_SIGN_IDENTITY[sdk=iphoneos*]" = "iPhone Developer";
				COPY_PHASE_STRIP = NO;
				ENABLE_TESTABILITY = YES;
				GCC_C_LANGUAGE_STANDARD = gnu99;
				GCC_DYNAMIC_NO_PIC = NO;
				GCC_OPTIMIZATION_LEVEL = 0;
				GCC_PREPROCESSOR_DEFINITIONS = (
					"DEBUG=1",
					"$(inherited)",
				);
				GCC_SYMBOLS_PRIVATE_EXTERN = NO;
				GCC_WARN_64_TO_32_BIT_CONVERSION = YES;
				GCC_WARN_ABOUT_RETURN_TYPE = YES_ERROR;
				GCC_WARN_UNDECLARED_SELECTOR = YES;
				GCC_WARN_UNINITIALIZED_AUTOS = YES;
				GCC_WARN_UNUSED_FUNCTION = YES;
				GCC_WARN_UNUSED_VARIABLE = YES;
				HEADER_SEARCH_PATHS = (
					"$(inherited)",
					/Applications/Xcode.app/Contents/Developer/Toolchains/XcodeDefault.xctoolchain/usr/include,
				);
				IPHONEOS_DEPLOYMENT_TARGET = 9.1;
				ONLY_ACTIVE_ARCH = YES;
				OTHER_LDFLAGS = "$(inherited)";
				SDKROOT = iphoneos;
				TARGETED_DEVICE_FAMILY = "1,2";
			};
			name = Debug;
		};
		0B9A265E1891D5E30032DA03 /* Release */ = {
			isa = XCBuildConfiguration;
			buildSettings = {
				ALWAYS_SEARCH_USER_PATHS = NO;
				CLANG_CXX_LANGUAGE_STANDARD = "gnu++0x";
				CLANG_CXX_LIBRARY = "libc++";
				CLANG_ENABLE_MODULES = YES;
				CLANG_ENABLE_OBJC_ARC = YES;
				CLANG_WARN_BOOL_CONVERSION = YES;
				CLANG_WARN_CONSTANT_CONVERSION = YES;
				CLANG_WARN_DIRECT_OBJC_ISA_USAGE = YES_ERROR;
				CLANG_WARN_EMPTY_BODY = YES;
				CLANG_WARN_ENUM_CONVERSION = YES;
				CLANG_WARN_INT_CONVERSION = YES;
				CLANG_WARN_OBJC_ROOT_CLASS = YES_ERROR;
				CLANG_WARN__DUPLICATE_METHOD_MATCH = YES;
				CODE_SIGN_IDENTITY = "iPhone Developer";
				"CODE_SIGN_IDENTITY[sdk=iphoneos*]" = "iPhone Developer";
				COPY_PHASE_STRIP = YES;
				ENABLE_NS_ASSERTIONS = NO;
				GCC_C_LANGUAGE_STANDARD = gnu99;
				GCC_WARN_64_TO_32_BIT_CONVERSION = YES;
				GCC_WARN_ABOUT_RETURN_TYPE = YES_ERROR;
				GCC_WARN_UNDECLARED_SELECTOR = YES;
				GCC_WARN_UNINITIALIZED_AUTOS = YES;
				GCC_WARN_UNUSED_FUNCTION = YES;
				GCC_WARN_UNUSED_VARIABLE = YES;
				HEADER_SEARCH_PATHS = (
					"$(inherited)",
					/Applications/Xcode.app/Contents/Developer/Toolchains/XcodeDefault.xctoolchain/usr/include,
				);
				IPHONEOS_DEPLOYMENT_TARGET = 9.1;
				OTHER_LDFLAGS = "$(inherited)";
				SDKROOT = iphoneos;
				TARGETED_DEVICE_FAMILY = "1,2";
				VALIDATE_PRODUCT = YES;
			};
			name = Release;
		};
		0B9A26601891D5E30032DA03 /* Debug */ = {
			isa = XCBuildConfiguration;
			baseConfigurationReference = 7DB5C56FA610E1ED4C72FE70 /* Pods-UTCS.debug.xcconfig */;
			buildSettings = {
				ALWAYS_SEARCH_USER_PATHS = NO;
				ASSETCATALOG_COMPILER_APPICON_NAME = AppIcon;
				ASSETCATALOG_COMPILER_LAUNCHIMAGE_NAME = LaunchImage;
				CLANG_ENABLE_MODULES = YES;
				CODE_SIGN_IDENTITY = "iPhone Developer";
				"CODE_SIGN_IDENTITY[sdk=iphoneos*]" = "iPhone Developer";
				FRAMEWORK_SEARCH_PATHS = (
					"$(inherited)",
					"$(PROJECT_DIR)",
				);
				GCC_PRECOMPILE_PREFIX_HEADER = YES;
				GCC_PREFIX_HEADER = "UTCS/UTCS-Prefix.pch";
				HEADER_SEARCH_PATHS = "$(inherited)";
				INFOPLIST_FILE = "UTCS/UTCS-Info.plist";
				IPHONEOS_DEPLOYMENT_TARGET = 9.0;
				LD_RUNPATH_SEARCH_PATHS = "$(inherited) @executable_path/Frameworks";
				LIBRARY_SEARCH_PATHS = (
					"$(inherited)",
					"$(PROJECT_DIR)",
				);
				OTHER_LDFLAGS = (
					"$(inherited)",
					"-lc++",
					"-mthumb",
				);
				PRODUCT_BUNDLE_IDENTIFIER = com.UTCS.UTCS;
				PRODUCT_NAME = "$(TARGET_NAME)";
				PROVISIONING_PROFILE = "";
				SWIFT_OBJC_BRIDGING_HEADER = "UTCS/Classes/UTCS-Bridging-Header.h";
				SWIFT_OPTIMIZATION_LEVEL = "-Onone";
				TARGETED_DEVICE_FAMILY = 1;
				USER_HEADER_SEARCH_PATHS = "";
				WRAPPER_EXTENSION = app;
			};
			name = Debug;
		};
		0B9A26611891D5E30032DA03 /* Release */ = {
			isa = XCBuildConfiguration;
			baseConfigurationReference = 0A98BBCB98334D9109245C99 /* Pods-UTCS.release.xcconfig */;
			buildSettings = {
				ALWAYS_SEARCH_USER_PATHS = NO;
				ASSETCATALOG_COMPILER_APPICON_NAME = AppIcon;
				ASSETCATALOG_COMPILER_LAUNCHIMAGE_NAME = LaunchImage;
				CLANG_ENABLE_MODULES = YES;
				CODE_SIGN_IDENTITY = "iPhone Developer";
				"CODE_SIGN_IDENTITY[sdk=iphoneos*]" = "iPhone Developer";
				FRAMEWORK_SEARCH_PATHS = (
					"$(inherited)",
					"$(PROJECT_DIR)",
				);
				GCC_PRECOMPILE_PREFIX_HEADER = YES;
				GCC_PREFIX_HEADER = "UTCS/UTCS-Prefix.pch";
				HEADER_SEARCH_PATHS = "$(inherited)";
				INFOPLIST_FILE = "UTCS/UTCS-Info.plist";
				IPHONEOS_DEPLOYMENT_TARGET = 9.0;
				LD_RUNPATH_SEARCH_PATHS = "$(inherited) @executable_path/Frameworks";
				LIBRARY_SEARCH_PATHS = (
					"$(inherited)",
					"$(PROJECT_DIR)",
				);
				OTHER_LDFLAGS = (
					"$(inherited)",
					"-lc++",
					"-mthumb",
				);
				PRODUCT_BUNDLE_IDENTIFIER = com.UTCS.UTCS;
				PRODUCT_NAME = "$(TARGET_NAME)";
				PROVISIONING_PROFILE = "";
				SWIFT_OBJC_BRIDGING_HEADER = "UTCS/Classes/UTCS-Bridging-Header.h";
				TARGETED_DEVICE_FAMILY = 1;
				USER_HEADER_SEARCH_PATHS = "";
				WRAPPER_EXTENSION = app;
			};
			name = Release;
		};
		D40654F41CB0754A002D98A3 /* Offline Debug */ = {
			isa = XCBuildConfiguration;
			buildSettings = {
				ALWAYS_SEARCH_USER_PATHS = NO;
				CLANG_CXX_LANGUAGE_STANDARD = "gnu++0x";
				CLANG_CXX_LIBRARY = "libc++";
				CLANG_ENABLE_MODULES = YES;
				CLANG_ENABLE_OBJC_ARC = YES;
				CLANG_WARN_BOOL_CONVERSION = YES;
				CLANG_WARN_CONSTANT_CONVERSION = YES;
				CLANG_WARN_DIRECT_OBJC_ISA_USAGE = YES_ERROR;
				CLANG_WARN_EMPTY_BODY = YES;
				CLANG_WARN_ENUM_CONVERSION = YES;
				CLANG_WARN_INT_CONVERSION = YES;
				CLANG_WARN_OBJC_ROOT_CLASS = YES_ERROR;
				CLANG_WARN__DUPLICATE_METHOD_MATCH = YES;
				CODE_SIGN_IDENTITY = "iPhone Developer";
				"CODE_SIGN_IDENTITY[sdk=iphoneos*]" = "iPhone Developer";
				COPY_PHASE_STRIP = NO;
				ENABLE_TESTABILITY = YES;
				GCC_C_LANGUAGE_STANDARD = gnu99;
				GCC_DYNAMIC_NO_PIC = NO;
				GCC_OPTIMIZATION_LEVEL = 0;
				GCC_PREPROCESSOR_DEFINITIONS = (
					"DEBUG=1",
					"$(inherited)",
				);
				GCC_SYMBOLS_PRIVATE_EXTERN = NO;
				GCC_WARN_64_TO_32_BIT_CONVERSION = YES;
				GCC_WARN_ABOUT_RETURN_TYPE = YES_ERROR;
				GCC_WARN_UNDECLARED_SELECTOR = YES;
				GCC_WARN_UNINITIALIZED_AUTOS = YES;
				GCC_WARN_UNUSED_FUNCTION = YES;
				GCC_WARN_UNUSED_VARIABLE = YES;
				HEADER_SEARCH_PATHS = (
					"$(inherited)",
					/Applications/Xcode.app/Contents/Developer/Toolchains/XcodeDefault.xctoolchain/usr/include,
				);
				IPHONEOS_DEPLOYMENT_TARGET = 9.1;
				ONLY_ACTIVE_ARCH = YES;
				OTHER_LDFLAGS = "$(inherited)";
				SDKROOT = iphoneos;
				TARGETED_DEVICE_FAMILY = "1,2";
			};
			name = "Offline Debug";
		};
		D40654F51CB0754A002D98A3 /* Offline Debug */ = {
			isa = XCBuildConfiguration;
			baseConfigurationReference = BE5B70B9546C98012DD986FE /* Pods-UTCS.offline debug.xcconfig */;
			buildSettings = {
				ALWAYS_SEARCH_USER_PATHS = NO;
				ASSETCATALOG_COMPILER_APPICON_NAME = AppIcon;
				ASSETCATALOG_COMPILER_LAUNCHIMAGE_NAME = LaunchImage;
				CLANG_ENABLE_MODULES = YES;
				CODE_SIGN_IDENTITY = "iPhone Developer";
				"CODE_SIGN_IDENTITY[sdk=iphoneos*]" = "iPhone Developer";
				FRAMEWORK_SEARCH_PATHS = (
					"$(inherited)",
					"$(PROJECT_DIR)",
				);
				GCC_PRECOMPILE_PREFIX_HEADER = YES;
				GCC_PREFIX_HEADER = "UTCS/UTCS-Prefix.pch";
				GCC_PREPROCESSOR_DEFINITIONS = (
					"$(inherited)",
					"COCOAPODS=1",
				);
				HEADER_SEARCH_PATHS = "$(inherited)";
				INFOPLIST_FILE = "UTCS/UTCS-Info.plist";
				IPHONEOS_DEPLOYMENT_TARGET = 9.0;
				LD_RUNPATH_SEARCH_PATHS = "$(inherited) @executable_path/Frameworks";
				LIBRARY_SEARCH_PATHS = (
					"$(inherited)",
					"$(PROJECT_DIR)",
				);
				OTHER_LDFLAGS = (
					"$(inherited)",
					"-lc++",
					"-mthumb",
				);
				OTHER_SWIFT_FLAGS = "$(inherited) \"-D\" \"USE_OFFLINE_RESPONSES_ONLY\"";
				PRODUCT_BUNDLE_IDENTIFIER = com.UTCS.UTCS;
				PRODUCT_NAME = "$(TARGET_NAME)";
				PROVISIONING_PROFILE = "";
				SWIFT_OBJC_BRIDGING_HEADER = "UTCS/Classes/UTCS-Bridging-Header.h";
				SWIFT_OPTIMIZATION_LEVEL = "-Onone";
				TARGETED_DEVICE_FAMILY = 1;
				USER_HEADER_SEARCH_PATHS = "";
				WRAPPER_EXTENSION = app;
			};
			name = "Offline Debug";
		};
		D40654F61CB0754A002D98A3 /* Offline Debug */ = {
			isa = XCBuildConfiguration;
			baseConfigurationReference = 5F8461BAC659D6CB8CF74CF6 /* Pods-UTCSTests.offline debug.xcconfig */;
			buildSettings = {
				BUNDLE_LOADER = "$(TEST_HOST)";
				CLANG_ENABLE_MODULES = YES;
				CLANG_WARN_UNREACHABLE_CODE = YES;
				DEBUG_INFORMATION_FORMAT = dwarf;
				ENABLE_STRICT_OBJC_MSGSEND = YES;
				GCC_NO_COMMON_BLOCKS = YES;
				GCC_WARN_UNINITIALIZED_AUTOS = YES_AGGRESSIVE;
				INFOPLIST_FILE = UTCSTests/Info.plist;
				IPHONEOS_DEPLOYMENT_TARGET = 9.0;
				LD_RUNPATH_SEARCH_PATHS = "$(inherited) @executable_path/Frameworks @loader_path/Frameworks";
				MTL_ENABLE_DEBUG_INFO = YES;
				PRODUCT_BUNDLE_IDENTIFIER = mad.UTCSTests;
				PRODUCT_NAME = "$(TARGET_NAME)";
				SWIFT_OPTIMIZATION_LEVEL = "-Onone";
				TEST_HOST = "$(BUILT_PRODUCTS_DIR)/UTCS.app/UTCS";
			};
			name = "Offline Debug";
		};
		D43C8B071B7851F90049C4D6 /* Debug */ = {
			isa = XCBuildConfiguration;
			baseConfigurationReference = B6844A8C349A16E0F07976EE /* Pods-UTCSTests.debug.xcconfig */;
			buildSettings = {
				BUNDLE_LOADER = "$(TEST_HOST)";
				CLANG_ENABLE_MODULES = YES;
				CLANG_WARN_UNREACHABLE_CODE = YES;
				DEBUG_INFORMATION_FORMAT = dwarf;
				ENABLE_STRICT_OBJC_MSGSEND = YES;
				GCC_NO_COMMON_BLOCKS = YES;
				GCC_WARN_UNINITIALIZED_AUTOS = YES_AGGRESSIVE;
				INFOPLIST_FILE = UTCSTests/Info.plist;
				IPHONEOS_DEPLOYMENT_TARGET = 9.0;
				LD_RUNPATH_SEARCH_PATHS = "$(inherited) @executable_path/Frameworks @loader_path/Frameworks";
				MTL_ENABLE_DEBUG_INFO = YES;
				PRODUCT_BUNDLE_IDENTIFIER = mad.UTCSTests;
				PRODUCT_NAME = "$(TARGET_NAME)";
				SWIFT_OPTIMIZATION_LEVEL = "-Onone";
				TEST_HOST = "$(BUILT_PRODUCTS_DIR)/UTCS.app/UTCS";
			};
			name = Debug;
		};
		D43C8B081B7851F90049C4D6 /* Release */ = {
			isa = XCBuildConfiguration;
			baseConfigurationReference = BF56D3113DB4D6BFD297D2FA /* Pods-UTCSTests.release.xcconfig */;
			buildSettings = {
				BUNDLE_LOADER = "$(TEST_HOST)";
				CLANG_ENABLE_MODULES = YES;
				CLANG_WARN_UNREACHABLE_CODE = YES;
				COPY_PHASE_STRIP = NO;
				DEBUG_INFORMATION_FORMAT = "dwarf-with-dsym";
				ENABLE_STRICT_OBJC_MSGSEND = YES;
				GCC_NO_COMMON_BLOCKS = YES;
				GCC_WARN_UNINITIALIZED_AUTOS = YES_AGGRESSIVE;
				INFOPLIST_FILE = UTCSTests/Info.plist;
				IPHONEOS_DEPLOYMENT_TARGET = 9.0;
				LD_RUNPATH_SEARCH_PATHS = "$(inherited) @executable_path/Frameworks @loader_path/Frameworks";
				MTL_ENABLE_DEBUG_INFO = NO;
				PRODUCT_BUNDLE_IDENTIFIER = mad.UTCSTests;
				PRODUCT_NAME = "$(TARGET_NAME)";
				TEST_HOST = "$(BUILT_PRODUCTS_DIR)/UTCS.app/UTCS";
			};
			name = Release;
		};
/* End XCBuildConfiguration section */

/* Begin XCConfigurationList section */
		0B9A262E1891D5E30032DA03 /* Build configuration list for PBXProject "UTCS" */ = {
			isa = XCConfigurationList;
			buildConfigurations = (
				0B9A265D1891D5E30032DA03 /* Debug */,
				D40654F41CB0754A002D98A3 /* Offline Debug */,
				0B9A265E1891D5E30032DA03 /* Release */,
			);
			defaultConfigurationIsVisible = 0;
			defaultConfigurationName = Release;
		};
		0B9A265F1891D5E30032DA03 /* Build configuration list for PBXNativeTarget "UTCS" */ = {
			isa = XCConfigurationList;
			buildConfigurations = (
				0B9A26601891D5E30032DA03 /* Debug */,
				D40654F51CB0754A002D98A3 /* Offline Debug */,
				0B9A26611891D5E30032DA03 /* Release */,
			);
			defaultConfigurationIsVisible = 0;
			defaultConfigurationName = Release;
		};
		D43C8B061B7851F90049C4D6 /* Build configuration list for PBXNativeTarget "UTCSTests" */ = {
			isa = XCConfigurationList;
			buildConfigurations = (
				D43C8B071B7851F90049C4D6 /* Debug */,
				D40654F61CB0754A002D98A3 /* Offline Debug */,
				D43C8B081B7851F90049C4D6 /* Release */,
			);
			defaultConfigurationIsVisible = 0;
			defaultConfigurationName = Release;
		};
/* End XCConfigurationList section */
	};
	rootObject = 0B9A262B1891D5E30032DA03 /* Project object */;
}
