// !$*UTF8*$!
{
	archiveVersion = 1;
	classes = {
	};
	objectVersion = 46;
	objects = {

/* Begin PBXBuildFile section */
		0B9A26371891D5E30032DA03 /* Foundation.framework in Frameworks */ = {isa = PBXBuildFile; fileRef = 0B9A26361891D5E30032DA03 /* Foundation.framework */; };
		0B9A26391891D5E30032DA03 /* CoreGraphics.framework in Frameworks */ = {isa = PBXBuildFile; fileRef = 0B9A26381891D5E30032DA03 /* CoreGraphics.framework */; };
		0B9A263B1891D5E30032DA03 /* UIKit.framework in Frameworks */ = {isa = PBXBuildFile; fileRef = 0B9A263A1891D5E30032DA03 /* UIKit.framework */; };
		0B9A26411891D5E30032DA03 /* InfoPlist.strings in Resources */ = {isa = PBXBuildFile; fileRef = 0B9A263F1891D5E30032DA03 /* InfoPlist.strings */; };
		886C2D461C215D580026E0CE /* Backgrounds.xcassets in Resources */ = {isa = PBXBuildFile; fileRef = 886C2D451C215D580026E0CE /* Backgrounds.xcassets */; };
		D40C697A1B7D3572005E3719 /* DiskQuotaDataSource.swift in Sources */ = {isa = PBXBuildFile; fileRef = D40C69791B7D3572005E3719 /* DiskQuotaDataSource.swift */; };
		D40C697C1B7D363B005E3719 /* QuotaData.swift in Sources */ = {isa = PBXBuildFile; fileRef = D40C697B1B7D363B005E3719 /* QuotaData.swift */; };
		D41A79211B5B38190049C683 /* NewsTableViewCell.xib in Resources */ = {isa = PBXBuildFile; fileRef = D41A79201B5B38190049C683 /* NewsTableViewCell.xib */; };
		D4280C171B2E0E780090F8C6 /* ActiveHeaderView.swift in Sources */ = {isa = PBXBuildFile; fileRef = D4280C161B2E0E780090F8C6 /* ActiveHeaderView.swift */; };
		D4280C191B2E11130090F8C6 /* ActiveHeaderView.xib in Resources */ = {isa = PBXBuildFile; fileRef = D4280C181B2E11130090F8C6 /* ActiveHeaderView.xib */; };
		D4280C1E1B2E29530090F8C6 /* BouncyTableViewCell.swift in Sources */ = {isa = PBXBuildFile; fileRef = D4280C1D1B2E29530090F8C6 /* BouncyTableViewCell.swift */; };
		D4280C211B2E38D50090F8C6 /* AppDelegate.swift in Sources */ = {isa = PBXBuildFile; fileRef = D4280C1A1B2E1CC80090F8C6 /* AppDelegate.swift */; };
		D42D4DC81B704C9B00D4FD6D /* DataRequest.swift in Sources */ = {isa = PBXBuildFile; fileRef = D42D4DC71B704C9B00D4FD6D /* DataRequest.swift */; };
		D43116151B3BA9E800B91737 /* ParallaxBlurHeaderScrollView.swift in Sources */ = {isa = PBXBuildFile; fileRef = D43116141B3BA9E800B91737 /* ParallaxBlurHeaderScrollView.swift */; };
		D43377FA1B4CBB1D00942581 /* TableViewController.swift in Sources */ = {isa = PBXBuildFile; fileRef = D43377F91B4CBB1D00942581 /* TableViewController.swift */; };
		D43C8B021B7851F90049C4D6 /* UTCSTests.swift in Sources */ = {isa = PBXBuildFile; fileRef = D43C8B011B7851F90049C4D6 /* UTCSTests.swift */; };
		D43C8B0A1B79049F0049C4D6 /* DataSource.swift in Sources */ = {isa = PBXBuildFile; fileRef = D43C8B091B79049F0049C4D6 /* DataSource.swift */; };
		D43C8B0C1B7919680049C4D6 /* LabsDataSource.swift in Sources */ = {isa = PBXBuildFile; fileRef = D43C8B0B1B7919680049C4D6 /* LabsDataSource.swift */; };
		D43C8B0E1B79197C0049C4D6 /* EventsDataSource.swift in Sources */ = {isa = PBXBuildFile; fileRef = D43C8B0D1B79197C0049C4D6 /* EventsDataSource.swift */; };
		D43E864A1B36874800F6EA70 /* DiskQuotaDataSourceParser.swift in Sources */ = {isa = PBXBuildFile; fileRef = D43E86481B36869900F6EA70 /* DiskQuotaDataSourceParser.swift */; };
		D43E864C1B37142700F6EA70 /* NavigationController.swift in Sources */ = {isa = PBXBuildFile; fileRef = D43E864B1B37142700F6EA70 /* NavigationController.swift */; };
		D43E864E1B3758E900F6EA70 /* NavigationControllerDelegate.swift in Sources */ = {isa = PBXBuildFile; fileRef = D43E864D1B3758E900F6EA70 /* NavigationControllerDelegate.swift */; };
		D44F34861B56807A00D84D0B /* Constants.swift in Sources */ = {isa = PBXBuildFile; fileRef = D44F34851B56807A00D84D0B /* Constants.swift */; };
		D44F34881B57DC9800D84D0B /* SettingsAboutViewController.swift in Sources */ = {isa = PBXBuildFile; fileRef = D44F34871B57DC9800D84D0B /* SettingsAboutViewController.swift */; };
		D44F348A1B57DEAA00D84D0B /* SettingsLicenseViewController.swift in Sources */ = {isa = PBXBuildFile; fileRef = D44F34891B57DEAA00D84D0B /* SettingsLicenseViewController.swift */; };
		D45FE5351B508F47000F2D59 /* EventsViewController.swift in Sources */ = {isa = PBXBuildFile; fileRef = D45FE5341B508F47000F2D59 /* EventsViewController.swift */; };
		D463C86C1B338E1C00E6A767 /* ServiceErrorView.swift in Sources */ = {isa = PBXBuildFile; fileRef = D463C86B1B338E1C00E6A767 /* ServiceErrorView.swift */; };
		D463C86E1B338E5E00E6A767 /* ServiceErrorView.xib in Resources */ = {isa = PBXBuildFile; fileRef = D463C86D1B338E5E00E6A767 /* ServiceErrorView.xib */; };
		D46439041B7C5CEA007BA5D0 /* DataSourceParser.swift in Sources */ = {isa = PBXBuildFile; fileRef = D46439031B7C5CEA007BA5D0 /* DataSourceParser.swift */; };
		D46439061B7C627D007BA5D0 /* EventsDataSourceParser.swift in Sources */ = {isa = PBXBuildFile; fileRef = D46439051B7C627D007BA5D0 /* EventsDataSourceParser.swift */; };
		D46439081B7C63EC007BA5D0 /* NewsDataSourceParser.swift in Sources */ = {isa = PBXBuildFile; fileRef = D46439071B7C63EC007BA5D0 /* NewsDataSourceParser.swift */; };
		D464390A1B7C6451007BA5D0 /* LabsDataSourceParser.swift in Sources */ = {isa = PBXBuildFile; fileRef = D46439091B7C6451007BA5D0 /* LabsDataSourceParser.swift */; };
		D46B22BC1B2F9F8600C90116 /* Launch Screen.storyboard in Resources */ = {isa = PBXBuildFile; fileRef = D46B22BB1B2F9F8600C90116 /* Launch Screen.storyboard */; };
		D46C7C491B4DFD14009F1EA1 /* HeaderTableViewController.swift in Sources */ = {isa = PBXBuildFile; fileRef = D46C7C481B4DFD14009F1EA1 /* HeaderTableViewController.swift */; };
		D46C7C4B1B4F454F009F1EA1 /* NewsViewController.swift in Sources */ = {isa = PBXBuildFile; fileRef = D46C7C4A1B4F454F009F1EA1 /* NewsViewController.swift */; };
		D46C7C4D1B4F4F2E009F1EA1 /* LabsViewController.swift in Sources */ = {isa = PBXBuildFile; fileRef = D46C7C4C1B4F4F2E009F1EA1 /* LabsViewController.swift */; };
		D482C1AB1B3CDE8E00645C23 /* NewsDetailViewController.swift in Sources */ = {isa = PBXBuildFile; fileRef = D482C1AA1B3CDE8E00645C23 /* NewsDetailViewController.swift */; };
		D4A89CF71B812AFA00B9D7A5 /* UIBarButton+UTCSButton.swift in Sources */ = {isa = PBXBuildFile; fileRef = D4A89CF51B811F9900B9D7A5 /* UIBarButton+UTCSButton.swift */; };
		D4A89CF91B818B3600B9D7A5 /* NewsArticle.swift in Sources */ = {isa = PBXBuildFile; fileRef = D4A89CF81B818B3600B9D7A5 /* NewsArticle.swift */; };
		D4A89CFB1B81AD7700B9D7A5 /* SettingsDataSource.swift in Sources */ = {isa = PBXBuildFile; fileRef = D4A89CFA1B81AD7700B9D7A5 /* SettingsDataSource.swift */; };
		D4A89CFD1B82F76900B9D7A5 /* ServiceDataSource.swift in Sources */ = {isa = PBXBuildFile; fileRef = D4A89CFC1B82F76900B9D7A5 /* ServiceDataSource.swift */; };
		D4BA71CB1B42107A007C09F6 /* MenuViewController.swift in Sources */ = {isa = PBXBuildFile; fileRef = D4BA71CA1B42107A007C09F6 /* MenuViewController.swift */; };
		D4BA71CC1B42177B007C09F6 /* UTCSSlideNavigationAnimator.m in Sources */ = {isa = PBXBuildFile; fileRef = DD9475AB190A43230049FB8B /* UTCSSlideNavigationAnimator.m */; };
		D4BA71CE1B421819007C09F6 /* ContentViewController.swift in Sources */ = {isa = PBXBuildFile; fileRef = D4BA71CD1B421819007C09F6 /* ContentViewController.swift */; };
		D4C39C341B364A320009AA25 /* DirectoryDetailViewController.swift in Sources */ = {isa = PBXBuildFile; fileRef = D4678A4A1B34CD2A00CC82E4 /* DirectoryDetailViewController.swift */; };
		D4CDC84A1B30EFD500D6E4CE /* DiskQuotaViewController.swift in Sources */ = {isa = PBXBuildFile; fileRef = D4CDC8491B30EFD500D6E4CE /* DiskQuotaViewController.swift */; };
		D4CDC84C1B30F3B400D6E4CE /* DiskQuotaView.xib in Resources */ = {isa = PBXBuildFile; fileRef = D4CDC84B1B30F3B400D6E4CE /* DiskQuotaView.xib */; };
		D4D5F5031B53076E005974A7 /* DirectoryViewController.swift in Sources */ = {isa = PBXBuildFile; fileRef = D4D5F5021B53076E005974A7 /* DirectoryViewController.swift */; };
		D4D5F5081B530B7A005974A7 /* SettingsViewController.swift in Sources */ = {isa = PBXBuildFile; fileRef = D4D5F5071B530B7A005974A7 /* SettingsViewController.swift */; };
		D4D5F50A1B530C7F005974A7 /* StarredEventsViewController.swift in Sources */ = {isa = PBXBuildFile; fileRef = D4D5F5091B530C7F005974A7 /* StarredEventsViewController.swift */; };
		D4D8C1F01B5F10F5006E03CD /* Binnable.swift in Sources */ = {isa = PBXBuildFile; fileRef = D4D8C1EF1B5F10F5006E03CD /* Binnable.swift */; };
		D4D8C1F21B5F1179006E03CD /* DirectoryPerson.swift in Sources */ = {isa = PBXBuildFile; fileRef = D4D8C1F11B5F1179006E03CD /* DirectoryPerson.swift */; };
		D4D8C1F41B5F28CC006E03CD /* DirectoryDataSourceParser.swift in Sources */ = {isa = PBXBuildFile; fileRef = D4D8C1F31B5F28CC006E03CD /* DirectoryDataSourceParser.swift */; };
		D4D8C1F61B5F2BD4006E03CD /* DirectoryDataSource.swift in Sources */ = {isa = PBXBuildFile; fileRef = D4D8C1F51B5F2BD4006E03CD /* DirectoryDataSource.swift */; };
		D4F2B9C51B5AED5500D28C1D /* UTCSLabMachineViewController.m in Sources */ = {isa = PBXBuildFile; fileRef = DDA758E31906661D007CD0DB /* UTCSLabMachineViewController.m */; };
		D4F2B9C71B5AFB6400D28C1D /* NewsDataSource.swift in Sources */ = {isa = PBXBuildFile; fileRef = D4F2B9C61B5AFB6400D28C1D /* NewsDataSource.swift */; };
		D4F2B9CB1B5B024300D28C1D /* NewsTableViewCell.swift in Sources */ = {isa = PBXBuildFile; fileRef = D4F2B9CA1B5B024300D28C1D /* NewsTableViewCell.swift */; };
		DD44656018E4A04E00ED1153 /* CoreText.framework in Frameworks */ = {isa = PBXBuildFile; fileRef = DD44655F18E4A04E00ED1153 /* CoreText.framework */; };
		DD44659318E7EA6C00ED1153 /* UIImage+CZTinting.m in Sources */ = {isa = PBXBuildFile; fileRef = DD44659218E7EA6C00ED1153 /* UIImage+CZTinting.m */; };
		DD44659918E8254C00ED1153 /* UTCSEventsDetailViewController.m in Sources */ = {isa = PBXBuildFile; fileRef = DD44659818E8254C00ED1153 /* UTCSEventsDetailViewController.m */; };
		DD5B585418D239F900EEB474 /* UTCSEvent.m in Sources */ = {isa = PBXBuildFile; fileRef = DD5B583B18D239F900EEB474 /* UTCSEvent.m */; };
		DD5CAF78190A087E0051F637 /* UTCSSettingsDataSource.m in Sources */ = {isa = PBXBuildFile; fileRef = DD5CAF77190A087E0051F637 /* UTCSSettingsDataSource.m */; };
		DD5CAF7B190A2B7C0051F637 /* UTCSSwitchTableViewCell.m in Sources */ = {isa = PBXBuildFile; fileRef = DD5CAF7A190A2B7C0051F637 /* UTCSSwitchTableViewCell.m */; };
		DD5CAF81190A325D0051F637 /* SettingsLegalViewController.swift in Sources */ = {isa = PBXBuildFile; fileRef = DD5CAF80190A325D0051F637 /* SettingsLegalViewController.swift */; };
		DD724E1118DF8AAA00AAE4F0 /* UIImage+CZScaling.m in Sources */ = {isa = PBXBuildFile; fileRef = DD724E1018DF8AAA00AAE4F0 /* UIImage+CZScaling.m */; };
		DD7CADD4192E65BD00566D6A /* Default Headers.xcassets in Resources */ = {isa = PBXBuildFile; fileRef = DD7CADD3192E65BD00566D6A /* Default Headers.xcassets */; };
		DD83B58E18F3631A00EBDE06 /* UTCSLabMachine.m in Sources */ = {isa = PBXBuildFile; fileRef = DD83B58D18F3631A00EBDE06 /* UTCSLabMachine.m */; };
		DD8989A61903141C000F1041 /* UTCSDataSourceCacheMetaData.m in Sources */ = {isa = PBXBuildFile; fileRef = DD8989A51903141C000F1041 /* UTCSDataSourceCacheMetaData.m */; };
		DD9475BF190B1EDD0049FB8B /* UTCSLabViewLayout.m in Sources */ = {isa = PBXBuildFile; fileRef = DD9475BE190B1EDD0049FB8B /* UTCSLabViewLayout.m */; };
		DD9475C2190B26530049FB8B /* ThirdFloorLabLayout.plist in Resources */ = {isa = PBXBuildFile; fileRef = DD9475C1190B26530049FB8B /* ThirdFloorLabLayout.plist */; };
		DD9475C7190B38AC0049FB8B /* UTCSLabView.m in Sources */ = {isa = PBXBuildFile; fileRef = DD9475C6190B38AC0049FB8B /* UTCSLabView.m */; };
		DD9475CA190B38FC0049FB8B /* UTCSLabViewLayoutAttributes.m in Sources */ = {isa = PBXBuildFile; fileRef = DD9475C9190B38FC0049FB8B /* UTCSLabViewLayoutAttributes.m */; };
		DD9475CD190B3B250049FB8B /* UTCSLabMachineView.m in Sources */ = {isa = PBXBuildFile; fileRef = DD9475CC190B3B250049FB8B /* UTCSLabMachineView.m */; };
		DD9475CF190B8F830049FB8B /* BasementLabLayout.plist in Resources */ = {isa = PBXBuildFile; fileRef = DD9475CE190B8F830049FB8B /* BasementLabLayout.plist */; };
		DD9475D2190C73CB0049FB8B /* UTCSSegmentedControlTableViewCell.m in Sources */ = {isa = PBXBuildFile; fileRef = DD9475D1190C73CB0049FB8B /* UTCSSegmentedControlTableViewCell.m */; };
		DD9475E8190CE5DF0049FB8B /* cloud.svg in Resources */ = {isa = PBXBuildFile; fileRef = DD9475E7190CE5DF0049FB8B /* cloud.svg */; };
		DD95E74A191F4EE00062F4E9 /* NSAttributedString+Trim.m in Sources */ = {isa = PBXBuildFile; fileRef = DD95E749191F4EE00062F4E9 /* NSAttributedString+Trim.m */; };
		DD95E7501920964A0062F4E9 /* UTCSStarredEventsDataSource.m in Sources */ = {isa = PBXBuildFile; fileRef = DD95E74F1920964A0062F4E9 /* UTCSStarredEventsDataSource.m */; };
		DD95E753192096880062F4E9 /* UTCSStarredEventsManager.m in Sources */ = {isa = PBXBuildFile; fileRef = DD95E752192096880062F4E9 /* UTCSStarredEventsManager.m */; };
		DD95E7621922955E0062F4E9 /* UTCSAuthenticationManager.m in Sources */ = {isa = PBXBuildFile; fileRef = DD95E7611922955E0062F4E9 /* UTCSAuthenticationManager.m */; };
		DD95E765192296E20062F4E9 /* hosts.plist in Resources */ = {isa = PBXBuildFile; fileRef = DD95E764192296E20062F4E9 /* hosts.plist */; };
		DD95E7841926305C0062F4E9 /* DPMeterView-license.txt in Resources */ = {isa = PBXBuildFile; fileRef = DD95E77B1926305C0062F4E9 /* DPMeterView-license.txt */; };
		DD95E7851926305C0062F4E9 /* FBShimmering-license.txt in Resources */ = {isa = PBXBuildFile; fileRef = DD95E77C1926305C0062F4E9 /* FBShimmering-license.txt */; };
		DD95E7861926305C0062F4E9 /* FBTweaks-license.txt in Resources */ = {isa = PBXBuildFile; fileRef = DD95E77D1926305C0062F4E9 /* FBTweaks-license.txt */; };
		DD95E7871926305C0062F4E9 /* JVFloatLabeledTextField-license.txt in Resources */ = {isa = PBXBuildFile; fileRef = DD95E77E1926305C0062F4E9 /* JVFloatLabeledTextField-license.txt */; };
		DD95E7881926305C0062F4E9 /* MBProgressHUD-license.txt in Resources */ = {isa = PBXBuildFile; fileRef = DD95E77F1926305C0062F4E9 /* MBProgressHUD-license.txt */; };
		DD95E7891926305C0062F4E9 /* NMSSH-license.txt in Resources */ = {isa = PBXBuildFile; fileRef = DD95E7801926305C0062F4E9 /* NMSSH-license.txt */; };
		DD95E78A1926305C0062F4E9 /* PocketSVG-license.txt in Resources */ = {isa = PBXBuildFile; fileRef = DD95E7811926305C0062F4E9 /* PocketSVG-license.txt */; };
		DD95E78B1926305C0062F4E9 /* pop-license.txt in Resources */ = {isa = PBXBuildFile; fileRef = DD95E7821926305C0062F4E9 /* pop-license.txt */; };
		DD95E78C1926305C0062F4E9 /* RQShineLabel-license.txt in Resources */ = {isa = PBXBuildFile; fileRef = DD95E7831926305C0062F4E9 /* RQShineLabel-license.txt */; };
		DD9DF74318B4B09600DDC1DB /* QuartzCore.framework in Frameworks */ = {isa = PBXBuildFile; fileRef = DD9DF74218B4B09600DDC1DB /* QuartzCore.framework */; };
		DDA758901904D313007CD0DB /* App.xcassets in Resources */ = {isa = PBXBuildFile; fileRef = DDA7588F1904D313007CD0DB /* App.xcassets */; };
		DDA758951904D7C4007CD0DB /* UTCSDataSourceCache.m in Sources */ = {isa = PBXBuildFile; fileRef = DDA758941904D7C4007CD0DB /* UTCSDataSourceCache.m */; };
		DDA758B81905FDD0007CD0DB /* UTCSStateManager.m in Sources */ = {isa = PBXBuildFile; fileRef = DDA758B71905FDD0007CD0DB /* UTCSStateManager.m */; };
		DDA94B6718C1D1BC00DDF949 /* UIColor+UTCSColors.m in Sources */ = {isa = PBXBuildFile; fileRef = DDA94B6618C1D1BC00DDF949 /* UIColor+UTCSColors.m */; };
		DDA94B8018C1FD9F00DDF949 /* UIView+CZPositioning.m in Sources */ = {isa = PBXBuildFile; fileRef = DDA94B7F18C1FD9F00DDF949 /* UIView+CZPositioning.m */; };
		DDC4046C1917CC8C00D17CBF /* Event Headers.xcassets in Resources */ = {isa = PBXBuildFile; fileRef = DDC4046B1917CC8C00D17CBF /* Event Headers.xcassets */; };
		DDC404721917D42400D17CBF /* Icons.xcassets in Resources */ = {isa = PBXBuildFile; fileRef = DDC404711917D42400D17CBF /* Icons.xcassets */; };
		DDC4047D1918875200D17CBF /* AFNetworking-license.txt in Resources */ = {isa = PBXBuildFile; fileRef = DDC4047C1918875200D17CBF /* AFNetworking-license.txt */; };
		DDCA58E818BE4BE0001F543D /* UITextView+CZTextViewHeight.m in Sources */ = {isa = PBXBuildFile; fileRef = DDCA58E718BE4BE0001F543D /* UITextView+CZTextViewHeight.m */; };
		DDDC92DA18FA0E1300D39A74 /* UIImage+ImageEffects.m in Sources */ = {isa = PBXBuildFile; fileRef = DDDC92D918FA0E1300D39A74 /* UIImage+ImageEffects.m */; };
		DDE561E218DC0C0E00C46480 /* UTCSVerticalMenuViewController.m in Sources */ = {isa = PBXBuildFile; fileRef = DDE561E118DC0C0E00C46480 /* UTCSVerticalMenuViewController.m */; };
		FE38EDECED57EF7FE294D246 /* Pods_UTCS.framework in Frameworks */ = {isa = PBXBuildFile; fileRef = 91F36A8C0707E31ACA5EC9D9 /* Pods_UTCS.framework */; };
/* End PBXBuildFile section */

/* Begin PBXContainerItemProxy section */
		D43C8B041B7851F90049C4D6 /* PBXContainerItemProxy */ = {
			isa = PBXContainerItemProxy;
			containerPortal = 0B9A262B1891D5E30032DA03 /* Project object */;
			proxyType = 1;
			remoteGlobalIDString = 0B9A26321891D5E30032DA03;
			remoteInfo = UTCS;
		};
/* End PBXContainerItemProxy section */

/* Begin PBXFileReference section */
		0B9A26331891D5E30032DA03 /* UTCS.app */ = {isa = PBXFileReference; explicitFileType = wrapper.application; includeInIndex = 0; path = UTCS.app; sourceTree = BUILT_PRODUCTS_DIR; };
		0B9A26361891D5E30032DA03 /* Foundation.framework */ = {isa = PBXFileReference; lastKnownFileType = wrapper.framework; name = Foundation.framework; path = System/Library/Frameworks/Foundation.framework; sourceTree = SDKROOT; };
		0B9A26381891D5E30032DA03 /* CoreGraphics.framework */ = {isa = PBXFileReference; lastKnownFileType = wrapper.framework; name = CoreGraphics.framework; path = System/Library/Frameworks/CoreGraphics.framework; sourceTree = SDKROOT; };
		0B9A263A1891D5E30032DA03 /* UIKit.framework */ = {isa = PBXFileReference; lastKnownFileType = wrapper.framework; name = UIKit.framework; path = System/Library/Frameworks/UIKit.framework; sourceTree = SDKROOT; };
		0B9A263E1891D5E30032DA03 /* UTCS-Info.plist */ = {isa = PBXFileReference; lastKnownFileType = text.plist.xml; path = "UTCS-Info.plist"; sourceTree = "<group>"; };
		0B9A26401891D5E30032DA03 /* en */ = {isa = PBXFileReference; lastKnownFileType = text.plist.strings; name = en; path = en.lproj/InfoPlist.strings; sourceTree = "<group>"; };
		0B9A26441891D5E30032DA03 /* UTCS-Prefix.pch */ = {isa = PBXFileReference; lastKnownFileType = sourcecode.c.h; path = "UTCS-Prefix.pch"; sourceTree = "<group>"; };
		886C2D451C215D580026E0CE /* Backgrounds.xcassets */ = {isa = PBXFileReference; lastKnownFileType = folder.assetcatalog; name = Backgrounds.xcassets; path = Resources/Backgrounds.xcassets; sourceTree = "<group>"; };
		88EABA07A3811E48149CDA98 /* Pods-UTCS.debug.xcconfig */ = {isa = PBXFileReference; includeInIndex = 1; lastKnownFileType = text.xcconfig; name = "Pods-UTCS.debug.xcconfig"; path = "Pods/Target Support Files/Pods-UTCS/Pods-UTCS.debug.xcconfig"; sourceTree = "<group>"; };
		91F36A8C0707E31ACA5EC9D9 /* Pods_UTCS.framework */ = {isa = PBXFileReference; explicitFileType = wrapper.framework; includeInIndex = 0; path = Pods_UTCS.framework; sourceTree = BUILT_PRODUCTS_DIR; };
		97C0E9A6409F3D1BA5F08593 /* Pods-UTCS.release.xcconfig */ = {isa = PBXFileReference; includeInIndex = 1; lastKnownFileType = text.xcconfig; name = "Pods-UTCS.release.xcconfig"; path = "Pods/Target Support Files/Pods-UTCS/Pods-UTCS.release.xcconfig"; sourceTree = "<group>"; };
		D40C69791B7D3572005E3719 /* DiskQuotaDataSource.swift */ = {isa = PBXFileReference; fileEncoding = 4; lastKnownFileType = sourcecode.swift; name = DiskQuotaDataSource.swift; path = Model/DiskQuotaDataSource.swift; sourceTree = "<group>"; };
		D40C697B1B7D363B005E3719 /* QuotaData.swift */ = {isa = PBXFileReference; fileEncoding = 4; lastKnownFileType = sourcecode.swift; name = QuotaData.swift; path = Model/QuotaData.swift; sourceTree = "<group>"; };
		D41A79201B5B38190049C683 /* NewsTableViewCell.xib */ = {isa = PBXFileReference; fileEncoding = 4; lastKnownFileType = file.xib; name = NewsTableViewCell.xib; path = Views/NewsTableViewCell.xib; sourceTree = "<group>"; };
		D4280C151B2E0E770090F8C6 /* UTCS-Bridging-Header.h */ = {isa = PBXFileReference; lastKnownFileType = sourcecode.c.h; name = "UTCS-Bridging-Header.h"; path = "Classes/UTCS-Bridging-Header.h"; sourceTree = "<group>"; };
		D4280C161B2E0E780090F8C6 /* ActiveHeaderView.swift */ = {isa = PBXFileReference; fileEncoding = 4; lastKnownFileType = sourcecode.swift; name = ActiveHeaderView.swift; path = Views/ActiveHeaderView.swift; sourceTree = "<group>"; };
		D4280C181B2E11130090F8C6 /* ActiveHeaderView.xib */ = {isa = PBXFileReference; fileEncoding = 4; lastKnownFileType = file.xib; path = ActiveHeaderView.xib; sourceTree = "<group>"; };
		D4280C1A1B2E1CC80090F8C6 /* AppDelegate.swift */ = {isa = PBXFileReference; fileEncoding = 4; lastKnownFileType = sourcecode.swift; path = AppDelegate.swift; sourceTree = "<group>"; };
		D4280C1D1B2E29530090F8C6 /* BouncyTableViewCell.swift */ = {isa = PBXFileReference; fileEncoding = 4; lastKnownFileType = sourcecode.swift; name = BouncyTableViewCell.swift; path = Views/BouncyTableViewCell.swift; sourceTree = "<group>"; };
		D42D4DC71B704C9B00D4FD6D /* DataRequest.swift */ = {isa = PBXFileReference; fileEncoding = 4; lastKnownFileType = sourcecode.swift; name = DataRequest.swift; path = Model/DataRequest.swift; sourceTree = "<group>"; };
		D43116141B3BA9E800B91737 /* ParallaxBlurHeaderScrollView.swift */ = {isa = PBXFileReference; fileEncoding = 4; lastKnownFileType = sourcecode.swift; name = ParallaxBlurHeaderScrollView.swift; path = Views/ParallaxBlurHeaderScrollView.swift; sourceTree = "<group>"; };
		D43377F91B4CBB1D00942581 /* TableViewController.swift */ = {isa = PBXFileReference; fileEncoding = 4; lastKnownFileType = sourcecode.swift; name = TableViewController.swift; path = ViewControllers/TableViewController.swift; sourceTree = "<group>"; };
		D43C8AFF1B7851F80049C4D6 /* UTCSTests.xctest */ = {isa = PBXFileReference; explicitFileType = wrapper.cfbundle; includeInIndex = 0; path = UTCSTests.xctest; sourceTree = BUILT_PRODUCTS_DIR; };
		D43C8B011B7851F90049C4D6 /* UTCSTests.swift */ = {isa = PBXFileReference; lastKnownFileType = sourcecode.swift; path = UTCSTests.swift; sourceTree = "<group>"; };
		D43C8B031B7851F90049C4D6 /* Info.plist */ = {isa = PBXFileReference; lastKnownFileType = text.plist.xml; path = Info.plist; sourceTree = "<group>"; };
		D43C8B091B79049F0049C4D6 /* DataSource.swift */ = {isa = PBXFileReference; fileEncoding = 4; lastKnownFileType = sourcecode.swift; name = DataSource.swift; path = Model/DataSource.swift; sourceTree = "<group>"; };
		D43C8B0B1B7919680049C4D6 /* LabsDataSource.swift */ = {isa = PBXFileReference; fileEncoding = 4; lastKnownFileType = sourcecode.swift; name = LabsDataSource.swift; path = Model/LabsDataSource.swift; sourceTree = "<group>"; };
		D43C8B0D1B79197C0049C4D6 /* EventsDataSource.swift */ = {isa = PBXFileReference; fileEncoding = 4; lastKnownFileType = sourcecode.swift; name = EventsDataSource.swift; path = Model/EventsDataSource.swift; sourceTree = "<group>"; };
		D43E86481B36869900F6EA70 /* DiskQuotaDataSourceParser.swift */ = {isa = PBXFileReference; fileEncoding = 4; lastKnownFileType = sourcecode.swift; name = DiskQuotaDataSourceParser.swift; path = Model/DiskQuotaDataSourceParser.swift; sourceTree = "<group>"; };
		D43E864B1B37142700F6EA70 /* NavigationController.swift */ = {isa = PBXFileReference; fileEncoding = 4; lastKnownFileType = sourcecode.swift; path = NavigationController.swift; sourceTree = "<group>"; };
		D43E864D1B3758E900F6EA70 /* NavigationControllerDelegate.swift */ = {isa = PBXFileReference; fileEncoding = 4; lastKnownFileType = sourcecode.swift; name = NavigationControllerDelegate.swift; path = UTCS/Classes/Model/NavigationControllerDelegate.swift; sourceTree = SOURCE_ROOT; };
		D44F34851B56807A00D84D0B /* Constants.swift */ = {isa = PBXFileReference; fileEncoding = 4; lastKnownFileType = sourcecode.swift; path = Constants.swift; sourceTree = "<group>"; };
		D44F34871B57DC9800D84D0B /* SettingsAboutViewController.swift */ = {isa = PBXFileReference; fileEncoding = 4; lastKnownFileType = sourcecode.swift; name = SettingsAboutViewController.swift; path = ViewControllers/SettingsAboutViewController.swift; sourceTree = "<group>"; };
		D44F34891B57DEAA00D84D0B /* SettingsLicenseViewController.swift */ = {isa = PBXFileReference; fileEncoding = 4; lastKnownFileType = sourcecode.swift; name = SettingsLicenseViewController.swift; path = ViewControllers/SettingsLicenseViewController.swift; sourceTree = "<group>"; };
		D45FE5341B508F47000F2D59 /* EventsViewController.swift */ = {isa = PBXFileReference; fileEncoding = 4; lastKnownFileType = sourcecode.swift; name = EventsViewController.swift; path = ViewControllers/EventsViewController.swift; sourceTree = "<group>"; };
		D463C86B1B338E1C00E6A767 /* ServiceErrorView.swift */ = {isa = PBXFileReference; fileEncoding = 4; lastKnownFileType = sourcecode.swift; name = ServiceErrorView.swift; path = Views/ServiceErrorView.swift; sourceTree = "<group>"; };
		D463C86D1B338E5E00E6A767 /* ServiceErrorView.xib */ = {isa = PBXFileReference; fileEncoding = 4; lastKnownFileType = file.xib; name = ServiceErrorView.xib; path = Views/ServiceErrorView.xib; sourceTree = "<group>"; };
		D46439031B7C5CEA007BA5D0 /* DataSourceParser.swift */ = {isa = PBXFileReference; fileEncoding = 4; lastKnownFileType = sourcecode.swift; name = DataSourceParser.swift; path = Model/DataSourceParser.swift; sourceTree = "<group>"; };
		D46439051B7C627D007BA5D0 /* EventsDataSourceParser.swift */ = {isa = PBXFileReference; fileEncoding = 4; lastKnownFileType = sourcecode.swift; name = EventsDataSourceParser.swift; path = Model/EventsDataSourceParser.swift; sourceTree = "<group>"; };
		D46439071B7C63EC007BA5D0 /* NewsDataSourceParser.swift */ = {isa = PBXFileReference; fileEncoding = 4; lastKnownFileType = sourcecode.swift; name = NewsDataSourceParser.swift; path = Model/NewsDataSourceParser.swift; sourceTree = "<group>"; };
		D46439091B7C6451007BA5D0 /* LabsDataSourceParser.swift */ = {isa = PBXFileReference; fileEncoding = 4; lastKnownFileType = sourcecode.swift; name = LabsDataSourceParser.swift; path = Model/LabsDataSourceParser.swift; sourceTree = "<group>"; };
		D4678A4A1B34CD2A00CC82E4 /* DirectoryDetailViewController.swift */ = {isa = PBXFileReference; fileEncoding = 4; lastKnownFileType = sourcecode.swift; name = DirectoryDetailViewController.swift; path = ViewControllers/DirectoryDetailViewController.swift; sourceTree = "<group>"; };
		D46B22BB1B2F9F8600C90116 /* Launch Screen.storyboard */ = {isa = PBXFileReference; fileEncoding = 4; lastKnownFileType = file.storyboard; path = "Launch Screen.storyboard"; sourceTree = "<group>"; };
		D46C7C481B4DFD14009F1EA1 /* HeaderTableViewController.swift */ = {isa = PBXFileReference; fileEncoding = 4; lastKnownFileType = sourcecode.swift; name = HeaderTableViewController.swift; path = ViewControllers/HeaderTableViewController.swift; sourceTree = "<group>"; };
		D46C7C4A1B4F454F009F1EA1 /* NewsViewController.swift */ = {isa = PBXFileReference; fileEncoding = 4; lastKnownFileType = sourcecode.swift; name = NewsViewController.swift; path = ViewControllers/NewsViewController.swift; sourceTree = "<group>"; };
		D46C7C4C1B4F4F2E009F1EA1 /* LabsViewController.swift */ = {isa = PBXFileReference; fileEncoding = 4; lastKnownFileType = sourcecode.swift; name = LabsViewController.swift; path = ViewControllers/LabsViewController.swift; sourceTree = "<group>"; };
		D482C1AA1B3CDE8E00645C23 /* NewsDetailViewController.swift */ = {isa = PBXFileReference; fileEncoding = 4; lastKnownFileType = sourcecode.swift; name = NewsDetailViewController.swift; path = ViewControllers/NewsDetailViewController.swift; sourceTree = "<group>"; };
		D4A89CF51B811F9900B9D7A5 /* UIBarButton+UTCSButton.swift */ = {isa = PBXFileReference; fileEncoding = 4; lastKnownFileType = sourcecode.swift; name = "UIBarButton+UTCSButton.swift"; path = "UTCS/Classes/Model/UIBarButton+UTCSButton.swift"; sourceTree = SOURCE_ROOT; };
		D4A89CF81B818B3600B9D7A5 /* NewsArticle.swift */ = {isa = PBXFileReference; fileEncoding = 4; lastKnownFileType = sourcecode.swift; name = NewsArticle.swift; path = Model/NewsArticle.swift; sourceTree = "<group>"; };
		D4A89CFA1B81AD7700B9D7A5 /* SettingsDataSource.swift */ = {isa = PBXFileReference; fileEncoding = 4; lastKnownFileType = sourcecode.swift; name = SettingsDataSource.swift; path = Model/SettingsDataSource.swift; sourceTree = "<group>"; };
		D4A89CFC1B82F76900B9D7A5 /* ServiceDataSource.swift */ = {isa = PBXFileReference; fileEncoding = 4; lastKnownFileType = sourcecode.swift; name = ServiceDataSource.swift; path = Model/ServiceDataSource.swift; sourceTree = "<group>"; };
		D4BA71CA1B42107A007C09F6 /* MenuViewController.swift */ = {isa = PBXFileReference; fileEncoding = 4; lastKnownFileType = sourcecode.swift; path = MenuViewController.swift; sourceTree = "<group>"; };
		D4BA71CD1B421819007C09F6 /* ContentViewController.swift */ = {isa = PBXFileReference; fileEncoding = 4; lastKnownFileType = sourcecode.swift; name = ContentViewController.swift; path = ViewControllers/ContentViewController.swift; sourceTree = "<group>"; };
		D4CDC8491B30EFD500D6E4CE /* DiskQuotaViewController.swift */ = {isa = PBXFileReference; fileEncoding = 4; lastKnownFileType = sourcecode.swift; name = DiskQuotaViewController.swift; path = ViewControllers/DiskQuotaViewController.swift; sourceTree = "<group>"; };
		D4CDC84B1B30F3B400D6E4CE /* DiskQuotaView.xib */ = {isa = PBXFileReference; fileEncoding = 4; lastKnownFileType = file.xib; name = DiskQuotaView.xib; path = Views/DiskQuotaView.xib; sourceTree = "<group>"; };
		D4D5F5021B53076E005974A7 /* DirectoryViewController.swift */ = {isa = PBXFileReference; fileEncoding = 4; lastKnownFileType = sourcecode.swift; name = DirectoryViewController.swift; path = ViewControllers/DirectoryViewController.swift; sourceTree = "<group>"; };
		D4D5F5041B530A23005974A7 /* LabMachineViewController.swift */ = {isa = PBXFileReference; fileEncoding = 4; lastKnownFileType = sourcecode.swift; name = LabMachineViewController.swift; path = ViewControllers/LabMachineViewController.swift; sourceTree = "<group>"; };
		D4D5F5071B530B7A005974A7 /* SettingsViewController.swift */ = {isa = PBXFileReference; fileEncoding = 4; lastKnownFileType = sourcecode.swift; name = SettingsViewController.swift; path = ViewControllers/SettingsViewController.swift; sourceTree = "<group>"; };
		D4D5F5091B530C7F005974A7 /* StarredEventsViewController.swift */ = {isa = PBXFileReference; fileEncoding = 4; lastKnownFileType = sourcecode.swift; name = StarredEventsViewController.swift; path = ViewControllers/StarredEventsViewController.swift; sourceTree = "<group>"; };
		D4D8C1EF1B5F10F5006E03CD /* Binnable.swift */ = {isa = PBXFileReference; fileEncoding = 4; lastKnownFileType = sourcecode.swift; path = Binnable.swift; sourceTree = "<group>"; };
		D4D8C1F11B5F1179006E03CD /* DirectoryPerson.swift */ = {isa = PBXFileReference; fileEncoding = 4; lastKnownFileType = sourcecode.swift; name = DirectoryPerson.swift; path = Model/DirectoryPerson.swift; sourceTree = "<group>"; };
		D4D8C1F31B5F28CC006E03CD /* DirectoryDataSourceParser.swift */ = {isa = PBXFileReference; fileEncoding = 4; lastKnownFileType = sourcecode.swift; name = DirectoryDataSourceParser.swift; path = Model/DirectoryDataSourceParser.swift; sourceTree = "<group>"; };
		D4D8C1F51B5F2BD4006E03CD /* DirectoryDataSource.swift */ = {isa = PBXFileReference; fileEncoding = 4; lastKnownFileType = sourcecode.swift; name = DirectoryDataSource.swift; path = Model/DirectoryDataSource.swift; sourceTree = "<group>"; };
		D4F2B9C61B5AFB6400D28C1D /* NewsDataSource.swift */ = {isa = PBXFileReference; fileEncoding = 4; lastKnownFileType = sourcecode.swift; name = NewsDataSource.swift; path = Model/NewsDataSource.swift; sourceTree = "<group>"; };
		D4F2B9CA1B5B024300D28C1D /* NewsTableViewCell.swift */ = {isa = PBXFileReference; fileEncoding = 4; lastKnownFileType = sourcecode.swift; path = NewsTableViewCell.swift; sourceTree = "<group>"; };
		DD44655F18E4A04E00ED1153 /* CoreText.framework */ = {isa = PBXFileReference; lastKnownFileType = wrapper.framework; name = CoreText.framework; path = System/Library/Frameworks/CoreText.framework; sourceTree = SDKROOT; };
		DD44659118E7EA6C00ED1153 /* UIImage+CZTinting.h */ = {isa = PBXFileReference; fileEncoding = 4; lastKnownFileType = sourcecode.c.h; name = "UIImage+CZTinting.h"; path = "Categories/UIImage+CZTinting.h"; sourceTree = "<group>"; };
		DD44659218E7EA6C00ED1153 /* UIImage+CZTinting.m */ = {isa = PBXFileReference; fileEncoding = 4; lastKnownFileType = sourcecode.c.objc; name = "UIImage+CZTinting.m"; path = "Categories/UIImage+CZTinting.m"; sourceTree = "<group>"; };
		DD44659718E8254B00ED1153 /* UTCSEventsDetailViewController.h */ = {isa = PBXFileReference; fileEncoding = 4; lastKnownFileType = sourcecode.c.h; name = UTCSEventsDetailViewController.h; path = ViewControllers/UTCSEventsDetailViewController.h; sourceTree = "<group>"; };
		DD44659818E8254C00ED1153 /* UTCSEventsDetailViewController.m */ = {isa = PBXFileReference; fileEncoding = 4; lastKnownFileType = sourcecode.c.objc; name = UTCSEventsDetailViewController.m; path = ViewControllers/UTCSEventsDetailViewController.m; sourceTree = "<group>"; };
		DD5B583A18D239F900EEB474 /* UTCSEvent.h */ = {isa = PBXFileReference; fileEncoding = 4; lastKnownFileType = sourcecode.c.h; name = UTCSEvent.h; path = Model/UTCSEvent.h; sourceTree = "<group>"; };
		DD5B583B18D239F900EEB474 /* UTCSEvent.m */ = {isa = PBXFileReference; fileEncoding = 4; lastKnownFileType = sourcecode.c.objc; name = UTCSEvent.m; path = Model/UTCSEvent.m; sourceTree = "<group>"; };
		DD5CAF76190A087E0051F637 /* UTCSSettingsDataSource.h */ = {isa = PBXFileReference; fileEncoding = 4; lastKnownFileType = sourcecode.c.h; name = UTCSSettingsDataSource.h; path = Model/UTCSSettingsDataSource.h; sourceTree = "<group>"; };
		DD5CAF77190A087E0051F637 /* UTCSSettingsDataSource.m */ = {isa = PBXFileReference; fileEncoding = 4; lastKnownFileType = sourcecode.c.objc; name = UTCSSettingsDataSource.m; path = Model/UTCSSettingsDataSource.m; sourceTree = "<group>"; };
		DD5CAF79190A2B7C0051F637 /* UTCSSwitchTableViewCell.h */ = {isa = PBXFileReference; fileEncoding = 4; lastKnownFileType = sourcecode.c.h; name = UTCSSwitchTableViewCell.h; path = Views/UTCSSwitchTableViewCell.h; sourceTree = "<group>"; };
		DD5CAF7A190A2B7C0051F637 /* UTCSSwitchTableViewCell.m */ = {isa = PBXFileReference; fileEncoding = 4; lastKnownFileType = sourcecode.c.objc; name = UTCSSwitchTableViewCell.m; path = Views/UTCSSwitchTableViewCell.m; sourceTree = "<group>"; };
		DD5CAF80190A325D0051F637 /* SettingsLegalViewController.swift */ = {isa = PBXFileReference; fileEncoding = 4; lastKnownFileType = sourcecode.swift; name = SettingsLegalViewController.swift; path = ViewControllers/SettingsLegalViewController.swift; sourceTree = "<group>"; };
		DD724E0F18DF8AAA00AAE4F0 /* UIImage+CZScaling.h */ = {isa = PBXFileReference; fileEncoding = 4; lastKnownFileType = sourcecode.c.h; name = "UIImage+CZScaling.h"; path = "Categories/UIImage+CZScaling.h"; sourceTree = "<group>"; };
		DD724E1018DF8AAA00AAE4F0 /* UIImage+CZScaling.m */ = {isa = PBXFileReference; fileEncoding = 4; lastKnownFileType = sourcecode.c.objc; name = "UIImage+CZScaling.m"; path = "Categories/UIImage+CZScaling.m"; sourceTree = "<group>"; };
		DD7CADD3192E65BD00566D6A /* Default Headers.xcassets */ = {isa = PBXFileReference; lastKnownFileType = folder.assetcatalog; name = "Default Headers.xcassets"; path = "Resources/Default Headers.xcassets"; sourceTree = "<group>"; };
		DD83B58C18F3631A00EBDE06 /* UTCSLabMachine.h */ = {isa = PBXFileReference; fileEncoding = 4; lastKnownFileType = sourcecode.c.h; name = UTCSLabMachine.h; path = Model/UTCSLabMachine.h; sourceTree = "<group>"; };
		DD83B58D18F3631A00EBDE06 /* UTCSLabMachine.m */ = {isa = PBXFileReference; fileEncoding = 4; lastKnownFileType = sourcecode.c.objc; name = UTCSLabMachine.m; path = Model/UTCSLabMachine.m; sourceTree = "<group>"; };
		DD8989A41903141C000F1041 /* UTCSDataSourceCacheMetaData.h */ = {isa = PBXFileReference; fileEncoding = 4; lastKnownFileType = sourcecode.c.h; name = UTCSDataSourceCacheMetaData.h; path = Model/UTCSDataSourceCacheMetaData.h; sourceTree = "<group>"; };
		DD8989A51903141C000F1041 /* UTCSDataSourceCacheMetaData.m */ = {isa = PBXFileReference; fileEncoding = 4; lastKnownFileType = sourcecode.c.objc; name = UTCSDataSourceCacheMetaData.m; path = Model/UTCSDataSourceCacheMetaData.m; sourceTree = "<group>"; };
		DD9475AA190A43230049FB8B /* UTCSSlideNavigationAnimator.h */ = {isa = PBXFileReference; fileEncoding = 4; lastKnownFileType = sourcecode.c.h; name = UTCSSlideNavigationAnimator.h; path = UTCS/Classes/Model/UTCSSlideNavigationAnimator.h; sourceTree = SOURCE_ROOT; };
		DD9475AB190A43230049FB8B /* UTCSSlideNavigationAnimator.m */ = {isa = PBXFileReference; fileEncoding = 4; lastKnownFileType = sourcecode.c.objc; name = UTCSSlideNavigationAnimator.m; path = UTCS/Classes/Model/UTCSSlideNavigationAnimator.m; sourceTree = SOURCE_ROOT; };
		DD9475BD190B1EDD0049FB8B /* UTCSLabViewLayout.h */ = {isa = PBXFileReference; fileEncoding = 4; lastKnownFileType = sourcecode.c.h; name = UTCSLabViewLayout.h; path = Model/UTCSLabViewLayout.h; sourceTree = "<group>"; };
		DD9475BE190B1EDD0049FB8B /* UTCSLabViewLayout.m */ = {isa = PBXFileReference; fileEncoding = 4; lastKnownFileType = sourcecode.c.objc; name = UTCSLabViewLayout.m; path = Model/UTCSLabViewLayout.m; sourceTree = "<group>"; };
		DD9475C1190B26530049FB8B /* ThirdFloorLabLayout.plist */ = {isa = PBXFileReference; fileEncoding = 4; lastKnownFileType = text.plist.xml; name = ThirdFloorLabLayout.plist; path = UTCS/ThirdFloorLabLayout.plist; sourceTree = SOURCE_ROOT; };
		DD9475C5190B38AC0049FB8B /* UTCSLabView.h */ = {isa = PBXFileReference; fileEncoding = 4; lastKnownFileType = sourcecode.c.h; name = UTCSLabView.h; path = Views/UTCSLabView.h; sourceTree = "<group>"; };
		DD9475C6190B38AC0049FB8B /* UTCSLabView.m */ = {isa = PBXFileReference; fileEncoding = 4; lastKnownFileType = sourcecode.c.objc; name = UTCSLabView.m; path = Views/UTCSLabView.m; sourceTree = "<group>"; };
		DD9475C8190B38FC0049FB8B /* UTCSLabViewLayoutAttributes.h */ = {isa = PBXFileReference; fileEncoding = 4; lastKnownFileType = sourcecode.c.h; name = UTCSLabViewLayoutAttributes.h; path = Model/UTCSLabViewLayoutAttributes.h; sourceTree = "<group>"; };
		DD9475C9190B38FC0049FB8B /* UTCSLabViewLayoutAttributes.m */ = {isa = PBXFileReference; fileEncoding = 4; lastKnownFileType = sourcecode.c.objc; name = UTCSLabViewLayoutAttributes.m; path = Model/UTCSLabViewLayoutAttributes.m; sourceTree = "<group>"; };
		DD9475CB190B3B250049FB8B /* UTCSLabMachineView.h */ = {isa = PBXFileReference; fileEncoding = 4; lastKnownFileType = sourcecode.c.h; name = UTCSLabMachineView.h; path = Views/UTCSLabMachineView.h; sourceTree = "<group>"; };
		DD9475CC190B3B250049FB8B /* UTCSLabMachineView.m */ = {isa = PBXFileReference; fileEncoding = 4; lastKnownFileType = sourcecode.c.objc; name = UTCSLabMachineView.m; path = Views/UTCSLabMachineView.m; sourceTree = "<group>"; };
		DD9475CE190B8F830049FB8B /* BasementLabLayout.plist */ = {isa = PBXFileReference; fileEncoding = 4; lastKnownFileType = text.plist.xml; name = BasementLabLayout.plist; path = UTCS/BasementLabLayout.plist; sourceTree = SOURCE_ROOT; };
		DD9475D0190C73CB0049FB8B /* UTCSSegmentedControlTableViewCell.h */ = {isa = PBXFileReference; fileEncoding = 4; lastKnownFileType = sourcecode.c.h; name = UTCSSegmentedControlTableViewCell.h; path = Views/UTCSSegmentedControlTableViewCell.h; sourceTree = "<group>"; };
		DD9475D1190C73CB0049FB8B /* UTCSSegmentedControlTableViewCell.m */ = {isa = PBXFileReference; fileEncoding = 4; lastKnownFileType = sourcecode.c.objc; name = UTCSSegmentedControlTableViewCell.m; path = Views/UTCSSegmentedControlTableViewCell.m; sourceTree = "<group>"; };
		DD9475E7190CE5DF0049FB8B /* cloud.svg */ = {isa = PBXFileReference; fileEncoding = 4; lastKnownFileType = text.xml; path = cloud.svg; sourceTree = "<group>"; };
		DD95E748191F4EE00062F4E9 /* NSAttributedString+Trim.h */ = {isa = PBXFileReference; fileEncoding = 4; lastKnownFileType = sourcecode.c.h; name = "NSAttributedString+Trim.h"; path = "Categories/NSAttributedString+Trim.h"; sourceTree = "<group>"; };
		DD95E749191F4EE00062F4E9 /* NSAttributedString+Trim.m */ = {isa = PBXFileReference; fileEncoding = 4; lastKnownFileType = sourcecode.c.objc; name = "NSAttributedString+Trim.m"; path = "Categories/NSAttributedString+Trim.m"; sourceTree = "<group>"; };
		DD95E74E1920964A0062F4E9 /* UTCSStarredEventsDataSource.h */ = {isa = PBXFileReference; fileEncoding = 4; lastKnownFileType = sourcecode.c.h; name = UTCSStarredEventsDataSource.h; path = Model/UTCSStarredEventsDataSource.h; sourceTree = "<group>"; };
		DD95E74F1920964A0062F4E9 /* UTCSStarredEventsDataSource.m */ = {isa = PBXFileReference; fileEncoding = 4; lastKnownFileType = sourcecode.c.objc; name = UTCSStarredEventsDataSource.m; path = Model/UTCSStarredEventsDataSource.m; sourceTree = "<group>"; };
		DD95E751192096880062F4E9 /* UTCSStarredEventsManager.h */ = {isa = PBXFileReference; fileEncoding = 4; lastKnownFileType = sourcecode.c.h; name = UTCSStarredEventsManager.h; path = Model/UTCSStarredEventsManager.h; sourceTree = "<group>"; };
		DD95E752192096880062F4E9 /* UTCSStarredEventsManager.m */ = {isa = PBXFileReference; fileEncoding = 4; lastKnownFileType = sourcecode.c.objc; name = UTCSStarredEventsManager.m; path = Model/UTCSStarredEventsManager.m; sourceTree = "<group>"; };
		DD95E7601922955E0062F4E9 /* UTCSAuthenticationManager.h */ = {isa = PBXFileReference; fileEncoding = 4; lastKnownFileType = sourcecode.c.h; name = UTCSAuthenticationManager.h; path = Model/UTCSAuthenticationManager.h; sourceTree = "<group>"; };
		DD95E7611922955E0062F4E9 /* UTCSAuthenticationManager.m */ = {isa = PBXFileReference; fileEncoding = 4; lastKnownFileType = sourcecode.c.objc; name = UTCSAuthenticationManager.m; path = Model/UTCSAuthenticationManager.m; sourceTree = "<group>"; };
		DD95E764192296E20062F4E9 /* hosts.plist */ = {isa = PBXFileReference; fileEncoding = 4; lastKnownFileType = text.plist.xml; name = hosts.plist; path = UTCS/hosts.plist; sourceTree = SOURCE_ROOT; };
		DD95E77B1926305C0062F4E9 /* DPMeterView-license.txt */ = {isa = PBXFileReference; fileEncoding = 4; lastKnownFileType = text; name = "DPMeterView-license.txt"; path = "Resources/Licenses/DPMeterView-license.txt"; sourceTree = "<group>"; };
		DD95E77C1926305C0062F4E9 /* FBShimmering-license.txt */ = {isa = PBXFileReference; fileEncoding = 4; lastKnownFileType = text; name = "FBShimmering-license.txt"; path = "Resources/Licenses/FBShimmering-license.txt"; sourceTree = "<group>"; };
		DD95E77D1926305C0062F4E9 /* FBTweaks-license.txt */ = {isa = PBXFileReference; fileEncoding = 4; lastKnownFileType = text; name = "FBTweaks-license.txt"; path = "Resources/Licenses/FBTweaks-license.txt"; sourceTree = "<group>"; };
		DD95E77E1926305C0062F4E9 /* JVFloatLabeledTextField-license.txt */ = {isa = PBXFileReference; fileEncoding = 4; lastKnownFileType = text; name = "JVFloatLabeledTextField-license.txt"; path = "Resources/Licenses/JVFloatLabeledTextField-license.txt"; sourceTree = "<group>"; };
		DD95E77F1926305C0062F4E9 /* MBProgressHUD-license.txt */ = {isa = PBXFileReference; fileEncoding = 4; lastKnownFileType = text; name = "MBProgressHUD-license.txt"; path = "Resources/Licenses/MBProgressHUD-license.txt"; sourceTree = "<group>"; };
		DD95E7801926305C0062F4E9 /* NMSSH-license.txt */ = {isa = PBXFileReference; fileEncoding = 4; lastKnownFileType = text; name = "NMSSH-license.txt"; path = "Resources/Licenses/NMSSH-license.txt"; sourceTree = "<group>"; };
		DD95E7811926305C0062F4E9 /* PocketSVG-license.txt */ = {isa = PBXFileReference; fileEncoding = 4; lastKnownFileType = text; name = "PocketSVG-license.txt"; path = "Resources/Licenses/PocketSVG-license.txt"; sourceTree = "<group>"; };
		DD95E7821926305C0062F4E9 /* pop-license.txt */ = {isa = PBXFileReference; fileEncoding = 4; lastKnownFileType = text; name = "pop-license.txt"; path = "Resources/Licenses/pop-license.txt"; sourceTree = "<group>"; };
		DD95E7831926305C0062F4E9 /* RQShineLabel-license.txt */ = {isa = PBXFileReference; fileEncoding = 4; lastKnownFileType = text; name = "RQShineLabel-license.txt"; path = "Resources/Licenses/RQShineLabel-license.txt"; sourceTree = "<group>"; };
		DD9DF74218B4B09600DDC1DB /* QuartzCore.framework */ = {isa = PBXFileReference; lastKnownFileType = wrapper.framework; name = QuartzCore.framework; path = System/Library/Frameworks/QuartzCore.framework; sourceTree = SDKROOT; };
		DDA7588F1904D313007CD0DB /* App.xcassets */ = {isa = PBXFileReference; lastKnownFileType = folder.assetcatalog; name = App.xcassets; path = Resources/App.xcassets; sourceTree = "<group>"; };
		DDA758931904D7C4007CD0DB /* UTCSDataSourceCache.h */ = {isa = PBXFileReference; fileEncoding = 4; lastKnownFileType = sourcecode.c.h; name = UTCSDataSourceCache.h; path = Model/UTCSDataSourceCache.h; sourceTree = "<group>"; };
		DDA758941904D7C4007CD0DB /* UTCSDataSourceCache.m */ = {isa = PBXFileReference; fileEncoding = 4; lastKnownFileType = sourcecode.c.objc; name = UTCSDataSourceCache.m; path = Model/UTCSDataSourceCache.m; sourceTree = "<group>"; };
		DDA758B61905FDD0007CD0DB /* UTCSStateManager.h */ = {isa = PBXFileReference; fileEncoding = 4; lastKnownFileType = sourcecode.c.h; name = UTCSStateManager.h; path = Model/UTCSStateManager.h; sourceTree = "<group>"; };
		DDA758B71905FDD0007CD0DB /* UTCSStateManager.m */ = {isa = PBXFileReference; fileEncoding = 4; lastKnownFileType = sourcecode.c.objc; name = UTCSStateManager.m; path = Model/UTCSStateManager.m; sourceTree = "<group>"; };
		DDA758E21906661D007CD0DB /* UTCSLabMachineViewController.h */ = {isa = PBXFileReference; fileEncoding = 4; lastKnownFileType = sourcecode.c.h; name = UTCSLabMachineViewController.h; path = ViewControllers/UTCSLabMachineViewController.h; sourceTree = "<group>"; };
		DDA758E31906661D007CD0DB /* UTCSLabMachineViewController.m */ = {isa = PBXFileReference; fileEncoding = 4; lastKnownFileType = sourcecode.c.objc; name = UTCSLabMachineViewController.m; path = ViewControllers/UTCSLabMachineViewController.m; sourceTree = "<group>"; };
		DDA94B6518C1D1BC00DDF949 /* UIColor+UTCSColors.h */ = {isa = PBXFileReference; fileEncoding = 4; lastKnownFileType = sourcecode.c.h; name = "UIColor+UTCSColors.h"; path = "Categories/UIColor+UTCSColors.h"; sourceTree = "<group>"; };
		DDA94B6618C1D1BC00DDF949 /* UIColor+UTCSColors.m */ = {isa = PBXFileReference; fileEncoding = 4; lastKnownFileType = sourcecode.c.objc; name = "UIColor+UTCSColors.m"; path = "Categories/UIColor+UTCSColors.m"; sourceTree = "<group>"; };
		DDA94B7E18C1FD9F00DDF949 /* UIView+CZPositioning.h */ = {isa = PBXFileReference; fileEncoding = 4; lastKnownFileType = sourcecode.c.h; name = "UIView+CZPositioning.h"; path = "Categories/UIView+CZPositioning.h"; sourceTree = "<group>"; };
		DDA94B7F18C1FD9F00DDF949 /* UIView+CZPositioning.m */ = {isa = PBXFileReference; fileEncoding = 4; lastKnownFileType = sourcecode.c.objc; name = "UIView+CZPositioning.m"; path = "Categories/UIView+CZPositioning.m"; sourceTree = "<group>"; };
		DDC4046B1917CC8C00D17CBF /* Event Headers.xcassets */ = {isa = PBXFileReference; lastKnownFileType = folder.assetcatalog; name = "Event Headers.xcassets"; path = "Resources/Event Headers.xcassets"; sourceTree = "<group>"; };
		DDC404711917D42400D17CBF /* Icons.xcassets */ = {isa = PBXFileReference; lastKnownFileType = folder.assetcatalog; name = Icons.xcassets; path = Resources/Icons.xcassets; sourceTree = "<group>"; };
		DDC4047C1918875200D17CBF /* AFNetworking-license.txt */ = {isa = PBXFileReference; fileEncoding = 4; lastKnownFileType = text; name = "AFNetworking-license.txt"; path = "Resources/Licenses/AFNetworking-license.txt"; sourceTree = "<group>"; };
		DDCA58E618BE4BE0001F543D /* UITextView+CZTextViewHeight.h */ = {isa = PBXFileReference; fileEncoding = 4; lastKnownFileType = sourcecode.c.h; name = "UITextView+CZTextViewHeight.h"; path = "Categories/UITextView+CZTextViewHeight.h"; sourceTree = "<group>"; };
		DDCA58E718BE4BE0001F543D /* UITextView+CZTextViewHeight.m */ = {isa = PBXFileReference; fileEncoding = 4; lastKnownFileType = sourcecode.c.objc; name = "UITextView+CZTextViewHeight.m"; path = "Categories/UITextView+CZTextViewHeight.m"; sourceTree = "<group>"; };
		DDDC92D818FA0E1300D39A74 /* UIImage+ImageEffects.h */ = {isa = PBXFileReference; fileEncoding = 4; lastKnownFileType = sourcecode.c.h; path = "UIImage+ImageEffects.h"; sourceTree = "<group>"; };
		DDDC92D918FA0E1300D39A74 /* UIImage+ImageEffects.m */ = {isa = PBXFileReference; fileEncoding = 4; lastKnownFileType = sourcecode.c.objc; path = "UIImage+ImageEffects.m"; sourceTree = "<group>"; };
		DDE561E018DC0C0E00C46480 /* UTCSVerticalMenuViewController.h */ = {isa = PBXFileReference; fileEncoding = 4; lastKnownFileType = sourcecode.c.h; path = UTCSVerticalMenuViewController.h; sourceTree = "<group>"; };
		DDE561E118DC0C0E00C46480 /* UTCSVerticalMenuViewController.m */ = {isa = PBXFileReference; fileEncoding = 4; lastKnownFileType = sourcecode.c.objc; path = UTCSVerticalMenuViewController.m; sourceTree = "<group>"; };
/* End PBXFileReference section */

/* Begin PBXFrameworksBuildPhase section */
		0B9A26301891D5E30032DA03 /* Frameworks */ = {
			isa = PBXFrameworksBuildPhase;
			buildActionMask = 2147483647;
			files = (
				DD44656018E4A04E00ED1153 /* CoreText.framework in Frameworks */,
				DD9DF74318B4B09600DDC1DB /* QuartzCore.framework in Frameworks */,
				0B9A26391891D5E30032DA03 /* CoreGraphics.framework in Frameworks */,
				0B9A263B1891D5E30032DA03 /* UIKit.framework in Frameworks */,
				0B9A26371891D5E30032DA03 /* Foundation.framework in Frameworks */,
				FE38EDECED57EF7FE294D246 /* Pods_UTCS.framework in Frameworks */,
			);
			runOnlyForDeploymentPostprocessing = 0;
		};
		D43C8AFC1B7851F80049C4D6 /* Frameworks */ = {
			isa = PBXFrameworksBuildPhase;
			buildActionMask = 2147483647;
			files = (
			);
			runOnlyForDeploymentPostprocessing = 0;
		};
/* End PBXFrameworksBuildPhase section */

/* Begin PBXGroup section */
		0B9A262A1891D5E30032DA03 = {
			isa = PBXGroup;
			children = (
				DDA758891904D28D007CD0DB /* Resources */,
				0B9A263C1891D5E30032DA03 /* UTCS */,
				0B9A263D1891D5E30032DA03 /* Supporting Files */,
				D43C8B001B7851F90049C4D6 /* UTCSTests */,
				0B9A26351891D5E30032DA03 /* Frameworks */,
				0B9A26341891D5E30032DA03 /* Products */,
				5E6EA229988F423BF93EFFC5 /* Pods */,
			);
			sourceTree = "<group>";
		};
		0B9A26341891D5E30032DA03 /* Products */ = {
			isa = PBXGroup;
			children = (
				0B9A26331891D5E30032DA03 /* UTCS.app */,
				D43C8AFF1B7851F80049C4D6 /* UTCSTests.xctest */,
			);
			name = Products;
			sourceTree = "<group>";
		};
		0B9A26351891D5E30032DA03 /* Frameworks */ = {
			isa = PBXGroup;
			children = (
				DD44655F18E4A04E00ED1153 /* CoreText.framework */,
				DD9DF74218B4B09600DDC1DB /* QuartzCore.framework */,
				0B9A26361891D5E30032DA03 /* Foundation.framework */,
				0B9A26381891D5E30032DA03 /* CoreGraphics.framework */,
				0B9A263A1891D5E30032DA03 /* UIKit.framework */,
				91F36A8C0707E31ACA5EC9D9 /* Pods_UTCS.framework */,
			);
			name = Frameworks;
			sourceTree = "<group>";
		};
		0B9A263C1891D5E30032DA03 /* UTCS */ = {
			isa = PBXGroup;
			children = (
				D4280C1A1B2E1CC80090F8C6 /* AppDelegate.swift */,
				DDA94B6818C1D1C600DDF949 /* Categories */,
				DD5B583818D239F900EEB474 /* Classes */,
				D46B22BB1B2F9F8600C90116 /* Launch Screen.storyboard */,
				D44F34851B56807A00D84D0B /* Constants.swift */,
			);
			path = UTCS;
			sourceTree = "<group>";
		};
		0B9A263D1891D5E30032DA03 /* Supporting Files */ = {
			isa = PBXGroup;
			children = (
				D4280C151B2E0E770090F8C6 /* UTCS-Bridging-Header.h */,
				0B9A263E1891D5E30032DA03 /* UTCS-Info.plist */,
				0B9A263F1891D5E30032DA03 /* InfoPlist.strings */,
				0B9A26441891D5E30032DA03 /* UTCS-Prefix.pch */,
			);
			name = "Supporting Files";
			path = UTCS;
			sourceTree = "<group>";
		};
		5E6EA229988F423BF93EFFC5 /* Pods */ = {
			isa = PBXGroup;
			children = (
				88EABA07A3811E48149CDA98 /* Pods-UTCS.debug.xcconfig */,
				97C0E9A6409F3D1BA5F08593 /* Pods-UTCS.release.xcconfig */,
			);
			name = Pods;
			sourceTree = "<group>";
		};
		D43C8B001B7851F90049C4D6 /* UTCSTests */ = {
			isa = PBXGroup;
			children = (
				D43C8B011B7851F90049C4D6 /* UTCSTests.swift */,
				D43C8B031B7851F90049C4D6 /* Info.plist */,
			);
			path = UTCSTests;
			sourceTree = "<group>";
		};
		DD44659018E7EA5500ED1153 /* UIColor+CZTinting */ = {
			isa = PBXGroup;
			children = (
				DD44659118E7EA6C00ED1153 /* UIImage+CZTinting.h */,
				DD44659218E7EA6C00ED1153 /* UIImage+CZTinting.m */,
			);
			name = "UIColor+CZTinting";
			sourceTree = "<group>";
		};
		DD5B583818D239F900EEB474 /* Classes */ = {
			isa = PBXGroup;
			children = (
				DDC2F5D219047748006011F0 /* Abstract */,
				DDA758EE19081DE4007CD0DB /* General */,
				DD5B586C18D23DD200EEB474 /* Navigation */,
				DDA7589C1904F60A007CD0DB /* Services */,
				DD87616A1900FCA4005FEE4E /* Settings */,
			);
			path = Classes;
			sourceTree = "<group>";
		};
		DD5B586C18D23DD200EEB474 /* Navigation */ = {
			isa = PBXGroup;
			children = (
				D4BA71CA1B42107A007C09F6 /* MenuViewController.swift */,
				DD89899E19031159000F1041 /* Vertical Menu */,
				D43E864B1B37142700F6EA70 /* NavigationController.swift */,
				D43E864D1B3758E900F6EA70 /* NavigationControllerDelegate.swift */,
				DD9475AA190A43230049FB8B /* UTCSSlideNavigationAnimator.h */,
				DD9475AB190A43230049FB8B /* UTCSSlideNavigationAnimator.m */,
			);
			name = Navigation;
			path = ViewControllers;
			sourceTree = "<group>";
		};
		DD724E0E18DF8A9000AAE4F0 /* UIImage+CZScaling */ = {
			isa = PBXGroup;
			children = (
				DD724E0F18DF8AAA00AAE4F0 /* UIImage+CZScaling.h */,
				DD724E1018DF8AAA00AAE4F0 /* UIImage+CZScaling.m */,
			);
			name = "UIImage+CZScaling";
			sourceTree = "<group>";
		};
		DD87615E18FDFE45005FEE4E /* News */ = {
			isa = PBXGroup;
			children = (
				D41A79201B5B38190049C683 /* NewsTableViewCell.xib */,
				D4F2B9CA1B5B024300D28C1D /* NewsTableViewCell.swift */,
				D46C7C4A1B4F454F009F1EA1 /* NewsViewController.swift */,
				D482C1AA1B3CDE8E00645C23 /* NewsDetailViewController.swift */,
				DD87615F18FDFE4A005FEE4E /* Models */,
			);
			name = News;
			sourceTree = "<group>";
		};
		DD87615F18FDFE4A005FEE4E /* Models */ = {
			isa = PBXGroup;
			children = (
				D4F2B9C61B5AFB6400D28C1D /* NewsDataSource.swift */,
				D4A89CF81B818B3600B9D7A5 /* NewsArticle.swift */,
				D46439071B7C63EC007BA5D0 /* NewsDataSourceParser.swift */,
			);
			name = Models;
			sourceTree = "<group>";
		};
		DD87616218FDFE97005FEE4E /* Events */ = {
			isa = PBXGroup;
			children = (
				D45FE5341B508F47000F2D59 /* EventsViewController.swift */,
				D4D5F5091B530C7F005974A7 /* StarredEventsViewController.swift */,
				DD44659718E8254B00ED1153 /* UTCSEventsDetailViewController.h */,
				DD44659818E8254C00ED1153 /* UTCSEventsDetailViewController.m */,
				DD87616318FDFE9F005FEE4E /* Models */,
			);
			name = Events;
			sourceTree = "<group>";
		};
		DD87616318FDFE9F005FEE4E /* Models */ = {
			isa = PBXGroup;
			children = (
				D46439051B7C627D007BA5D0 /* EventsDataSourceParser.swift */,
				D43C8B0D1B79197C0049C4D6 /* EventsDataSource.swift */,
				DD5B583A18D239F900EEB474 /* UTCSEvent.h */,
				DD5B583B18D239F900EEB474 /* UTCSEvent.m */,
				DD95E74E1920964A0062F4E9 /* UTCSStarredEventsDataSource.h */,
				DD95E74F1920964A0062F4E9 /* UTCSStarredEventsDataSource.m */,
				DD95E751192096880062F4E9 /* UTCSStarredEventsManager.h */,
				DD95E752192096880062F4E9 /* UTCSStarredEventsManager.m */,
			);
			name = Models;
			sourceTree = "<group>";
		};
		DD8761661900FC4F005FEE4E /* Labs */ = {
			isa = PBXGroup;
			children = (
				DD9475C0190B22D30049FB8B /* Layouts */,
				DD8761691900FC5D005FEE4E /* Controllers */,
				DD8761681900FC59005FEE4E /* Views */,
				DD8761671900FC56005FEE4E /* Models */,
			);
			name = Labs;
			sourceTree = "<group>";
		};
		DD8761671900FC56005FEE4E /* Models */ = {
			isa = PBXGroup;
			children = (
				D43C8B0B1B7919680049C4D6 /* LabsDataSource.swift */,
				D46439091B7C6451007BA5D0 /* LabsDataSourceParser.swift */,
				DD83B58C18F3631A00EBDE06 /* UTCSLabMachine.h */,
				DD83B58D18F3631A00EBDE06 /* UTCSLabMachine.m */,
				DD9475BD190B1EDD0049FB8B /* UTCSLabViewLayout.h */,
				DD9475BE190B1EDD0049FB8B /* UTCSLabViewLayout.m */,
				DD9475C8190B38FC0049FB8B /* UTCSLabViewLayoutAttributes.h */,
				DD9475C9190B38FC0049FB8B /* UTCSLabViewLayoutAttributes.m */,
			);
			name = Models;
			sourceTree = "<group>";
		};
		DD8761681900FC59005FEE4E /* Views */ = {
			isa = PBXGroup;
			children = (
				DD9475C5190B38AC0049FB8B /* UTCSLabView.h */,
				DD9475C6190B38AC0049FB8B /* UTCSLabView.m */,
				DD9475CB190B3B250049FB8B /* UTCSLabMachineView.h */,
				DD9475CC190B3B250049FB8B /* UTCSLabMachineView.m */,
			);
			name = Views;
			sourceTree = "<group>";
		};
		DD8761691900FC5D005FEE4E /* Controllers */ = {
			isa = PBXGroup;
			children = (
				D46C7C4C1B4F4F2E009F1EA1 /* LabsViewController.swift */,
				DDA758E21906661D007CD0DB /* UTCSLabMachineViewController.h */,
				D4D5F5041B530A23005974A7 /* LabMachineViewController.swift */,
				DDA758E31906661D007CD0DB /* UTCSLabMachineViewController.m */,
			);
			name = Controllers;
			sourceTree = "<group>";
		};
		DD87616A1900FCA4005FEE4E /* Settings */ = {
			isa = PBXGroup;
			children = (
				D4D5F5071B530B7A005974A7 /* SettingsViewController.swift */,
				DD5CAF80190A325D0051F637 /* SettingsLegalViewController.swift */,
				D44F34871B57DC9800D84D0B /* SettingsAboutViewController.swift */,
				D44F34891B57DEAA00D84D0B /* SettingsLicenseViewController.swift */,
				DDC206FA190A04B0001DD1A5 /* Models */,
				DDC206F9190A04AA001DD1A5 /* Views */,
			);
			name = Settings;
			sourceTree = "<group>";
		};
		DD87616D1900FCD5005FEE4E /* Disk Quota */ = {
			isa = PBXGroup;
			children = (
				D43E86481B36869900F6EA70 /* DiskQuotaDataSourceParser.swift */,
				D4CDC8491B30EFD500D6E4CE /* DiskQuotaViewController.swift */,
				D4CDC84B1B30F3B400D6E4CE /* DiskQuotaView.xib */,
				D40C69791B7D3572005E3719 /* DiskQuotaDataSource.swift */,
				D40C697B1B7D363B005E3719 /* QuotaData.swift */,
			);
			name = "Disk Quota";
			sourceTree = "<group>";
		};
		DD87616F1900FCEF005FEE4E /* Directory */ = {
			isa = PBXGroup;
			children = (
				D4678A4A1B34CD2A00CC82E4 /* DirectoryDetailViewController.swift */,
				D4D5F5021B53076E005974A7 /* DirectoryViewController.swift */,
				DD8761701900FD02005FEE4E /* Models */,
			);
			name = Directory;
			sourceTree = "<group>";
		};
		DD8761701900FD02005FEE4E /* Models */ = {
			isa = PBXGroup;
			children = (
				D4D8C1F51B5F2BD4006E03CD /* DirectoryDataSource.swift */,
				D4D8C1F11B5F1179006E03CD /* DirectoryPerson.swift */,
				D4D8C1F31B5F28CC006E03CD /* DirectoryDataSourceParser.swift */,
			);
			name = Models;
			sourceTree = "<group>";
		};
		DD89899E19031159000F1041 /* Vertical Menu */ = {
			isa = PBXGroup;
			children = (
				DDE561E018DC0C0E00C46480 /* UTCSVerticalMenuViewController.h */,
				DDE561E118DC0C0E00C46480 /* UTCSVerticalMenuViewController.m */,
			);
			name = "Vertical Menu";
			sourceTree = "<group>";
		};
		DD9475C0190B22D30049FB8B /* Layouts */ = {
			isa = PBXGroup;
			children = (
				DD9475C1190B26530049FB8B /* ThirdFloorLabLayout.plist */,
				DD9475CE190B8F830049FB8B /* BasementLabLayout.plist */,
			);
			name = Layouts;
			sourceTree = "<group>";
		};
		DD9475E0190CDFBC0049FB8B /* svg */ = {
			isa = PBXGroup;
			children = (
				DD9475E7190CE5DF0049FB8B /* cloud.svg */,
			);
			name = svg;
			sourceTree = "<group>";
		};
		DD95E747191F4ECC0062F4E9 /* NSAttributedString+Trim */ = {
			isa = PBXGroup;
			children = (
				DD95E748191F4EE00062F4E9 /* NSAttributedString+Trim.h */,
				DD95E749191F4EE00062F4E9 /* NSAttributedString+Trim.m */,
			);
			name = "NSAttributedString+Trim";
			sourceTree = "<group>";
		};
		DD95E75F1922954C0062F4E9 /* AuthenticationManager */ = {
			isa = PBXGroup;
			children = (
				DD95E7601922955E0062F4E9 /* UTCSAuthenticationManager.h */,
				DD95E7611922955E0062F4E9 /* UTCSAuthenticationManager.m */,
				DD95E764192296E20062F4E9 /* hosts.plist */,
			);
			name = AuthenticationManager;
			sourceTree = "<group>";
		};
		DDA758891904D28D007CD0DB /* Resources */ = {
			isa = PBXGroup;
			children = (
				DDC4047B191886F000D17CBF /* Licenses */,
				DD9475E0190CDFBC0049FB8B /* svg */,
				DDA7588F1904D313007CD0DB /* App.xcassets */,
				886C2D451C215D580026E0CE /* Backgrounds.xcassets */,
				DDC404711917D42400D17CBF /* Icons.xcassets */,
				DDC4046B1917CC8C00D17CBF /* Event Headers.xcassets */,
				DD7CADD3192E65BD00566D6A /* Default Headers.xcassets */,
			);
			name = Resources;
			sourceTree = "<group>";
		};
		DDA7589C1904F60A007CD0DB /* Services */ = {
			isa = PBXGroup;
			children = (
				DD87615E18FDFE45005FEE4E /* News */,
				DD87616218FDFE97005FEE4E /* Events */,
				DD87616D1900FCD5005FEE4E /* Disk Quota */,
				DD8761661900FC4F005FEE4E /* Labs */,
				DD87616F1900FCEF005FEE4E /* Directory */,
			);
			name = Services;
			sourceTree = "<group>";
		};
		DDA758A61905E78D007CD0DB /* Cache */ = {
			isa = PBXGroup;
			children = (
				DD8989A41903141C000F1041 /* UTCSDataSourceCacheMetaData.h */,
				DD8989A51903141C000F1041 /* UTCSDataSourceCacheMetaData.m */,
				DDA758931904D7C4007CD0DB /* UTCSDataSourceCache.h */,
				DDA758941904D7C4007CD0DB /* UTCSDataSourceCache.m */,
			);
			name = Cache;
			sourceTree = "<group>";
		};
		DDA758B51905FDB6007CD0DB /* StateManager */ = {
			isa = PBXGroup;
			children = (
				DDA758B61905FDD0007CD0DB /* UTCSStateManager.h */,
				DDA758B71905FDD0007CD0DB /* UTCSStateManager.m */,
			);
			name = StateManager;
			sourceTree = "<group>";
		};
		DDA758EE19081DE4007CD0DB /* General */ = {
			isa = PBXGroup;
			children = (
				DDA758F019081DFE007CD0DB /* Views */,
				DDA758EF19081DF3007CD0DB /* Models */,
			);
			name = General;
			sourceTree = "<group>";
		};
		DDA758EF19081DF3007CD0DB /* Models */ = {
			isa = PBXGroup;
			children = (
				D42D4DC71B704C9B00D4FD6D /* DataRequest.swift */,
				DD95E75F1922954C0062F4E9 /* AuthenticationManager */,
				DDA758B51905FDB6007CD0DB /* StateManager */,
				DDA758A61905E78D007CD0DB /* Cache */,
			);
			name = Models;
			sourceTree = "<group>";
		};
		DDA758F019081DFE007CD0DB /* Views */ = {
			isa = PBXGroup;
			children = (
				D463C86B1B338E1C00E6A767 /* ServiceErrorView.swift */,
				D4280C1D1B2E29530090F8C6 /* BouncyTableViewCell.swift */,
				D4280C161B2E0E780090F8C6 /* ActiveHeaderView.swift */,
				D43116141B3BA9E800B91737 /* ParallaxBlurHeaderScrollView.swift */,
				D4280C181B2E11130090F8C6 /* ActiveHeaderView.xib */,
				D463C86D1B338E5E00E6A767 /* ServiceErrorView.xib */,
			);
			name = Views;
			sourceTree = "<group>";
		};
		DDA94B6418C1D1A000DDF949 /* UIColor+UTCSColors */ = {
			isa = PBXGroup;
			children = (
				DDA94B6518C1D1BC00DDF949 /* UIColor+UTCSColors.h */,
				DDA94B6618C1D1BC00DDF949 /* UIColor+UTCSColors.m */,
			);
			name = "UIColor+UTCSColors";
			sourceTree = "<group>";
		};
		DDA94B6818C1D1C600DDF949 /* Categories */ = {
			isa = PBXGroup;
			children = (
				D4A89CF51B811F9900B9D7A5 /* UIBarButton+UTCSButton.swift */,
				DD95E747191F4ECC0062F4E9 /* NSAttributedString+Trim */,
				DDDC92D718FA0E0100D39A74 /* UIImage+ImageEffects */,
				DD44659018E7EA5500ED1153 /* UIColor+CZTinting */,
				DD724E0E18DF8A9000AAE4F0 /* UIImage+CZScaling */,
				DDA94B7D18C1FD8700DDF949 /* UIView+CZPositioning */,
				DDA94B6418C1D1A000DDF949 /* UIColor+UTCSColors */,
				DDCA58E518BE4BA5001F543D /* UITextView+CZTextViewHeight */,
			);
			name = Categories;
			sourceTree = "<group>";
		};
		DDA94B7D18C1FD8700DDF949 /* UIView+CZPositioning */ = {
			isa = PBXGroup;
			children = (
				DDA94B7E18C1FD9F00DDF949 /* UIView+CZPositioning.h */,
				DDA94B7F18C1FD9F00DDF949 /* UIView+CZPositioning.m */,
			);
			name = "UIView+CZPositioning";
			sourceTree = "<group>";
		};
		DDC206F9190A04AA001DD1A5 /* Views */ = {
			isa = PBXGroup;
			children = (
				DD5CAF79190A2B7C0051F637 /* UTCSSwitchTableViewCell.h */,
				DD5CAF7A190A2B7C0051F637 /* UTCSSwitchTableViewCell.m */,
				DD9475D0190C73CB0049FB8B /* UTCSSegmentedControlTableViewCell.h */,
				DD9475D1190C73CB0049FB8B /* UTCSSegmentedControlTableViewCell.m */,
			);
			name = Views;
			sourceTree = "<group>";
		};
		DDC206FA190A04B0001DD1A5 /* Models */ = {
			isa = PBXGroup;
			children = (
				D4A89CFA1B81AD7700B9D7A5 /* SettingsDataSource.swift */,
				DD5CAF76190A087E0051F637 /* UTCSSettingsDataSource.h */,
				DD5CAF77190A087E0051F637 /* UTCSSettingsDataSource.m */,
			);
			name = Models;
			sourceTree = "<group>";
		};
		DDC2F5D219047748006011F0 /* Abstract */ = {
			isa = PBXGroup;
			children = (
				D46C7C481B4DFD14009F1EA1 /* HeaderTableViewController.swift */,
				D43377F91B4CBB1D00942581 /* TableViewController.swift */,
				D4BA71CD1B421819007C09F6 /* ContentViewController.swift */,
				DDC2F5D819047775006011F0 /* Models */,
				D4D8C1EF1B5F10F5006E03CD /* Binnable.swift */,
			);
			name = Abstract;
			sourceTree = "<group>";
		};
		DDC2F5D819047775006011F0 /* Models */ = {
			isa = PBXGroup;
			children = (
				D43C8B091B79049F0049C4D6 /* DataSource.swift */,
				D46439031B7C5CEA007BA5D0 /* DataSourceParser.swift */,
				D4A89CFC1B82F76900B9D7A5 /* ServiceDataSource.swift */,
			);
			name = Models;
			sourceTree = "<group>";
		};
		DDC4047B191886F000D17CBF /* Licenses */ = {
			isa = PBXGroup;
			children = (
				DD95E77B1926305C0062F4E9 /* DPMeterView-license.txt */,
				DD95E77C1926305C0062F4E9 /* FBShimmering-license.txt */,
				DD95E77D1926305C0062F4E9 /* FBTweaks-license.txt */,
				DD95E77E1926305C0062F4E9 /* JVFloatLabeledTextField-license.txt */,
				DD95E77F1926305C0062F4E9 /* MBProgressHUD-license.txt */,
				DD95E7801926305C0062F4E9 /* NMSSH-license.txt */,
				DD95E7811926305C0062F4E9 /* PocketSVG-license.txt */,
				DD95E7821926305C0062F4E9 /* pop-license.txt */,
				DD95E7831926305C0062F4E9 /* RQShineLabel-license.txt */,
				DDC4047C1918875200D17CBF /* AFNetworking-license.txt */,
			);
			name = Licenses;
			sourceTree = "<group>";
		};
		DDCA58E518BE4BA5001F543D /* UITextView+CZTextViewHeight */ = {
			isa = PBXGroup;
			children = (
				DDCA58E618BE4BE0001F543D /* UITextView+CZTextViewHeight.h */,
				DDCA58E718BE4BE0001F543D /* UITextView+CZTextViewHeight.m */,
			);
			name = "UITextView+CZTextViewHeight";
			sourceTree = "<group>";
		};
		DDDC92D718FA0E0100D39A74 /* UIImage+ImageEffects */ = {
			isa = PBXGroup;
			children = (
				DDDC92D818FA0E1300D39A74 /* UIImage+ImageEffects.h */,
				DDDC92D918FA0E1300D39A74 /* UIImage+ImageEffects.m */,
			);
			name = "UIImage+ImageEffects";
			sourceTree = "<group>";
		};
/* End PBXGroup section */

/* Begin PBXNativeTarget section */
		0B9A26321891D5E30032DA03 /* UTCS */ = {
			isa = PBXNativeTarget;
			buildConfigurationList = 0B9A265F1891D5E30032DA03 /* Build configuration list for PBXNativeTarget "UTCS" */;
			buildPhases = (
				18DA0492A8DC42A7B0D5259D /* Check Pods Manifest.lock */,
				0B9A262F1891D5E30032DA03 /* Sources */,
				0B9A26301891D5E30032DA03 /* Frameworks */,
				0B9A26311891D5E30032DA03 /* Resources */,
				AEECB517A3CA4691B8D46D25 /* Copy Pods Resources */,
				1709A7E40252231252631ED3 /* Embed Pods Frameworks */,
			);
			buildRules = (
			);
			dependencies = (
			);
			name = UTCS;
			productName = UTCS;
			productReference = 0B9A26331891D5E30032DA03 /* UTCS.app */;
			productType = "com.apple.product-type.application";
		};
		D43C8AFE1B7851F80049C4D6 /* UTCSTests */ = {
			isa = PBXNativeTarget;
			buildConfigurationList = D43C8B061B7851F90049C4D6 /* Build configuration list for PBXNativeTarget "UTCSTests" */;
			buildPhases = (
				D43C8AFB1B7851F80049C4D6 /* Sources */,
				D43C8AFC1B7851F80049C4D6 /* Frameworks */,
				D43C8AFD1B7851F80049C4D6 /* Resources */,
			);
			buildRules = (
			);
			dependencies = (
				D43C8B051B7851F90049C4D6 /* PBXTargetDependency */,
			);
			name = UTCSTests;
			productName = UTCSTests;
			productReference = D43C8AFF1B7851F80049C4D6 /* UTCSTests.xctest */;
			productType = "com.apple.product-type.bundle.unit-test";
		};
/* End PBXNativeTarget section */

/* Begin PBXProject section */
		0B9A262B1891D5E30032DA03 /* Project object */ = {
			isa = PBXProject;
			attributes = {
				CLASSPREFIX = UTCS;
				LastSwiftUpdateCheck = 0700;
				LastUpgradeCheck = 0700;
				ORGANIZATIONNAME = UTCS;
				TargetAttributes = {
					0B9A26321891D5E30032DA03 = {
						DevelopmentTeam = 2627WG76ES;
						SystemCapabilities = {
							com.apple.DataProtection = {
								enabled = 1;
							};
							com.apple.InAppPurchase = {
								enabled = 0;
							};
						};
					};
					D43C8AFE1B7851F80049C4D6 = {
						CreatedOnToolsVersion = 7.0;
						TestTargetID = 0B9A26321891D5E30032DA03;
					};
				};
			};
			buildConfigurationList = 0B9A262E1891D5E30032DA03 /* Build configuration list for PBXProject "UTCS" */;
			compatibilityVersion = "Xcode 3.2";
			developmentRegion = English;
			hasScannedForEncodings = 0;
			knownRegions = (
				en,
			);
			mainGroup = 0B9A262A1891D5E30032DA03;
			productRefGroup = 0B9A26341891D5E30032DA03 /* Products */;
			projectDirPath = "";
			projectRoot = "";
			targets = (
				0B9A26321891D5E30032DA03 /* UTCS */,
				D43C8AFE1B7851F80049C4D6 /* UTCSTests */,
			);
		};
/* End PBXProject section */

/* Begin PBXResourcesBuildPhase section */
		0B9A26311891D5E30032DA03 /* Resources */ = {
			isa = PBXResourcesBuildPhase;
			buildActionMask = 2147483647;
			files = (
				D4CDC84C1B30F3B400D6E4CE /* DiskQuotaView.xib in Resources */,
				DD95E78C1926305C0062F4E9 /* RQShineLabel-license.txt in Resources */,
				DDC4046C1917CC8C00D17CBF /* Event Headers.xcassets in Resources */,
				DD95E765192296E20062F4E9 /* hosts.plist in Resources */,
				DD95E7861926305C0062F4E9 /* FBTweaks-license.txt in Resources */,
				DD95E78B1926305C0062F4E9 /* pop-license.txt in Resources */,
				D41A79211B5B38190049C683 /* NewsTableViewCell.xib in Resources */,
				DD95E7841926305C0062F4E9 /* DPMeterView-license.txt in Resources */,
				DD95E7851926305C0062F4E9 /* FBShimmering-license.txt in Resources */,
				DDA758901904D313007CD0DB /* App.xcassets in Resources */,
				DD95E7891926305C0062F4E9 /* NMSSH-license.txt in Resources */,
				DD9475E8190CE5DF0049FB8B /* cloud.svg in Resources */,
				886C2D461C215D580026E0CE /* Backgrounds.xcassets in Resources */,
				DD95E7881926305C0062F4E9 /* MBProgressHUD-license.txt in Resources */,
				DD7CADD4192E65BD00566D6A /* Default Headers.xcassets in Resources */,
				DD9475CF190B8F830049FB8B /* BasementLabLayout.plist in Resources */,
				DD95E78A1926305C0062F4E9 /* PocketSVG-license.txt in Resources */,
				DDC4047D1918875200D17CBF /* AFNetworking-license.txt in Resources */,
				DD95E7871926305C0062F4E9 /* JVFloatLabeledTextField-license.txt in Resources */,
				0B9A26411891D5E30032DA03 /* InfoPlist.strings in Resources */,
				D463C86E1B338E5E00E6A767 /* ServiceErrorView.xib in Resources */,
				D46B22BC1B2F9F8600C90116 /* Launch Screen.storyboard in Resources */,
				D4280C191B2E11130090F8C6 /* ActiveHeaderView.xib in Resources */,
				DDC404721917D42400D17CBF /* Icons.xcassets in Resources */,
				DD9475C2190B26530049FB8B /* ThirdFloorLabLayout.plist in Resources */,
			);
			runOnlyForDeploymentPostprocessing = 0;
		};
		D43C8AFD1B7851F80049C4D6 /* Resources */ = {
			isa = PBXResourcesBuildPhase;
			buildActionMask = 2147483647;
			files = (
			);
			runOnlyForDeploymentPostprocessing = 0;
		};
/* End PBXResourcesBuildPhase section */

/* Begin PBXShellScriptBuildPhase section */
		1709A7E40252231252631ED3 /* Embed Pods Frameworks */ = {
			isa = PBXShellScriptBuildPhase;
			buildActionMask = 2147483647;
			files = (
			);
			inputPaths = (
			);
			name = "Embed Pods Frameworks";
			outputPaths = (
			);
			runOnlyForDeploymentPostprocessing = 0;
			shellPath = /bin/sh;
			shellScript = "\"${SRCROOT}/Pods/Target Support Files/Pods-UTCS/Pods-UTCS-frameworks.sh\"\n";
			showEnvVarsInLog = 0;
		};
		18DA0492A8DC42A7B0D5259D /* Check Pods Manifest.lock */ = {
			isa = PBXShellScriptBuildPhase;
			buildActionMask = 2147483647;
			files = (
			);
			inputPaths = (
			);
			name = "Check Pods Manifest.lock";
			outputPaths = (
			);
			runOnlyForDeploymentPostprocessing = 0;
			shellPath = /bin/sh;
			shellScript = "diff \"${PODS_ROOT}/../Podfile.lock\" \"${PODS_ROOT}/Manifest.lock\" > /dev/null\nif [[ $? != 0 ]] ; then\n    cat << EOM\nerror: The sandbox is not in sync with the Podfile.lock. Run 'pod install' or update your CocoaPods installation.\nEOM\n    exit 1\nfi\n";
			showEnvVarsInLog = 0;
		};
		AEECB517A3CA4691B8D46D25 /* Copy Pods Resources */ = {
			isa = PBXShellScriptBuildPhase;
			buildActionMask = 2147483647;
			files = (
			);
			inputPaths = (
			);
			name = "Copy Pods Resources";
			outputPaths = (
			);
			runOnlyForDeploymentPostprocessing = 0;
			shellPath = /bin/sh;
			shellScript = "\"${SRCROOT}/Pods/Target Support Files/Pods-UTCS/Pods-UTCS-resources.sh\"\n";
			showEnvVarsInLog = 0;
		};
/* End PBXShellScriptBuildPhase section */

/* Begin PBXSourcesBuildPhase section */
		0B9A262F1891D5E30032DA03 /* Sources */ = {
			isa = PBXSourcesBuildPhase;
			buildActionMask = 2147483647;
			files = (
				D4D8C1F41B5F28CC006E03CD /* DirectoryDataSourceParser.swift in Sources */,
				DD44659918E8254C00ED1153 /* UTCSEventsDetailViewController.m in Sources */,
				DD83B58E18F3631A00EBDE06 /* UTCSLabMachine.m in Sources */,
				D4F2B9CB1B5B024300D28C1D /* NewsTableViewCell.swift in Sources */,
				D463C86C1B338E1C00E6A767 /* ServiceErrorView.swift in Sources */,
				D40C697A1B7D3572005E3719 /* DiskQuotaDataSource.swift in Sources */,
				DD9475CA190B38FC0049FB8B /* UTCSLabViewLayoutAttributes.m in Sources */,
				D45FE5351B508F47000F2D59 /* EventsViewController.swift in Sources */,
				DDA94B6718C1D1BC00DDF949 /* UIColor+UTCSColors.m in Sources */,
				D482C1AB1B3CDE8E00645C23 /* NewsDetailViewController.swift in Sources */,
				DDA94B8018C1FD9F00DDF949 /* UIView+CZPositioning.m in Sources */,
				D43C8B0E1B79197C0049C4D6 /* EventsDataSource.swift in Sources */,
				D4C39C341B364A320009AA25 /* DirectoryDetailViewController.swift in Sources */,
				DD95E7621922955E0062F4E9 /* UTCSAuthenticationManager.m in Sources */,
				DDDC92DA18FA0E1300D39A74 /* UIImage+ImageEffects.m in Sources */,
				D4D5F5031B53076E005974A7 /* DirectoryViewController.swift in Sources */,
				D46439041B7C5CEA007BA5D0 /* DataSourceParser.swift in Sources */,
				D42D4DC81B704C9B00D4FD6D /* DataRequest.swift in Sources */,
				DDCA58E818BE4BE0001F543D /* UITextView+CZTextViewHeight.m in Sources */,
				D46C7C491B4DFD14009F1EA1 /* HeaderTableViewController.swift in Sources */,
				D4D5F5081B530B7A005974A7 /* SettingsViewController.swift in Sources */,
				DDE561E218DC0C0E00C46480 /* UTCSVerticalMenuViewController.m in Sources */,
				D43C8B0C1B7919680049C4D6 /* LabsDataSource.swift in Sources */,
				D46C7C4D1B4F4F2E009F1EA1 /* LabsViewController.swift in Sources */,
				D4BA71CC1B42177B007C09F6 /* UTCSSlideNavigationAnimator.m in Sources */,
				DD5CAF81190A325D0051F637 /* SettingsLegalViewController.swift in Sources */,
				D46C7C4B1B4F454F009F1EA1 /* NewsViewController.swift in Sources */,
				D4F2B9C71B5AFB6400D28C1D /* NewsDataSource.swift in Sources */,
				DD9475D2190C73CB0049FB8B /* UTCSSegmentedControlTableViewCell.m in Sources */,
				DD5B585418D239F900EEB474 /* UTCSEvent.m in Sources */,
				D40C697C1B7D363B005E3719 /* QuotaData.swift in Sources */,
				DD95E7501920964A0062F4E9 /* UTCSStarredEventsDataSource.m in Sources */,
				D4280C211B2E38D50090F8C6 /* AppDelegate.swift in Sources */,
				D43377FA1B4CBB1D00942581 /* TableViewController.swift in Sources */,
				DD9475BF190B1EDD0049FB8B /* UTCSLabViewLayout.m in Sources */,
				DD9475C7190B38AC0049FB8B /* UTCSLabView.m in Sources */,
				D4BA71CB1B42107A007C09F6 /* MenuViewController.swift in Sources */,
				D43116151B3BA9E800B91737 /* ParallaxBlurHeaderScrollView.swift in Sources */,
				DD8989A61903141C000F1041 /* UTCSDataSourceCacheMetaData.m in Sources */,
				D4BA71CE1B421819007C09F6 /* ContentViewController.swift in Sources */,
				DD5CAF7B190A2B7C0051F637 /* UTCSSwitchTableViewCell.m in Sources */,
				D4A89CF71B812AFA00B9D7A5 /* UIBarButton+UTCSButton.swift in Sources */,
				DD724E1118DF8AAA00AAE4F0 /* UIImage+CZScaling.m in Sources */,
				D43E864C1B37142700F6EA70 /* NavigationController.swift in Sources */,
				DD9475CD190B3B250049FB8B /* UTCSLabMachineView.m in Sources */,
				D4D5F50A1B530C7F005974A7 /* StarredEventsViewController.swift in Sources */,
				D46439061B7C627D007BA5D0 /* EventsDataSourceParser.swift in Sources */,
				DD5CAF78190A087E0051F637 /* UTCSSettingsDataSource.m in Sources */,
				D4D8C1F21B5F1179006E03CD /* DirectoryPerson.swift in Sources */,
				DD95E753192096880062F4E9 /* UTCSStarredEventsManager.m in Sources */,
				D43C8B0A1B79049F0049C4D6 /* DataSource.swift in Sources */,
				D44F348A1B57DEAA00D84D0B /* SettingsLicenseViewController.swift in Sources */,
				D4D8C1F61B5F2BD4006E03CD /* DirectoryDataSource.swift in Sources */,
				D4D8C1F01B5F10F5006E03CD /* Binnable.swift in Sources */,
				D4A89CFB1B81AD7700B9D7A5 /* SettingsDataSource.swift in Sources */,
				DD44659318E7EA6C00ED1153 /* UIImage+CZTinting.m in Sources */,
				DDA758951904D7C4007CD0DB /* UTCSDataSourceCache.m in Sources */,
				D46439081B7C63EC007BA5D0 /* NewsDataSourceParser.swift in Sources */,
				D43E864A1B36874800F6EA70 /* DiskQuotaDataSourceParser.swift in Sources */,
				D43E864E1B3758E900F6EA70 /* NavigationControllerDelegate.swift in Sources */,
				D4A89CF91B818B3600B9D7A5 /* NewsArticle.swift in Sources */,
				D464390A1B7C6451007BA5D0 /* LabsDataSourceParser.swift in Sources */,
				D4CDC84A1B30EFD500D6E4CE /* DiskQuotaViewController.swift in Sources */,
				D4280C171B2E0E780090F8C6 /* ActiveHeaderView.swift in Sources */,
				D4A89CFD1B82F76900B9D7A5 /* ServiceDataSource.swift in Sources */,
				DDA758B81905FDD0007CD0DB /* UTCSStateManager.m in Sources */,
				D44F34881B57DC9800D84D0B /* SettingsAboutViewController.swift in Sources */,
				D4280C1E1B2E29530090F8C6 /* BouncyTableViewCell.swift in Sources */,
				D4F2B9C51B5AED5500D28C1D /* UTCSLabMachineViewController.m in Sources */,
				DD95E74A191F4EE00062F4E9 /* NSAttributedString+Trim.m in Sources */,
				D44F34861B56807A00D84D0B /* Constants.swift in Sources */,
			);
			runOnlyForDeploymentPostprocessing = 0;
		};
		D43C8AFB1B7851F80049C4D6 /* Sources */ = {
			isa = PBXSourcesBuildPhase;
			buildActionMask = 2147483647;
			files = (
				D43C8B021B7851F90049C4D6 /* UTCSTests.swift in Sources */,
			);
			runOnlyForDeploymentPostprocessing = 0;
		};
/* End PBXSourcesBuildPhase section */

/* Begin PBXTargetDependency section */
		D43C8B051B7851F90049C4D6 /* PBXTargetDependency */ = {
			isa = PBXTargetDependency;
			target = 0B9A26321891D5E30032DA03 /* UTCS */;
			targetProxy = D43C8B041B7851F90049C4D6 /* PBXContainerItemProxy */;
		};
/* End PBXTargetDependency section */

/* Begin PBXVariantGroup section */
		0B9A263F1891D5E30032DA03 /* InfoPlist.strings */ = {
			isa = PBXVariantGroup;
			children = (
				0B9A26401891D5E30032DA03 /* en */,
			);
			name = InfoPlist.strings;
			sourceTree = "<group>";
		};
/* End PBXVariantGroup section */

/* Begin XCBuildConfiguration section */
		0B9A265D1891D5E30032DA03 /* Debug */ = {
			isa = XCBuildConfiguration;
			buildSettings = {
				ALWAYS_SEARCH_USER_PATHS = NO;
				CLANG_CXX_LANGUAGE_STANDARD = "gnu++0x";
				CLANG_CXX_LIBRARY = "libc++";
				CLANG_ENABLE_MODULES = YES;
				CLANG_ENABLE_OBJC_ARC = YES;
				CLANG_WARN_BOOL_CONVERSION = YES;
				CLANG_WARN_CONSTANT_CONVERSION = YES;
				CLANG_WARN_DIRECT_OBJC_ISA_USAGE = YES_ERROR;
				CLANG_WARN_EMPTY_BODY = YES;
				CLANG_WARN_ENUM_CONVERSION = YES;
				CLANG_WARN_INT_CONVERSION = YES;
				CLANG_WARN_OBJC_ROOT_CLASS = YES_ERROR;
				CLANG_WARN__DUPLICATE_METHOD_MATCH = YES;
				CODE_SIGN_IDENTITY = "iPhone Developer";
				"CODE_SIGN_IDENTITY[sdk=iphoneos*]" = "iPhone Developer";
				COPY_PHASE_STRIP = NO;
				ENABLE_TESTABILITY = YES;
				GCC_C_LANGUAGE_STANDARD = gnu99;
				GCC_DYNAMIC_NO_PIC = NO;
				GCC_OPTIMIZATION_LEVEL = 0;
				GCC_PREPROCESSOR_DEFINITIONS = (
					"DEBUG=1",
					"$(inherited)",
				);
				GCC_SYMBOLS_PRIVATE_EXTERN = NO;
				GCC_WARN_64_TO_32_BIT_CONVERSION = YES;
				GCC_WARN_ABOUT_RETURN_TYPE = YES_ERROR;
				GCC_WARN_UNDECLARED_SELECTOR = YES;
				GCC_WARN_UNINITIALIZED_AUTOS = YES;
				GCC_WARN_UNUSED_FUNCTION = YES;
				GCC_WARN_UNUSED_VARIABLE = YES;
				HEADER_SEARCH_PATHS = (
					"$(inherited)",
					/Applications/Xcode.app/Contents/Developer/Toolchains/XcodeDefault.xctoolchain/usr/include,
				);
				IPHONEOS_DEPLOYMENT_TARGET = 9.1;
				ONLY_ACTIVE_ARCH = YES;
				OTHER_LDFLAGS = "$(inherited)";
				SDKROOT = iphoneos;
				TARGETED_DEVICE_FAMILY = "1,2";
			};
			name = Debug;
		};
		0B9A265E1891D5E30032DA03 /* Release */ = {
			isa = XCBuildConfiguration;
			buildSettings = {
				ALWAYS_SEARCH_USER_PATHS = NO;
				CLANG_CXX_LANGUAGE_STANDARD = "gnu++0x";
				CLANG_CXX_LIBRARY = "libc++";
				CLANG_ENABLE_MODULES = YES;
				CLANG_ENABLE_OBJC_ARC = YES;
				CLANG_WARN_BOOL_CONVERSION = YES;
				CLANG_WARN_CONSTANT_CONVERSION = YES;
				CLANG_WARN_DIRECT_OBJC_ISA_USAGE = YES_ERROR;
				CLANG_WARN_EMPTY_BODY = YES;
				CLANG_WARN_ENUM_CONVERSION = YES;
				CLANG_WARN_INT_CONVERSION = YES;
				CLANG_WARN_OBJC_ROOT_CLASS = YES_ERROR;
				CLANG_WARN__DUPLICATE_METHOD_MATCH = YES;
				CODE_SIGN_IDENTITY = "iPhone Developer";
				"CODE_SIGN_IDENTITY[sdk=iphoneos*]" = "iPhone Developer";
				COPY_PHASE_STRIP = YES;
				ENABLE_NS_ASSERTIONS = NO;
				GCC_C_LANGUAGE_STANDARD = gnu99;
				GCC_WARN_64_TO_32_BIT_CONVERSION = YES;
				GCC_WARN_ABOUT_RETURN_TYPE = YES_ERROR;
				GCC_WARN_UNDECLARED_SELECTOR = YES;
				GCC_WARN_UNINITIALIZED_AUTOS = YES;
				GCC_WARN_UNUSED_FUNCTION = YES;
				GCC_WARN_UNUSED_VARIABLE = YES;
				HEADER_SEARCH_PATHS = (
					"$(inherited)",
					/Applications/Xcode.app/Contents/Developer/Toolchains/XcodeDefault.xctoolchain/usr/include,
				);
				IPHONEOS_DEPLOYMENT_TARGET = 9.1;
				OTHER_LDFLAGS = "$(inherited)";
				SDKROOT = iphoneos;
				TARGETED_DEVICE_FAMILY = "1,2";
				VALIDATE_PRODUCT = YES;
			};
			name = Release;
		};
		0B9A26601891D5E30032DA03 /* Debug */ = {
			isa = XCBuildConfiguration;
			baseConfigurationReference = 88EABA07A3811E48149CDA98 /* Pods-UTCS.debug.xcconfig */;
			buildSettings = {
				ALWAYS_SEARCH_USER_PATHS = YES;
				ASSETCATALOG_COMPILER_APPICON_NAME = AppIcon;
				ASSETCATALOG_COMPILER_LAUNCHIMAGE_NAME = LaunchImage;
				CLANG_ENABLE_MODULES = YES;
				CODE_SIGN_IDENTITY = "iPhone Developer";
				"CODE_SIGN_IDENTITY[sdk=iphoneos*]" = "iPhone Developer";
				FRAMEWORK_SEARCH_PATHS = (
					"$(inherited)",
					"$(PROJECT_DIR)",
				);
				GCC_PRECOMPILE_PREFIX_HEADER = YES;
				GCC_PREFIX_HEADER = "UTCS/UTCS-Prefix.pch";
				HEADER_SEARCH_PATHS = "$(inherited)";
				INFOPLIST_FILE = "UTCS/UTCS-Info.plist";
				IPHONEOS_DEPLOYMENT_TARGET = 9.0;
				LD_RUNPATH_SEARCH_PATHS = "$(inherited) @executable_path/Frameworks";
				LIBRARY_SEARCH_PATHS = (
					"$(inherited)",
					"$(PROJECT_DIR)",
				);
				OTHER_LDFLAGS = (
					"$(inherited)",
					"-lc++",
					"-mthumb",
				);
				PRODUCT_BUNDLE_IDENTIFIER = test.UTCS;
				PRODUCT_NAME = "$(TARGET_NAME)";
				PROVISIONING_PROFILE = "";
				SWIFT_INCLUDE_PATHS = "${PROJECT_DIR}/CommonCrypto/**";
				SWIFT_OBJC_BRIDGING_HEADER = "UTCS/Classes/UTCS-Bridging-Header.h";
				SWIFT_OPTIMIZATION_LEVEL = "-Onone";
				TARGETED_DEVICE_FAMILY = 1;
				USER_HEADER_SEARCH_PATHS = "";
				WRAPPER_EXTENSION = app;
			};
			name = Debug;
		};
		0B9A26611891D5E30032DA03 /* Release */ = {
			isa = XCBuildConfiguration;
			baseConfigurationReference = 97C0E9A6409F3D1BA5F08593 /* Pods-UTCS.release.xcconfig */;
			buildSettings = {
				ALWAYS_SEARCH_USER_PATHS = YES;
				ASSETCATALOG_COMPILER_APPICON_NAME = AppIcon;
				ASSETCATALOG_COMPILER_LAUNCHIMAGE_NAME = LaunchImage;
				CLANG_ENABLE_MODULES = YES;
				CODE_SIGN_IDENTITY = "iPhone Developer";
				"CODE_SIGN_IDENTITY[sdk=iphoneos*]" = "iPhone Developer";
				FRAMEWORK_SEARCH_PATHS = (
					"$(inherited)",
					"$(PROJECT_DIR)",
				);
				GCC_PRECOMPILE_PREFIX_HEADER = YES;
				GCC_PREFIX_HEADER = "UTCS/UTCS-Prefix.pch";
				HEADER_SEARCH_PATHS = "$(inherited)";
				INFOPLIST_FILE = "UTCS/UTCS-Info.plist";
				IPHONEOS_DEPLOYMENT_TARGET = 9.0;
				LD_RUNPATH_SEARCH_PATHS = "$(inherited) @executable_path/Frameworks";
				LIBRARY_SEARCH_PATHS = (
					"$(inherited)",
					"$(PROJECT_DIR)",
				);
				OTHER_LDFLAGS = (
					"$(inherited)",
					"-lc++",
					"-mthumb",
				);
				PRODUCT_BUNDLE_IDENTIFIER = test.UTCS;
				PRODUCT_NAME = "$(TARGET_NAME)";
				PROVISIONING_PROFILE = "";
				SWIFT_INCLUDE_PATHS = "${PROJECT_DIR}/CommonCrypto/**";
				SWIFT_OBJC_BRIDGING_HEADER = "UTCS/Classes/UTCS-Bridging-Header.h";
				TARGETED_DEVICE_FAMILY = 1;
				USER_HEADER_SEARCH_PATHS = "";
				WRAPPER_EXTENSION = app;
			};
			name = Release;
		};
		D43C8B071B7851F90049C4D6 /* Debug */ = {
			isa = XCBuildConfiguration;
			buildSettings = {
				BUNDLE_LOADER = "$(TEST_HOST)";
				CLANG_WARN_UNREACHABLE_CODE = YES;
				DEBUG_INFORMATION_FORMAT = dwarf;
				ENABLE_STRICT_OBJC_MSGSEND = YES;
				GCC_NO_COMMON_BLOCKS = YES;
				GCC_WARN_UNINITIALIZED_AUTOS = YES_AGGRESSIVE;
				INFOPLIST_FILE = UTCSTests/Info.plist;
				IPHONEOS_DEPLOYMENT_TARGET = 9.0;
				LD_RUNPATH_SEARCH_PATHS = "$(inherited) @executable_path/Frameworks @loader_path/Frameworks";
				MTL_ENABLE_DEBUG_INFO = YES;
				PRODUCT_BUNDLE_IDENTIFIER = mad.UTCSTests;
				PRODUCT_NAME = "$(TARGET_NAME)";
				SWIFT_OPTIMIZATION_LEVEL = "-Onone";
				TEST_HOST = "$(BUILT_PRODUCTS_DIR)/UTCS.app/UTCS";
			};
			name = Debug;
		};
		D43C8B081B7851F90049C4D6 /* Release */ = {
			isa = XCBuildConfiguration;
			buildSettings = {
				BUNDLE_LOADER = "$(TEST_HOST)";
				CLANG_WARN_UNREACHABLE_CODE = YES;
				COPY_PHASE_STRIP = NO;
				DEBUG_INFORMATION_FORMAT = "dwarf-with-dsym";
				ENABLE_STRICT_OBJC_MSGSEND = YES;
				GCC_NO_COMMON_BLOCKS = YES;
				GCC_WARN_UNINITIALIZED_AUTOS = YES_AGGRESSIVE;
				INFOPLIST_FILE = UTCSTests/Info.plist;
				IPHONEOS_DEPLOYMENT_TARGET = 9.0;
				LD_RUNPATH_SEARCH_PATHS = "$(inherited) @executable_path/Frameworks @loader_path/Frameworks";
				MTL_ENABLE_DEBUG_INFO = NO;
				PRODUCT_BUNDLE_IDENTIFIER = mad.UTCSTests;
				PRODUCT_NAME = "$(TARGET_NAME)";
				TEST_HOST = "$(BUILT_PRODUCTS_DIR)/UTCS.app/UTCS";
			};
			name = Release;
		};
/* End XCBuildConfiguration section */

/* Begin XCConfigurationList section */
		0B9A262E1891D5E30032DA03 /* Build configuration list for PBXProject "UTCS" */ = {
			isa = XCConfigurationList;
			buildConfigurations = (
				0B9A265D1891D5E30032DA03 /* Debug */,
				0B9A265E1891D5E30032DA03 /* Release */,
			);
			defaultConfigurationIsVisible = 0;
			defaultConfigurationName = Release;
		};
		0B9A265F1891D5E30032DA03 /* Build configuration list for PBXNativeTarget "UTCS" */ = {
			isa = XCConfigurationList;
			buildConfigurations = (
				0B9A26601891D5E30032DA03 /* Debug */,
				0B9A26611891D5E30032DA03 /* Release */,
			);
			defaultConfigurationIsVisible = 0;
			defaultConfigurationName = Release;
		};
		D43C8B061B7851F90049C4D6 /* Build configuration list for PBXNativeTarget "UTCSTests" */ = {
			isa = XCConfigurationList;
			buildConfigurations = (
				D43C8B071B7851F90049C4D6 /* Debug */,
				D43C8B081B7851F90049C4D6 /* Release */,
			);
			defaultConfigurationIsVisible = 0;
			defaultConfigurationName = Release;
		};
/* End XCConfigurationList section */
	};
	rootObject = 0B9A262B1891D5E30032DA03 /* Project object */;
}
